<?xml version="1.0" encoding="utf-8"?>
<Project ToolsVersion="4.0" xmlns="http://schemas.microsoft.com/developer/msbuild/2003">
  <ItemGroup>
    <Filter Include="inc">
      <UniqueIdentifier>{89AAFBA8-714E-6E46-BB81-8BC66E12C7E7}</UniqueIdentifier>
    </Filter>
    <Filter Include="inc\behaviac">
      <UniqueIdentifier>{0090770F-C4FD-234A-825B-AB1B245E73AA}</UniqueIdentifier>
    </Filter>
    <Filter Include="inc\behaviac\agent">
      <UniqueIdentifier>{FF1F286E-B335-5D42-8EF2-45DF1C58B21F}</UniqueIdentifier>
    </Filter>
    <Filter Include="inc\behaviac\behaviortree">
      <UniqueIdentifier>{A1C016AB-3BEC-C74D-91B6-D82D8E068B7E}</UniqueIdentifier>
    </Filter>
    <Filter Include="inc\behaviac\behaviortree\attachments">
      <UniqueIdentifier>{09584C42-27C2-0744-AAE4-2AFE9FF98371}</UniqueIdentifier>
    </Filter>
    <Filter Include="inc\behaviac\behaviortree\nodes">
      <UniqueIdentifier>{0818A36E-F215-504C-9EF6-7D9996C2A4B4}</UniqueIdentifier>
    </Filter>
    <Filter Include="inc\behaviac\behaviortree\nodes\actions">
      <UniqueIdentifier>{55F857E6-9355-4B42-B01A-9E5C48C84A01}</UniqueIdentifier>
    </Filter>
    <Filter Include="inc\behaviac\behaviortree\nodes\composites">
      <UniqueIdentifier>{4A47A678-B14A-D948-89E5-EF512C2E06FE}</UniqueIdentifier>
    </Filter>
    <Filter Include="inc\behaviac\behaviortree\nodes\conditions">
      <UniqueIdentifier>{41A3FEC8-BD1E-444D-9F17-9DEAD9CAC1DC}</UniqueIdentifier>
    </Filter>
    <Filter Include="inc\behaviac\behaviortree\nodes\decorators">
      <UniqueIdentifier>{D632192B-0D8D-4D4D-BE22-8CFC2BA49545}</UniqueIdentifier>
    </Filter>
    <Filter Include="inc\behaviac\common">
      <UniqueIdentifier>{1AF9DB27-D5B0-A84B-9FC7-5C2057B2F5DF}</UniqueIdentifier>
    </Filter>
    <Filter Include="inc\behaviac\common\container">
      <UniqueIdentifier>{767F9E4C-F07F-1E45-A3C1-E3C96DE7AF9C}</UniqueIdentifier>
    </Filter>
    <Filter Include="inc\behaviac\common\file">
      <UniqueIdentifier>{44AA3116-93C2-B64F-A9E3-2CAA9EA621DE}</UniqueIdentifier>
    </Filter>
    <Filter Include="inc\behaviac\common\logger">
      <UniqueIdentifier>{A59005BE-3AAD-5448-BEA0-CEA603ED4E3F}</UniqueIdentifier>
    </Filter>
    <Filter Include="inc\behaviac\common\memory">
      <UniqueIdentifier>{EFC56653-36CF-D64C-88D2-87B7C7EC72A9}</UniqueIdentifier>
    </Filter>
    <Filter Include="inc\behaviac\common\meta">
      <UniqueIdentifier>{806C36CE-5EA5-914E-B7DB-CE00346CCD1C}</UniqueIdentifier>
    </Filter>
    <Filter Include="inc\behaviac\common\object">
      <UniqueIdentifier>{BE02204E-E495-CB4B-9350-06D6D48F11CB}</UniqueIdentifier>
    </Filter>
    <Filter Include="inc\behaviac\common\profiler">
      <UniqueIdentifier>{A4BA2D4F-D653-3D46-8482-D9915E1F0366}</UniqueIdentifier>
    </Filter>
    <Filter Include="inc\behaviac\common\randomgenerator">
      <UniqueIdentifier>{6B8C0A86-2476-864F-8822-1FB9322CBD0F}</UniqueIdentifier>
    </Filter>
    <Filter Include="inc\behaviac\common\serialization">
      <UniqueIdentifier>{BD457D4E-ECD7-624F-8015-DE2297831AE1}</UniqueIdentifier>
    </Filter>
    <Filter Include="inc\behaviac\common\socket">
      <UniqueIdentifier>{51EF74CC-4E83-254C-AC7A-BFEB5260A7EF}</UniqueIdentifier>
    </Filter>
    <Filter Include="inc\behaviac\common\string">
      <UniqueIdentifier>{815EC39C-B55B-7342-BB49-48807AF482B1}</UniqueIdentifier>
    </Filter>
    <Filter Include="inc\behaviac\common\thread">
      <UniqueIdentifier>{4DD9E18B-AEA0-F049-A162-313236815360}</UniqueIdentifier>
    </Filter>
    <Filter Include="inc\behaviac\common\xml">
      <UniqueIdentifier>{AC5F8B60-340B-EE48-8E87-358590B05B20}</UniqueIdentifier>
    </Filter>
    <Filter Include="inc\behaviac\fsm">
      <UniqueIdentifier>{7F86A1A2-E244-2B41-B4F8-EAA4C100E5CC}</UniqueIdentifier>
    </Filter>
    <Filter Include="inc\behaviac\htn">
      <UniqueIdentifier>{713280DE-C320-AB4C-9DB0-71D49B9480FC}</UniqueIdentifier>
    </Filter>
    <Filter Include="inc\behaviac\network">
      <UniqueIdentifier>{067BBB37-D933-9A4A-9B53-7FC5D3538224}</UniqueIdentifier>
    </Filter>
    <Filter Include="inc\behaviac\property">
      <UniqueIdentifier>{070934C3-48D8-D042-B75C-3EC40A84DB97}</UniqueIdentifier>
    </Filter>
    <Filter Include="inc\behaviac\common\rapidxml">
      <UniqueIdentifier>{5D0B3CB4-CEF3-F74B-BE17-6ADF1436FF5C}</UniqueIdentifier>
    </Filter>
    <Filter Include="src">
      <UniqueIdentifier>{18287FD2-C298-E54A-8C09-468AC696DC75}</UniqueIdentifier>
    </Filter>
    <Filter Include="src\agent">
      <UniqueIdentifier>{6D2D55E5-D655-7444-99D2-C825562E4936}</UniqueIdentifier>
    </Filter>
    <Filter Include="src\behaviortree">
      <UniqueIdentifier>{4459EF6F-D1D9-BC42-86A1-05D4F19C7D7C}</UniqueIdentifier>
    </Filter>
    <Filter Include="src\behaviortree\attachments">
      <UniqueIdentifier>{29A0F7E4-083F-5C4D-AE86-3C5241CD402A}</UniqueIdentifier>
    </Filter>
    <Filter Include="src\behaviortree\nodes">
      <UniqueIdentifier>{38545E81-5A20-3041-AA27-DE5399FA1161}</UniqueIdentifier>
    </Filter>
    <Filter Include="src\behaviortree\nodes\actions">
      <UniqueIdentifier>{F6468AF7-E250-874A-A11D-9BBDA9CDE2B7}</UniqueIdentifier>
    </Filter>
    <Filter Include="src\behaviortree\nodes\composites">
      <UniqueIdentifier>{F2A10465-478E-A643-A710-08752157AA1E}</UniqueIdentifier>
    </Filter>
    <Filter Include="src\behaviortree\nodes\conditions">
      <UniqueIdentifier>{476667AE-54E0-3D4B-9862-87FADE92F1E6}</UniqueIdentifier>
    </Filter>
    <Filter Include="src\behaviortree\nodes\decorators">
      <UniqueIdentifier>{27FEFB99-93B2-8741-9D43-BC1AA3FF3CCE}</UniqueIdentifier>
    </Filter>
    <Filter Include="src\common">
      <UniqueIdentifier>{3E631829-DC40-E445-BAF2-9DA7B5602132}</UniqueIdentifier>
    </Filter>
    <Filter Include="src\common\file">
      <UniqueIdentifier>{B1FF5646-74CD-C64D-AAB2-D3D9FF80822E}</UniqueIdentifier>
    </Filter>
    <Filter Include="src\common\logger">
      <UniqueIdentifier>{F6C6D0CC-FE20-8E45-9B70-85892327AB7A}</UniqueIdentifier>
    </Filter>
    <Filter Include="src\common\memory">
      <UniqueIdentifier>{0CCDFB1F-6EEF-D84E-AB42-CAD863576A24}</UniqueIdentifier>
    </Filter>
    <Filter Include="src\common\object">
      <UniqueIdentifier>{6F33F15B-32E2-7A47-9275-8E962F6EC1F5}</UniqueIdentifier>
    </Filter>
    <Filter Include="src\common\profiler">
      <UniqueIdentifier>{12285E8F-D2A4-3D45-8F7C-F4FDC0C0501B}</UniqueIdentifier>
    </Filter>
    <Filter Include="src\common\randomgenerator">
      <UniqueIdentifier>{CBF73641-E218-9242-8E48-74CC23078472}</UniqueIdentifier>
    </Filter>
    <Filter Include="src\common\serialization">
      <UniqueIdentifier>{1C17C5CE-4941-694E-910F-BDF1E722BE8F}</UniqueIdentifier>
    </Filter>
    <Filter Include="src\common\socket">
      <UniqueIdentifier>{A12C331B-5984-4C43-ACBB-F3682177960D}</UniqueIdentifier>
    </Filter>
    <Filter Include="src\common\string">
      <UniqueIdentifier>{5A9D9468-2408-3746-80B3-C368D0CD7C11}</UniqueIdentifier>
    </Filter>
    <Filter Include="src\common\thread">
      <UniqueIdentifier>{B787012C-180D-E14B-9321-F29142A327AF}</UniqueIdentifier>
    </Filter>
    <Filter Include="src\common\xml">
      <UniqueIdentifier>{3E100573-5785-AD4D-91E4-B3E24CD54231}</UniqueIdentifier>
    </Filter>
    <Filter Include="src\fsm">
      <UniqueIdentifier>{AA6155E1-CF01-EE42-8C07-35A10398E930}</UniqueIdentifier>
    </Filter>
    <Filter Include="src\htn">
      <UniqueIdentifier>{64225CD5-F7A8-874B-B5CA-187379DFEA86}</UniqueIdentifier>
    </Filter>
    <Filter Include="src\network">
      <UniqueIdentifier>{FEE557D7-2E14-484A-BCC9-D42B9EC1B6C8}</UniqueIdentifier>
    </Filter>
    <Filter Include="src\property">
      <UniqueIdentifier>{1F08FD99-764D-6644-A1C3-6570ADB1B19E}</UniqueIdentifier>
    </Filter>
  </ItemGroup>
  <ItemGroup>
    <None Include="..\..\inc\behaviac\agent\agent.inl">
      <Filter>inc\behaviac\agent</Filter>
    </None>
    <None Include="..\..\inc\behaviac\agent\context.inl">
      <Filter>inc\behaviac\agent</Filter>
    </None>
    <None Include="..\..\inc\behaviac\property\operators.inl">
      <Filter>inc\behaviac\property</Filter>
    </None>
  </ItemGroup>
  <ItemGroup>
    <ClInclude Include="..\..\inc\behaviac\behaviac.h">
      <Filter>inc\behaviac</Filter>
    </ClInclude>
    <ClInclude Include="..\..\inc\behaviac\agent\agent.h">
      <Filter>inc\behaviac\agent</Filter>
    </ClInclude>
    <ClInclude Include="..\..\inc\behaviac\agent\agentstate.h">
      <Filter>inc\behaviac\agent</Filter>
    </ClInclude>
    <ClInclude Include="..\..\inc\behaviac\agent\context.h">
      <Filter>inc\behaviac\agent</Filter>
    </ClInclude>
    <ClInclude Include="..\..\inc\behaviac\agent\registermacros.h">
      <Filter>inc\behaviac\agent</Filter>
    </ClInclude>
    <ClInclude Include="..\..\inc\behaviac\agent\state.h">
      <Filter>inc\behaviac\agent</Filter>
    </ClInclude>
    <ClInclude Include="..\..\inc\behaviac\behaviortree\behaviortree.h">
      <Filter>inc\behaviac\behaviortree</Filter>
    </ClInclude>
    <ClInclude Include="..\..\inc\behaviac\behaviortree\behaviortree_task.h">
      <Filter>inc\behaviac\behaviortree</Filter>
    </ClInclude>
    <ClInclude Include="..\..\inc\behaviac\behaviortree\generator.h">
      <Filter>inc\behaviac\behaviortree</Filter>
    </ClInclude>
    <ClInclude Include="..\..\inc\behaviac\behaviortree\propertymember.h">
      <Filter>inc\behaviac\behaviortree</Filter>
    </ClInclude>
    <ClInclude Include="..\..\inc\behaviac\behaviortree\attachments\attachaction.h">
      <Filter>inc\behaviac\behaviortree\attachments</Filter>
    </ClInclude>
    <ClInclude Include="..\..\inc\behaviac\behaviortree\attachments\effector.h">
      <Filter>inc\behaviac\behaviortree\attachments</Filter>
    </ClInclude>
    <ClInclude Include="..\..\inc\behaviac\behaviortree\attachments\event.h">
      <Filter>inc\behaviac\behaviortree\attachments</Filter>
    </ClInclude>
    <ClInclude Include="..\..\inc\behaviac\behaviortree\attachments\precondition.h">
      <Filter>inc\behaviac\behaviortree\attachments</Filter>
    </ClInclude>
    <ClInclude Include="..\..\inc\behaviac\behaviortree\nodes\actions\action.h">
      <Filter>inc\behaviac\behaviortree\nodes\actions</Filter>
    </ClInclude>
    <ClInclude Include="..\..\inc\behaviac\behaviortree\nodes\actions\assignment.h">
      <Filter>inc\behaviac\behaviortree\nodes\actions</Filter>
    </ClInclude>
    <ClInclude Include="..\..\inc\behaviac\behaviortree\nodes\actions\compute.h">
      <Filter>inc\behaviac\behaviortree\nodes\actions</Filter>
    </ClInclude>
    <ClInclude Include="..\..\inc\behaviac\behaviortree\nodes\actions\noop.h">
      <Filter>inc\behaviac\behaviortree\nodes\actions</Filter>
    </ClInclude>
    <ClInclude Include="..\..\inc\behaviac\behaviortree\nodes\actions\wait.h">
      <Filter>inc\behaviac\behaviortree\nodes\actions</Filter>
    </ClInclude>
    <ClInclude Include="..\..\inc\behaviac\behaviortree\nodes\actions\waitforsignal.h">
      <Filter>inc\behaviac\behaviortree\nodes\actions</Filter>
    </ClInclude>
    <ClInclude Include="..\..\inc\behaviac\behaviortree\nodes\actions\waitframes.h">
      <Filter>inc\behaviac\behaviortree\nodes\actions</Filter>
    </ClInclude>
    <ClInclude Include="..\..\inc\behaviac\behaviortree\nodes\composites\compositestochastic.h">
      <Filter>inc\behaviac\behaviortree\nodes\composites</Filter>
    </ClInclude>
    <ClInclude Include="..\..\inc\behaviac\behaviortree\nodes\composites\ifelse.h">
      <Filter>inc\behaviac\behaviortree\nodes\composites</Filter>
    </ClInclude>
    <ClInclude Include="..\..\inc\behaviac\behaviortree\nodes\composites\parallel.h">
      <Filter>inc\behaviac\behaviortree\nodes\composites</Filter>
    </ClInclude>
    <ClInclude Include="..\..\inc\behaviac\behaviortree\nodes\composites\referencebehavior.h">
      <Filter>inc\behaviac\behaviortree\nodes\composites</Filter>
    </ClInclude>
    <ClInclude Include="..\..\inc\behaviac\behaviortree\nodes\composites\selector.h">
      <Filter>inc\behaviac\behaviortree\nodes\composites</Filter>
    </ClInclude>
    <ClInclude Include="..\..\inc\behaviac\behaviortree\nodes\composites\selectorloop.h">
      <Filter>inc\behaviac\behaviortree\nodes\composites</Filter>
    </ClInclude>
    <ClInclude Include="..\..\inc\behaviac\behaviortree\nodes\composites\selectorprobability.h">
      <Filter>inc\behaviac\behaviortree\nodes\composites</Filter>
    </ClInclude>
    <ClInclude Include="..\..\inc\behaviac\behaviortree\nodes\composites\selectorstochastic.h">
      <Filter>inc\behaviac\behaviortree\nodes\composites</Filter>
    </ClInclude>
    <ClInclude Include="..\..\inc\behaviac\behaviortree\nodes\composites\sequence.h">
      <Filter>inc\behaviac\behaviortree\nodes\composites</Filter>
    </ClInclude>
    <ClInclude Include="..\..\inc\behaviac\behaviortree\nodes\composites\sequencestochastic.h">
      <Filter>inc\behaviac\behaviortree\nodes\composites</Filter>
    </ClInclude>
    <ClInclude Include="..\..\inc\behaviac\behaviortree\nodes\composites\withprecondition.h">
      <Filter>inc\behaviac\behaviortree\nodes\composites</Filter>
    </ClInclude>
    <ClInclude Include="..\..\inc\behaviac\behaviortree\nodes\conditions\and.h">
      <Filter>inc\behaviac\behaviortree\nodes\conditions</Filter>
    </ClInclude>
    <ClInclude Include="..\..\inc\behaviac\behaviortree\nodes\conditions\condition.h">
      <Filter>inc\behaviac\behaviortree\nodes\conditions</Filter>
    </ClInclude>
    <ClInclude Include="..\..\inc\behaviac\behaviortree\nodes\conditions\conditionbase.h">
      <Filter>inc\behaviac\behaviortree\nodes\conditions</Filter>
    </ClInclude>
    <ClInclude Include="..\..\inc\behaviac\behaviortree\nodes\conditions\false.h">
      <Filter>inc\behaviac\behaviortree\nodes\conditions</Filter>
    </ClInclude>
    <ClInclude Include="..\..\inc\behaviac\behaviortree\nodes\conditions\or.h">
      <Filter>inc\behaviac\behaviortree\nodes\conditions</Filter>
    </ClInclude>
    <ClInclude Include="..\..\inc\behaviac\behaviortree\nodes\conditions\true.h">
      <Filter>inc\behaviac\behaviortree\nodes\conditions</Filter>
    </ClInclude>
    <ClInclude Include="..\..\inc\behaviac\behaviortree\nodes\decorators\decoratoralwaysfailure.h">
      <Filter>inc\behaviac\behaviortree\nodes\decorators</Filter>
    </ClInclude>
    <ClInclude Include="..\..\inc\behaviac\behaviortree\nodes\decorators\decoratoralwaysrunning.h">
      <Filter>inc\behaviac\behaviortree\nodes\decorators</Filter>
    </ClInclude>
    <ClInclude Include="..\..\inc\behaviac\behaviortree\nodes\decorators\decoratoralwayssuccess.h">
      <Filter>inc\behaviac\behaviortree\nodes\decorators</Filter>
    </ClInclude>
    <ClInclude Include="..\..\inc\behaviac\behaviortree\nodes\decorators\decoratorcount.h">
      <Filter>inc\behaviac\behaviortree\nodes\decorators</Filter>
    </ClInclude>
    <ClInclude Include="..\..\inc\behaviac\behaviortree\nodes\decorators\decoratorcountlimit.h">
      <Filter>inc\behaviac\behaviortree\nodes\decorators</Filter>
    </ClInclude>
    <ClInclude Include="..\..\inc\behaviac\behaviortree\nodes\decorators\decoratorfailureuntil.h">
      <Filter>inc\behaviac\behaviortree\nodes\decorators</Filter>
    </ClInclude>
    <ClInclude Include="..\..\inc\behaviac\behaviortree\nodes\decorators\decoratorframes.h">
      <Filter>inc\behaviac\behaviortree\nodes\decorators</Filter>
    </ClInclude>
    <ClInclude Include="..\..\inc\behaviac\behaviortree\nodes\decorators\decoratoriterator.h">
      <Filter>inc\behaviac\behaviortree\nodes\decorators</Filter>
    </ClInclude>
    <ClInclude Include="..\..\inc\behaviac\behaviortree\nodes\decorators\decoratorlog.h">
      <Filter>inc\behaviac\behaviortree\nodes\decorators</Filter>
    </ClInclude>
    <ClInclude Include="..\..\inc\behaviac\behaviortree\nodes\decorators\decoratorloop.h">
      <Filter>inc\behaviac\behaviortree\nodes\decorators</Filter>
    </ClInclude>
    <ClInclude Include="..\..\inc\behaviac\behaviortree\nodes\decorators\decoratorloopuntil.h">
      <Filter>inc\behaviac\behaviortree\nodes\decorators</Filter>
    </ClInclude>
    <ClInclude Include="..\..\inc\behaviac\behaviortree\nodes\decorators\decoratornot.h">
      <Filter>inc\behaviac\behaviortree\nodes\decorators</Filter>
    </ClInclude>
    <ClInclude Include="..\..\inc\behaviac\behaviortree\nodes\decorators\decoratorrepeat.h">
      <Filter>inc\behaviac\behaviortree\nodes\decorators</Filter>
    </ClInclude>
    <ClInclude Include="..\..\inc\behaviac\behaviortree\nodes\decorators\decoratorsuccessuntil.h">
      <Filter>inc\behaviac\behaviortree\nodes\decorators</Filter>
    </ClInclude>
    <ClInclude Include="..\..\inc\behaviac\behaviortree\nodes\decorators\decoratortime.h">
      <Filter>inc\behaviac\behaviortree\nodes\decorators</Filter>
    </ClInclude>
    <ClInclude Include="..\..\inc\behaviac\behaviortree\nodes\decorators\decoratorweight.h">
      <Filter>inc\behaviac\behaviortree\nodes\decorators</Filter>
    </ClInclude>
    <ClInclude Include="..\..\inc\behaviac\common\assert.h">
      <Filter>inc\behaviac\common</Filter>
    </ClInclude>
    <ClInclude Include="..\..\inc\behaviac\common\base.h">
      <Filter>inc\behaviac\common</Filter>
    </ClInclude>
    <ClInclude Include="..\..\inc\behaviac\common\basictypes.h">
      <Filter>inc\behaviac\common</Filter>
    </ClInclude>
    <ClInclude Include="..\..\inc\behaviac\common\config.h">
      <Filter>inc\behaviac\common</Filter>
    </ClInclude>
    <ClInclude Include="..\..\inc\behaviac\common\convertutf.h">
      <Filter>inc\behaviac\common</Filter>
    </ClInclude>
    <ClInclude Include="..\..\inc\behaviac\common\crc.h">
      <Filter>inc\behaviac\common</Filter>
    </ClInclude>
    <ClInclude Include="..\..\inc\behaviac\common\defines.h">
      <Filter>inc\behaviac\common</Filter>
    </ClInclude>
    <ClInclude Include="..\..\inc\behaviac\common\factory.h">
      <Filter>inc\behaviac\common</Filter>
    </ClInclude>
    <ClInclude Include="..\..\inc\behaviac\common\member.h">
      <Filter>inc\behaviac\common</Filter>
    </ClInclude>
    <ClInclude Include="..\..\inc\behaviac\common\meta.h">
      <Filter>inc\behaviac\common</Filter>
    </ClInclude>
    <ClInclude Include="..\..\inc\behaviac\common\msc_stdint.h">
      <Filter>inc\behaviac\common</Filter>
    </ClInclude>
    <ClInclude Include="..\..\inc\behaviac\common\operation.h">
      <Filter>inc\behaviac\common</Filter>
    </ClInclude>
    <ClInclude Include="..\..\inc\behaviac\common\rttibase.h">
      <Filter>inc\behaviac\common</Filter>
    </ClInclude>
    <ClInclude Include="..\..\inc\behaviac\common\smartptr.h">
      <Filter>inc\behaviac\common</Filter>
    </ClInclude>
    <ClInclude Include="..\..\inc\behaviac\common\staticassert.h">
      <Filter>inc\behaviac\common</Filter>
    </ClInclude>
    <ClInclude Include="..\..\inc\behaviac\common\swapbyte.h">
      <Filter>inc\behaviac\common</Filter>
    </ClInclude>
    <ClInclude Include="..\..\inc\behaviac\common\workspace.h">
      <Filter>inc\behaviac\common</Filter>
    </ClInclude>
    <ClInclude Include="..\..\inc\behaviac\common\_config.h">
      <Filter>inc\behaviac\common</Filter>
    </ClInclude>
    <ClInclude Include="..\..\inc\behaviac\common\container\fixed_buffer.h">
      <Filter>inc\behaviac\common\container</Filter>
    </ClInclude>
    <ClInclude Include="..\..\inc\behaviac\common\container\fixed_hash.h">
      <Filter>inc\behaviac\common\container</Filter>
    </ClInclude>
    <ClInclude Include="..\..\inc\behaviac\common\container\hash_exmemory.h">
      <Filter>inc\behaviac\common\container</Filter>
    </ClInclude>
    <ClInclude Include="..\..\inc\behaviac\common\container\list.h">
      <Filter>inc\behaviac\common\container</Filter>
    </ClInclude>
    <ClInclude Include="..\..\inc\behaviac\common\container\map.h">
      <Filter>inc\behaviac\common\container</Filter>
    </ClInclude>
    <ClInclude Include="..\..\inc\behaviac\common\container\set.h">
      <Filter>inc\behaviac\common\container</Filter>
    </ClInclude>
    <ClInclude Include="..\..\inc\behaviac\common\container\spscqueue.h">
      <Filter>inc\behaviac\common\container</Filter>
    </ClInclude>
    <ClInclude Include="..\..\inc\behaviac\common\container\string.h">
      <Filter>inc\behaviac\common\container</Filter>
    </ClInclude>
    <ClInclude Include="..\..\inc\behaviac\common\container\vector.h">
      <Filter>inc\behaviac\common\container</Filter>
    </ClInclude>
    <ClInclude Include="..\..\inc\behaviac\common\file\file.h">
      <Filter>inc\behaviac\common\file</Filter>
    </ClInclude>
    <ClInclude Include="..\..\inc\behaviac\common\file\filemanager.h">
      <Filter>inc\behaviac\common\file</Filter>
    </ClInclude>
    <ClInclude Include="..\..\inc\behaviac\common\file\filesystem.h">
      <Filter>inc\behaviac\common\file</Filter>
    </ClInclude>
    <ClInclude Include="..\..\inc\behaviac\common\logger\logger.h">
      <Filter>inc\behaviac\common\logger</Filter>
    </ClInclude>
    <ClInclude Include="..\..\inc\behaviac\common\logger\logmanager.h">
      <Filter>inc\behaviac\common\logger</Filter>
    </ClInclude>
    <ClInclude Include="..\..\inc\behaviac\common\memory\memory.h">
      <Filter>inc\behaviac\common\memory</Filter>
    </ClInclude>
    <ClInclude Include="..\..\inc\behaviac\common\memory\objectpool.h">
      <Filter>inc\behaviac\common\memory</Filter>
    </ClInclude>
    <ClInclude Include="..\..\inc\behaviac\common\memory\stl_allocator.h">
      <Filter>inc\behaviac\common\memory</Filter>
    </ClInclude>
    <ClInclude Include="..\..\inc\behaviac\common\meta\hasfunction.h">
      <Filter>inc\behaviac\common\meta</Filter>
    </ClInclude>
    <ClInclude Include="..\..\inc\behaviac\common\meta\ifthenelse.h">
      <Filter>inc\behaviac\common\meta</Filter>
    </ClInclude>
    <ClInclude Include="..\..\inc\behaviac\common\meta\isenum.h">
      <Filter>inc\behaviac\common\meta</Filter>
    </ClInclude>
    <ClInclude Include="..\..\inc\behaviac\common\meta\isfunction.h">
      <Filter>inc\behaviac\common\meta</Filter>
    </ClInclude>
    <ClInclude Include="..\..\inc\behaviac\common\meta\isfundamental.h">
      <Filter>inc\behaviac\common\meta</Filter>
    </ClInclude>
    <ClInclude Include="..\..\inc\behaviac\common\meta\ismap.h">
      <Filter>inc\behaviac\common\meta</Filter>
    </ClInclude>
    <ClInclude Include="..\..\inc\behaviac\common\meta\isstruct.h">
      <Filter>inc\behaviac\common\meta</Filter>
    </ClInclude>
    <ClInclude Include="..\..\inc\behaviac\common\meta\isvector.h">
      <Filter>inc\behaviac\common\meta</Filter>
    </ClInclude>
    <ClInclude Include="..\..\inc\behaviac\common\meta\meta.h">
      <Filter>inc\behaviac\common\meta</Filter>
    </ClInclude>
    <ClInclude Include="..\..\inc\behaviac\common\meta\metabase.h">
      <Filter>inc\behaviac\common\meta</Filter>
    </ClInclude>
    <ClInclude Include="..\..\inc\behaviac\common\meta\metatypes.h">
      <Filter>inc\behaviac\common\meta</Filter>
    </ClInclude>
    <ClInclude Include="..\..\inc\behaviac\common\meta\pointertype.h">
      <Filter>inc\behaviac\common\meta</Filter>
    </ClInclude>
    <ClInclude Include="..\..\inc\behaviac\common\meta\reftype.h">
      <Filter>inc\behaviac\common\meta</Filter>
    </ClInclude>
    <ClInclude Include="..\..\inc\behaviac\common\meta\removeall.h">
      <Filter>inc\behaviac\common\meta</Filter>
    </ClInclude>
    <ClInclude Include="..\..\inc\behaviac\common\meta\removeconst.h">
      <Filter>inc\behaviac\common\meta</Filter>
    </ClInclude>
    <ClInclude Include="..\..\inc\behaviac\common\meta\removeptr.h">
      <Filter>inc\behaviac\common\meta</Filter>
    </ClInclude>
    <ClInclude Include="..\..\inc\behaviac\common\meta\removeref.h">
      <Filter>inc\behaviac\common\meta</Filter>
    </ClInclude>
    <ClInclude Include="..\..\inc\behaviac\common\object\member.h">
      <Filter>inc\behaviac\common\object</Filter>
    </ClInclude>
    <ClInclude Include="..\..\inc\behaviac\common\object\tagobject.h">
      <Filter>inc\behaviac\common\object</Filter>
    </ClInclude>
    <ClInclude Include="..\..\inc\behaviac\common\profiler\profiler.h">
      <Filter>inc\behaviac\common\profiler</Filter>
    </ClInclude>
    <ClInclude Include="..\..\inc\behaviac\common\randomgenerator\randomgenerator.h">
      <Filter>inc\behaviac\common\randomgenerator</Filter>
    </ClInclude>
    <ClInclude Include="..\..\inc\behaviac\common\serialization\ionode.h">
      <Filter>inc\behaviac\common\serialization</Filter>
    </ClInclude>
    <ClInclude Include="..\..\inc\behaviac\common\serialization\textnode.h">
      <Filter>inc\behaviac\common\serialization</Filter>
    </ClInclude>
    <ClInclude Include="..\..\inc\behaviac\common\socket\socketconnect.h">
      <Filter>inc\behaviac\common\socket</Filter>
    </ClInclude>
    <ClInclude Include="..\..\inc\behaviac\common\socket\socketconnect_base.h">
      <Filter>inc\behaviac\common\socket</Filter>
    </ClInclude>
    <ClInclude Include="..\..\inc\behaviac\common\string\fromstring.h">
      <Filter>inc\behaviac\common\string</Filter>
    </ClInclude>
    <ClInclude Include="..\..\inc\behaviac\common\string\stringcrc.h">
      <Filter>inc\behaviac\common\string</Filter>
    </ClInclude>
    <ClInclude Include="..\..\inc\behaviac\common\string\stringutils.h">
      <Filter>inc\behaviac\common\string</Filter>
    </ClInclude>
    <ClInclude Include="..\..\inc\behaviac\common\string\tostring.h">
      <Filter>inc\behaviac\common\string</Filter>
    </ClInclude>
    <ClInclude Include="..\..\inc\behaviac\common\thread\mutex_lock.h">
      <Filter>inc\behaviac\common\thread</Filter>
    </ClInclude>
    <ClInclude Include="..\..\inc\behaviac\common\thread\thread.h">
      <Filter>inc\behaviac\common\thread</Filter>
    </ClInclude>
    <ClInclude Include="..\..\inc\behaviac\common\thread\wrapper.h">
      <Filter>inc\behaviac\common\thread</Filter>
    </ClInclude>
    <ClInclude Include="..\..\inc\behaviac\common\xml\ixml.h">
      <Filter>inc\behaviac\common\xml</Filter>
    </ClInclude>
    <ClInclude Include="..\..\inc\behaviac\common\xml\xml.h">
      <Filter>inc\behaviac\common\xml</Filter>
    </ClInclude>
    <ClInclude Include="..\..\inc\behaviac\common\xml\xmlanalyzer.h">
      <Filter>inc\behaviac\common\xml</Filter>
    </ClInclude>
    <ClInclude Include="..\..\inc\behaviac\fsm\alwaystransition.h">
      <Filter>inc\behaviac\fsm</Filter>
    </ClInclude>
    <ClInclude Include="..\..\inc\behaviac\fsm\fsm.h">
      <Filter>inc\behaviac\fsm</Filter>
    </ClInclude>
    <ClInclude Include="..\..\inc\behaviac\fsm\startcondition.h">
      <Filter>inc\behaviac\fsm</Filter>
    </ClInclude>
    <ClInclude Include="..\..\inc\behaviac\fsm\state.h">
      <Filter>inc\behaviac\fsm</Filter>
    </ClInclude>
    <ClInclude Include="..\..\inc\behaviac\fsm\transitioncondition.h">
      <Filter>inc\behaviac\fsm</Filter>
    </ClInclude>
    <ClInclude Include="..\..\inc\behaviac\fsm\waitframesstate.h">
      <Filter>inc\behaviac\fsm</Filter>
    </ClInclude>
    <ClInclude Include="..\..\inc\behaviac\fsm\waitstate.h">
      <Filter>inc\behaviac\fsm</Filter>
    </ClInclude>
    <ClInclude Include="..\..\inc\behaviac\fsm\waittransition.h">
      <Filter>inc\behaviac\fsm</Filter>
    </ClInclude>
    <ClInclude Include="..\..\inc\behaviac\htn\method.h">
      <Filter>inc\behaviac\htn</Filter>
    </ClInclude>
    <ClInclude Include="..\..\inc\behaviac\htn\planner.h">
      <Filter>inc\behaviac\htn</Filter>
    </ClInclude>
    <ClInclude Include="..\..\inc\behaviac\htn\plannertask.h">
      <Filter>inc\behaviac\htn</Filter>
    </ClInclude>
    <ClInclude Include="..\..\inc\behaviac\htn\task.h">
      <Filter>inc\behaviac\htn</Filter>
    </ClInclude>
    <ClInclude Include="..\..\inc\behaviac\network\network.h">
      <Filter>inc\behaviac\network</Filter>
    </ClInclude>
    <ClInclude Include="..\..\inc\behaviac\property\properties.h">
      <Filter>inc\behaviac\property</Filter>
    </ClInclude>
    <ClInclude Include="..\..\inc\behaviac\property\property.h">
      <Filter>inc\behaviac\property</Filter>
    </ClInclude>
    <ClInclude Include="..\..\inc\behaviac\property\vector_ext.h">
      <Filter>inc\behaviac\property</Filter>
    </ClInclude>
    <ClInclude Include="..\..\inc\behaviac\common\rapidxml\rapidxml.hpp">
      <Filter>inc\behaviac\common\rapidxml</Filter>
    </ClInclude>
    <ClInclude Include="..\..\inc\behaviac\common\rapidxml\rapidxml_iterators.hpp">
      <Filter>inc\behaviac\common\rapidxml</Filter>
    </ClInclude>
    <ClInclude Include="..\..\inc\behaviac\common\rapidxml\rapidxml_print.hpp">
      <Filter>inc\behaviac\common\rapidxml</Filter>
    </ClInclude>
    <ClInclude Include="..\..\inc\behaviac\common\rapidxml\rapidxml_utils.hpp">
      <Filter>inc\behaviac\common\rapidxml</Filter>
    </ClInclude>
    <ClInclude Include="..\..\src\agent\propertynode.h">
      <Filter>src\agent</Filter>
    </ClInclude>
    <ClInclude Include="..\..\src\common\file\listfiles.h">
      <Filter>src\common\file</Filter>
    </ClInclude>
  </ItemGroup>
  <ItemGroup>
    <ClCompile Include="..\..\src\agent\agent.cpp">
      <Filter>src\agent</Filter>
    </ClCompile>
    <ClCompile Include="..\..\src\agent\context.cpp">
      <Filter>src\agent</Filter>
    </ClCompile>
    <ClCompile Include="..\..\src\agent\namedevent.cpp">
      <Filter>src\agent</Filter>
    </ClCompile>
    <ClCompile Include="..\..\src\agent\propertynode.cpp">
      <Filter>src\agent</Filter>
    </ClCompile>
    <ClCompile Include="..\..\src\agent\state_t.cpp">
      <Filter>src\agent</Filter>
    </ClCompile>
    <ClCompile Include="..\..\src\agent\taskmethod.cpp">
      <Filter>src\agent</Filter>
    </ClCompile>
    <ClCompile Include="..\..\src\behaviortree\behaviortree.cpp">
      <Filter>src\behaviortree</Filter>
    </ClCompile>
    <ClCompile Include="..\..\src\behaviortree\behaviortree_task.cpp">
      <Filter>src\behaviortree</Filter>
    </ClCompile>
    <ClCompile Include="..\..\src\behaviortree\registernodes.cpp">
      <Filter>src\behaviortree</Filter>
    </ClCompile>
    <ClCompile Include="..\..\src\behaviortree\attachments\attachaction.cpp">
      <Filter>src\behaviortree\attachments</Filter>
    </ClCompile>
    <ClCompile Include="..\..\src\behaviortree\attachments\Effector.cpp">
      <Filter>src\behaviortree\attachments</Filter>
    </ClCompile>
    <ClCompile Include="..\..\src\behaviortree\attachments\event.cpp">
      <Filter>src\behaviortree\attachments</Filter>
    </ClCompile>
    <ClCompile Include="..\..\src\behaviortree\attachments\Precondition.cpp">
      <Filter>src\behaviortree\attachments</Filter>
    </ClCompile>
    <ClCompile Include="..\..\src\behaviortree\nodes\actions\action.cpp">
      <Filter>src\behaviortree\nodes\actions</Filter>
    </ClCompile>
    <ClCompile Include="..\..\src\behaviortree\nodes\actions\assignment.cpp">
      <Filter>src\behaviortree\nodes\actions</Filter>
    </ClCompile>
    <ClCompile Include="..\..\src\behaviortree\nodes\actions\compute.cpp">
      <Filter>src\behaviortree\nodes\actions</Filter>
    </ClCompile>
    <ClCompile Include="..\..\src\behaviortree\nodes\actions\noop.cpp">
      <Filter>src\behaviortree\nodes\actions</Filter>
    </ClCompile>
    <ClCompile Include="..\..\src\behaviortree\nodes\actions\wait.cpp">
      <Filter>src\behaviortree\nodes\actions</Filter>
    </ClCompile>
    <ClCompile Include="..\..\src\behaviortree\nodes\actions\waitforsignal.cpp">
      <Filter>src\behaviortree\nodes\actions</Filter>
    </ClCompile>
    <ClCompile Include="..\..\src\behaviortree\nodes\actions\waitframes.cpp">
      <Filter>src\behaviortree\nodes\actions</Filter>
    </ClCompile>
    <ClCompile Include="..\..\src\behaviortree\nodes\composites\compositestochastic.cpp">
      <Filter>src\behaviortree\nodes\composites</Filter>
    </ClCompile>
    <ClCompile Include="..\..\src\behaviortree\nodes\composites\ifelse.cpp">
      <Filter>src\behaviortree\nodes\composites</Filter>
    </ClCompile>
    <ClCompile Include="..\..\src\behaviortree\nodes\composites\parallel.cpp">
      <Filter>src\behaviortree\nodes\composites</Filter>
    </ClCompile>
    <ClCompile Include="..\..\src\behaviortree\nodes\composites\referencebehavior.cpp">
      <Filter>src\behaviortree\nodes\composites</Filter>
    </ClCompile>
    <ClCompile Include="..\..\src\behaviortree\nodes\composites\selector.cpp">
      <Filter>src\behaviortree\nodes\composites</Filter>
    </ClCompile>
    <ClCompile Include="..\..\src\behaviortree\nodes\composites\selectorloop.cpp">
      <Filter>src\behaviortree\nodes\composites</Filter>
    </ClCompile>
    <ClCompile Include="..\..\src\behaviortree\nodes\composites\selectorprobability.cpp">
      <Filter>src\behaviortree\nodes\composites</Filter>
    </ClCompile>
    <ClCompile Include="..\..\src\behaviortree\nodes\composites\selectorstochastic.cpp">
      <Filter>src\behaviortree\nodes\composites</Filter>
    </ClCompile>
    <ClCompile Include="..\..\src\behaviortree\nodes\composites\sequence.cpp">
      <Filter>src\behaviortree\nodes\composites</Filter>
    </ClCompile>
    <ClCompile Include="..\..\src\behaviortree\nodes\composites\sequencestochastic.cpp">
      <Filter>src\behaviortree\nodes\composites</Filter>
    </ClCompile>
    <ClCompile Include="..\..\src\behaviortree\nodes\composites\withprecondition.cpp">
      <Filter>src\behaviortree\nodes\composites</Filter>
    </ClCompile>
    <ClCompile Include="..\..\src\behaviortree\nodes\conditions\and.cpp">
      <Filter>src\behaviortree\nodes\conditions</Filter>
    </ClCompile>
    <ClCompile Include="..\..\src\behaviortree\nodes\conditions\condition.cpp">
      <Filter>src\behaviortree\nodes\conditions</Filter>
    </ClCompile>
    <ClCompile Include="..\..\src\behaviortree\nodes\conditions\conditionbase.cpp">
      <Filter>src\behaviortree\nodes\conditions</Filter>
    </ClCompile>
    <ClCompile Include="..\..\src\behaviortree\nodes\conditions\false.cpp">
      <Filter>src\behaviortree\nodes\conditions</Filter>
    </ClCompile>
    <ClCompile Include="..\..\src\behaviortree\nodes\conditions\or.cpp">
      <Filter>src\behaviortree\nodes\conditions</Filter>
    </ClCompile>
    <ClCompile Include="..\..\src\behaviortree\nodes\conditions\true.cpp">
      <Filter>src\behaviortree\nodes\conditions</Filter>
    </ClCompile>
    <ClCompile Include="..\..\src\behaviortree\nodes\decorators\decoratoralwaysfailure.cpp">
      <Filter>src\behaviortree\nodes\decorators</Filter>
    </ClCompile>
    <ClCompile Include="..\..\src\behaviortree\nodes\decorators\decoratoralwaysrunning.cpp">
      <Filter>src\behaviortree\nodes\decorators</Filter>
    </ClCompile>
    <ClCompile Include="..\..\src\behaviortree\nodes\decorators\decoratoralwayssuccess.cpp">
      <Filter>src\behaviortree\nodes\decorators</Filter>
    </ClCompile>
    <ClCompile Include="..\..\src\behaviortree\nodes\decorators\decoratorcount.cpp">
      <Filter>src\behaviortree\nodes\decorators</Filter>
    </ClCompile>
    <ClCompile Include="..\..\src\behaviortree\nodes\decorators\decoratorcountlimit.cpp">
      <Filter>src\behaviortree\nodes\decorators</Filter>
    </ClCompile>
    <ClCompile Include="..\..\src\behaviortree\nodes\decorators\decoratorfailureuntil.cpp">
      <Filter>src\behaviortree\nodes\decorators</Filter>
    </ClCompile>
    <ClCompile Include="..\..\src\behaviortree\nodes\decorators\decoratorframes.cpp">
      <Filter>src\behaviortree\nodes\decorators</Filter>
    </ClCompile>
    <ClCompile Include="..\..\src\behaviortree\nodes\decorators\decoratoriterator.cpp">
      <Filter>src\behaviortree\nodes\decorators</Filter>
    </ClCompile>
    <ClCompile Include="..\..\src\behaviortree\nodes\decorators\decoratorlog.cpp">
      <Filter>src\behaviortree\nodes\decorators</Filter>
    </ClCompile>
    <ClCompile Include="..\..\src\behaviortree\nodes\decorators\decoratorloop.cpp">
      <Filter>src\behaviortree\nodes\decorators</Filter>
    </ClCompile>
    <ClCompile Include="..\..\src\behaviortree\nodes\decorators\decoratorloopuntil.cpp">
      <Filter>src\behaviortree\nodes\decorators</Filter>
    </ClCompile>
    <ClCompile Include="..\..\src\behaviortree\nodes\decorators\decoratornot.cpp">
      <Filter>src\behaviortree\nodes\decorators</Filter>
    </ClCompile>
    <ClCompile Include="..\..\src\behaviortree\nodes\decorators\decoratorrepeat.cpp">
      <Filter>src\behaviortree\nodes\decorators</Filter>
    </ClCompile>
    <ClCompile Include="..\..\src\behaviortree\nodes\decorators\decoratorsuccessuntil.cpp">
      <Filter>src\behaviortree\nodes\decorators</Filter>
    </ClCompile>
    <ClCompile Include="..\..\src\behaviortree\nodes\decorators\decoratortime.cpp">
      <Filter>src\behaviortree\nodes\decorators</Filter>
    </ClCompile>
    <ClCompile Include="..\..\src\behaviortree\nodes\decorators\decoratorweight.cpp">
      <Filter>src\behaviortree\nodes\decorators</Filter>
    </ClCompile>
    <ClCompile Include="..\..\src\common\assert.cpp">
      <Filter>src\common</Filter>
    </ClCompile>
    <ClCompile Include="..\..\src\common\base.cpp">
      <Filter>src\common</Filter>
    </ClCompile>
    <ClCompile Include="..\..\src\common\convertutf.cpp">
      <Filter>src\common</Filter>
    </ClCompile>
    <ClCompile Include="..\..\src\common\crc.cpp">
      <Filter>src\common</Filter>
    </ClCompile>
    <ClCompile Include="..\..\src\common\factory.cpp">
      <Filter>src\common</Filter>
    </ClCompile>
    <ClCompile Include="..\..\src\common\meta.cpp">
      <Filter>src\common</Filter>
    </ClCompile>
    <ClCompile Include="..\..\src\common\operation.cpp">
      <Filter>src\common</Filter>
    </ClCompile>
    <ClCompile Include="..\..\src\common\rttibase.cpp">
      <Filter>src\common</Filter>
    </ClCompile>
    <ClCompile Include="..\..\src\common\system_gcc.cpp">
      <Filter>src\common</Filter>
    </ClCompile>
    <ClCompile Include="..\..\src\common\system_vcc.cpp">
      <Filter>src\common</Filter>
    </ClCompile>
    <ClCompile Include="..\..\src\common\workspace.cpp">
      <Filter>src\common</Filter>
    </ClCompile>
    <ClCompile Include="..\..\src\common\file\file.cpp">
      <Filter>src\common\file</Filter>
    </ClCompile>
    <ClCompile Include="..\..\src\common\file\filemanager.cpp">
      <Filter>src\common\file</Filter>
    </ClCompile>
    <ClCompile Include="..\..\src\common\file\filesystem_gcc.cpp">
      <Filter>src\common\file</Filter>
    </ClCompile>
    <ClCompile Include="..\..\src\common\file\filesystem_vcc.cpp">
      <Filter>src\common\file</Filter>
    </ClCompile>
    <ClCompile Include="..\..\src\common\file\listfiles.cpp">
      <Filter>src\common\file</Filter>
    </ClCompile>
    <ClCompile Include="..\..\src\common\logger\logger.cpp">
      <Filter>src\common\logger</Filter>
    </ClCompile>
    <ClCompile Include="..\..\src\common\logger\logmanager.cpp">
      <Filter>src\common\logger</Filter>
    </ClCompile>
    <ClCompile Include="..\..\src\common\memory\memory.cpp">
      <Filter>src\common\memory</Filter>
    </ClCompile>
    <ClCompile Include="..\..\src\common\object\tagobject.cpp">
      <Filter>src\common\object</Filter>
    </ClCompile>
    <ClCompile Include="..\..\src\common\profiler\profiler.cpp">
      <Filter>src\common\profiler</Filter>
    </ClCompile>
    <ClCompile Include="..\..\src\common\randomgenerator\randomgenerator.cpp">
      <Filter>src\common\randomgenerator</Filter>
    </ClCompile>
    <ClCompile Include="..\..\src\common\serialization\textnode.cpp">
      <Filter>src\common\serialization</Filter>
    </ClCompile>
    <ClCompile Include="..\..\src\common\socket\defaultsocketwrapper_gcc.cpp">
      <Filter>src\common\socket</Filter>
    </ClCompile>
    <ClCompile Include="..\..\src\common\socket\defaultsocketwrapper_vcc.cpp">
      <Filter>src\common\socket</Filter>
    </ClCompile>
    <ClCompile Include="..\..\src\common\socket\socketconnect.cpp">
      <Filter>src\common\socket</Filter>
    </ClCompile>
    <ClCompile Include="..\..\src\common\socket\socketconnect_base.cpp">
      <Filter>src\common\socket</Filter>
    </ClCompile>
    <ClCompile Include="..\..\src\common\string\stringcrc.cpp">
      <Filter>src\common\string</Filter>
    </ClCompile>
    <ClCompile Include="..\..\src\common\string\stringutils.cpp">
      <Filter>src\common\string</Filter>
    </ClCompile>
    <ClCompile Include="..\..\src\common\thread\mutex_gcc.cpp">
      <Filter>src\common\thread</Filter>
    </ClCompile>
    <ClCompile Include="..\..\src\common\thread\mutex_vcc.cpp">
      <Filter>src\common\thread</Filter>
    </ClCompile>
    <ClCompile Include="..\..\src\common\thread\wrapper.cpp">
      <Filter>src\common\thread</Filter>
    </ClCompile>
    <ClCompile Include="..\..\src\common\thread\wrapper_gcc.cpp">
      <Filter>src\common\thread</Filter>
    </ClCompile>
    <ClCompile Include="..\..\src\common\thread\wrapper_vcc.cpp">
      <Filter>src\common\thread</Filter>
    </ClCompile>
    <ClCompile Include="..\..\src\common\xml\xml.cpp">
      <Filter>src\common\xml</Filter>
    </ClCompile>
    <ClCompile Include="..\..\src\common\xml\xmlanalyzer.cpp">
      <Filter>src\common\xml</Filter>
    </ClCompile>
    <ClCompile Include="..\..\src\fsm\alwaystransition.cpp">
      <Filter>src\fsm</Filter>
    </ClCompile>
    <ClCompile Include="..\..\src\fsm\fsm.cpp">
      <Filter>src\fsm</Filter>
    </ClCompile>
    <ClCompile Include="..\..\src\fsm\fsmstate.cpp">
      <Filter>src\fsm</Filter>
    </ClCompile>
    <ClCompile Include="..\..\src\fsm\startcondition.cpp">
      <Filter>src\fsm</Filter>
    </ClCompile>
    <ClCompile Include="..\..\src\fsm\transitioncondition.cpp">
      <Filter>src\fsm</Filter>
    </ClCompile>
    <ClCompile Include="..\..\src\fsm\waitframesstate.cpp">
      <Filter>src\fsm</Filter>
    </ClCompile>
    <ClCompile Include="..\..\src\fsm\waitstate.cpp">
      <Filter>src\fsm</Filter>
    </ClCompile>
    <ClCompile Include="..\..\src\fsm\waittransition.cpp">
      <Filter>src\fsm</Filter>
    </ClCompile>
    <ClCompile Include="..\..\src\htn\agentproperties.cpp">
      <Filter>src\htn</Filter>
    </ClCompile>
    <ClCompile Include="..\..\src\htn\agentstate.cpp">
      <Filter>src\htn</Filter>
    </ClCompile>
    <ClCompile Include="..\..\src\htn\htnmethod.cpp">
      <Filter>src\htn</Filter>
    </ClCompile>
    <ClCompile Include="..\..\src\htn\planner.cpp">
      <Filter>src\htn</Filter>
    </ClCompile>
    <ClCompile Include="..\..\src\htn\plannertask.cpp">
      <Filter>src\htn</Filter>
    </ClCompile>
    <ClCompile Include="..\..\src\htn\task.cpp">
      <Filter>src\htn</Filter>
    </ClCompile>
    <ClCompile Include="..\..\src\network\network.cpp">
      <Filter>src\network</Filter>
    </ClCompile>
    <ClCompile Include="..\..\src\property\properties.cpp">
      <Filter>src\property</Filter>
    </ClCompile>
    <ClCompile Include="..\..\src\property\property.cpp">
      <Filter>src\property</Filter>
    </ClCompile>
  </ItemGroup>
</Project>
