
Microsoft Visual Studio Solution File, Format Version 12.00
# Visual Studio 2013
Project("{8BC9CEB8-8B4A-11D0-8D11-00A0C91BC942}") = "behaviac", "behaviac.vcxproj", "{332CEEDC-7568-D84C-B9C6-B710915836ED}"
EndProject
Project("{8BC9CEB8-8B4A-11D0-8D11-00A0C91BC942}") = "btunittest", "btunittest.vcxproj", "{7A59366D-BAA2-BB44-8F53-4AF9A16826EE}"
	ProjectSection(ProjectDependencies) = postProject
		{332CEEDC-7568-D84C-B9C6-B710915836ED} = {332CEEDC-7568-D84C-B9C6-B710915836ED}
	EndProjectSection
EndProject
Project("{8BC9CEB8-8B4A-11D0-8D11-00A0C91BC942}") = "btremotetest", "btremotetest.vcxproj", "{FE94D69A-682C-4D45-BA5C-DF66FE48A5F4}"
	ProjectSection(ProjectDependencies) = postProject
		{332CEEDC-7568-D84C-B9C6-B710915836ED} = {332CEEDC-7568-D84C-B9C6-B710915836ED}
	EndProjectSection
EndProject
Project("{8BC9CEB8-8B4A-11D0-8D11-00A0C91BC942}") = "btperformance", "btperformance.vcxproj", "{60BC45C8-125A-1045-8C62-E556418032A7}"
	ProjectSection(ProjectDependencies) = postProject
		{332CEEDC-7568-D84C-B9C6-B710915836ED} = {332CEEDC-7568-D84C-B9C6-B710915836ED}
	EndProjectSection
EndProject
Project("{8BC9CEB8-8B4A-11D0-8D11-00A0C91BC942}") = "demo_running", "demo_running.vcxproj", "{A395F726-39CF-1243-A3FD-2E4A2C28052C}"
	ProjectSection(ProjectDependencies) = postProject
		{332CEEDC-7568-D84C-B9C6-B710915836ED} = {332CEEDC-7568-D84C-B9C6-B710915836ED}
	EndProjectSection
EndProject
Project("{8BC9CEB8-8B4A-11D0-8D11-00A0C91BC942}") = "usertest", "usertest.vcxproj", "{E4F5BBDF-EDE3-CD4D-8C45-2332F920587E}"
	ProjectSection(ProjectDependencies) = postProject
		{332CEEDC-7568-D84C-B9C6-B710915836ED} = {332CEEDC-7568-D84C-B9C6-B710915836ED}
	EndProjectSection
EndProject
Project("{8BC9CEB8-8B4A-11D0-8D11-00A0C91BC942}") = "tutorial_1", "tutorial_1.vcxproj", "{392B915F-37F8-D04C-AC37-1AC3F8F71347}"
	ProjectSection(ProjectDependencies) = postProject
		{332CEEDC-7568-D84C-B9C6-B710915836ED} = {332CEEDC-7568-D84C-B9C6-B710915836ED}
	EndProjectSection
EndProject
Project("{8BC9CEB8-8B4A-11D0-8D11-00A0C91BC942}") = "tutorial_1_1", "tutorial_1_1.vcxproj", "{B6995F32-4579-BC41-A170-5D2F22742841}"
	ProjectSection(ProjectDependencies) = postProject
		{332CEEDC-7568-D84C-B9C6-B710915836ED} = {332CEEDC-7568-D84C-B9C6-B710915836ED}
	EndProjectSection
EndProject
Project("{8BC9CEB8-8B4A-11D0-8D11-00A0C91BC942}") = "tutorial_1_2", "tutorial_1_2.vcxproj", "{63325692-4A43-2F4C-9ABB-66D11B4A3313}"
	ProjectSection(ProjectDependencies) = postProject
		{332CEEDC-7568-D84C-B9C6-B710915836ED} = {332CEEDC-7568-D84C-B9C6-B710915836ED}
	EndProjectSection
EndProject
Project("{8BC9CEB8-8B4A-11D0-8D11-00A0C91BC942}") = "tutorial_2", "tutorial_2.vcxproj", "{5BCC7EAB-4B17-3B4C-8FDF-E350C2D534BA}"
	ProjectSection(ProjectDependencies) = postProject
		{332CEEDC-7568-D84C-B9C6-B710915836ED} = {332CEEDC-7568-D84C-B9C6-B710915836ED}
	EndProjectSection
EndProject
Project("{8BC9CEB8-8B4A-11D0-8D11-00A0C91BC942}") = "tutorial_3", "tutorial_3.vcxproj", "{2F7E4AD2-C1BA-1D41-81A3-A1D3D7103329}"
	ProjectSection(ProjectDependencies) = postProject
		{332CEEDC-7568-D84C-B9C6-B710915836ED} = {332CEEDC-7568-D84C-B9C6-B710915836ED}
	EndProjectSection
EndProject
Project("{8BC9CEB8-8B4A-11D0-8D11-00A0C91BC942}") = "tutorial_4", "tutorial_4.vcxproj", "{8EB72F80-A348-3840-A83C-328334219659}"
	ProjectSection(ProjectDependencies) = postProject
		{332CEEDC-7568-D84C-B9C6-B710915836ED} = {332CEEDC-7568-D84C-B9C6-B710915836ED}
	EndProjectSection
EndProject
Project("{8BC9CEB8-8B4A-11D0-8D11-00A0C91BC942}") = "tutorial_5", "tutorial_5.vcxproj", "{7339497F-C8EB-114D-B510-C5306C30BE32}"
	ProjectSection(ProjectDependencies) = postProject
		{332CEEDC-7568-D84C-B9C6-B710915836ED} = {332CEEDC-7568-D84C-B9C6-B710915836ED}
	EndProjectSection
EndProject
Project("{8BC9CEB8-8B4A-11D0-8D11-00A0C91BC942}") = "tutorial_6", "tutorial_6.vcxproj", "{80188EBF-E5C8-714D-96CC-65EDAA12609D}"
	ProjectSection(ProjectDependencies) = postProject
		{332CEEDC-7568-D84C-B9C6-B710915836ED} = {332CEEDC-7568-D84C-B9C6-B710915836ED}
	EndProjectSection
EndProject
Project("{8BC9CEB8-8B4A-11D0-8D11-00A0C91BC942}") = "tutorial_7", "tutorial_7.vcxproj", "{25F5C81D-65CC-F041-9A80-FB56B35CB29B}"
	ProjectSection(ProjectDependencies) = postProject
		{332CEEDC-7568-D84C-B9C6-B710915836ED} = {332CEEDC-7568-D84C-B9C6-B710915836ED}
	EndProjectSection
EndProject
Project("{8BC9CEB8-8B4A-11D0-8D11-00A0C91BC942}") = "tutorial_8", "tutorial_8.vcxproj", "{E92B1D44-EB1B-4E02-B5BC-47255FE8EAD3}"
	ProjectSection(ProjectDependencies) = postProject
		{332CEEDC-7568-D84C-B9C6-B710915836ED} = {332CEEDC-7568-D84C-B9C6-B710915836ED}
	EndProjectSection
EndProject
Project("{8BC9CEB8-8B4A-11D0-8D11-00A0C91BC942}") = "tutorial_9", "tutorial_9.vcxproj", "{4E77A26F-562A-FE46-9CDD-D594BCB5CFAE}"
	ProjectSection(ProjectDependencies) = postProject
		{332CEEDC-7568-D84C-B9C6-B710915836ED} = {332CEEDC-7568-D84C-B9C6-B710915836ED}
	EndProjectSection
EndProject
Project("{8BC9CEB8-8B4A-11D0-8D11-00A0C91BC942}") = "tutorial_10", "tutorial_10.vcxproj", "{95FA5A5F-7CCE-F94F-A892-DB447F5DDD3A}"
	ProjectSection(ProjectDependencies) = postProject
		{332CEEDC-7568-D84C-B9C6-B710915836ED} = {332CEEDC-7568-D84C-B9C6-B710915836ED}
	EndProjectSection
EndProject
Project("{8BC9CEB8-8B4A-11D0-8D11-00A0C91BC942}") = "tutorial_11", "tutorial_11.vcxproj", "{F887BDB1-EFE5-5448-8B0E-A7B341746F68}"
	ProjectSection(ProjectDependencies) = postProject
		{332CEEDC-7568-D84C-B9C6-B710915836ED} = {332CEEDC-7568-D84C-B9C6-B710915836ED}
	EndProjectSection
EndProject
Project("{8BC9CEB8-8B4A-11D0-8D11-00A0C91BC942}") = "tutorial_12", "tutorial_12.vcxproj", "{B56BC190-EEC3-A24E-88BB-6D6DE97345CB}"
	ProjectSection(ProjectDependencies) = postProject
		{332CEEDC-7568-D84C-B9C6-B710915836ED} = {332CEEDC-7568-D84C-B9C6-B710915836ED}
	EndProjectSection
EndProject
Project("{8BC9CEB8-8B4A-11D0-8D11-00A0C91BC942}") = "tutorial_13", "tutorial_13.vcxproj", "{5F434F31-A60F-6F4F-8FF2-645F2A8D1B90}"
	ProjectSection(ProjectDependencies) = postProject
		{332CEEDC-7568-D84C-B9C6-B710915836ED} = {332CEEDC-7568-D84C-B9C6-B710915836ED}
	EndProjectSection
EndProject
Project("{8BC9CEB8-8B4A-11D0-8D11-00A0C91BC942}") = "tutorial_14", "tutorial_14.vcxproj", "{791E0BEE-40E9-3A0C-9D1A-9E8993D534C9}"
	ProjectSection(ProjectDependencies) = postProject
		{332CEEDC-7568-D84C-B9C6-B710915836ED} = {332CEEDC-7568-D84C-B9C6-B710915836ED}
	EndProjectSection
EndProject
Global
	GlobalSection(SolutionConfigurationPlatforms) = preSolution
		DebugStatic|Win32 = DebugStatic|Win32
		ReleaseStatic|Win32 = ReleaseStatic|Win32
		DebugDLL|Win32 = DebugDLL|Win32
		ReleaseDLL|Win32 = ReleaseDLL|Win32
	EndGlobalSection
	GlobalSection(ProjectConfigurationPlatforms) = postSolution
		{332CEEDC-7568-D84C-B9C6-B710915836ED}.DebugStatic|Win32.ActiveCfg = DebugStatic|Win32
		{332CEEDC-7568-D84C-B9C6-B710915836ED}.DebugStatic|Win32.Build.0 = DebugStatic|Win32
		{332CEEDC-7568-D84C-B9C6-B710915836ED}.ReleaseStatic|Win32.ActiveCfg = ReleaseStatic|Win32
		{332CEEDC-7568-D84C-B9C6-B710915836ED}.ReleaseStatic|Win32.Build.0 = ReleaseStatic|Win32
		{332CEEDC-7568-D84C-B9C6-B710915836ED}.DebugDLL|Win32.ActiveCfg = DebugDLL|Win32
		{332CEEDC-7568-D84C-B9C6-B710915836ED}.DebugDLL|Win32.Build.0 = DebugDLL|Win32
		{332CEEDC-7568-D84C-B9C6-B710915836ED}.ReleaseDLL|Win32.ActiveCfg = ReleaseDLL|Win32
		{332CEEDC-7568-D84C-B9C6-B710915836ED}.ReleaseDLL|Win32.Build.0 = ReleaseDLL|Win32
		{7A59366D-BAA2-BB44-8F53-4AF9A16826EE}.DebugStatic|Win32.ActiveCfg = DebugStatic|Win32
		{7A59366D-BAA2-BB44-8F53-4AF9A16826EE}.DebugStatic|Win32.Build.0 = DebugStatic|Win32
		{7A59366D-BAA2-BB44-8F53-4AF9A16826EE}.ReleaseStatic|Win32.ActiveCfg = ReleaseStatic|Win32
		{7A59366D-BAA2-BB44-8F53-4AF9A16826EE}.ReleaseStatic|Win32.Build.0 = ReleaseStatic|Win32
		{7A59366D-BAA2-BB44-8F53-4AF9A16826EE}.DebugDLL|Win32.ActiveCfg = DebugDLL|Win32
		{7A59366D-BAA2-BB44-8F53-4AF9A16826EE}.DebugDLL|Win32.Build.0 = DebugDLL|Win32
		{7A59366D-BAA2-BB44-8F53-4AF9A16826EE}.ReleaseDLL|Win32.ActiveCfg = ReleaseDLL|Win32
		{7A59366D-BAA2-BB44-8F53-4AF9A16826EE}.ReleaseDLL|Win32.Build.0 = ReleaseDLL|Win32
		{FE94D69A-682C-4D45-BA5C-DF66FE48A5F4}.DebugStatic|Win32.ActiveCfg = DebugStatic|Win32
		{FE94D69A-682C-4D45-BA5C-DF66FE48A5F4}.DebugStatic|Win32.Build.0 = DebugStatic|Win32
		{FE94D69A-682C-4D45-BA5C-DF66FE48A5F4}.ReleaseStatic|Win32.ActiveCfg = ReleaseStatic|Win32
		{FE94D69A-682C-4D45-BA5C-DF66FE48A5F4}.ReleaseStatic|Win32.Build.0 = ReleaseStatic|Win32
		{FE94D69A-682C-4D45-BA5C-DF66FE48A5F4}.DebugDLL|Win32.ActiveCfg = DebugDLL|Win32
		{FE94D69A-682C-4D45-BA5C-DF66FE48A5F4}.DebugDLL|Win32.Build.0 = DebugDLL|Win32
		{FE94D69A-682C-4D45-BA5C-DF66FE48A5F4}.ReleaseDLL|Win32.ActiveCfg = ReleaseDLL|Win32
		{FE94D69A-682C-4D45-BA5C-DF66FE48A5F4}.ReleaseDLL|Win32.Build.0 = ReleaseDLL|Win32
		{60BC45C8-125A-1045-8C62-E556418032A7}.DebugStatic|Win32.ActiveCfg = DebugStatic|Win32
		{60BC45C8-125A-1045-8C62-E556418032A7}.DebugStatic|Win32.Build.0 = DebugStatic|Win32
		{60BC45C8-125A-1045-8C62-E556418032A7}.ReleaseStatic|Win32.ActiveCfg = ReleaseStatic|Win32
		{60BC45C8-125A-1045-8C62-E556418032A7}.ReleaseStatic|Win32.Build.0 = ReleaseStatic|Win32
		{60BC45C8-125A-1045-8C62-E556418032A7}.DebugDLL|Win32.ActiveCfg = DebugDLL|Win32
		{60BC45C8-125A-1045-8C62-E556418032A7}.DebugDLL|Win32.Build.0 = DebugDLL|Win32
		{60BC45C8-125A-1045-8C62-E556418032A7}.ReleaseDLL|Win32.ActiveCfg = ReleaseDLL|Win32
		{60BC45C8-125A-1045-8C62-E556418032A7}.ReleaseDLL|Win32.Build.0 = ReleaseDLL|Win32
		{A395F726-39CF-1243-A3FD-2E4A2C28052C}.DebugStatic|Win32.ActiveCfg = DebugStatic|Win32
		{A395F726-39CF-1243-A3FD-2E4A2C28052C}.DebugStatic|Win32.Build.0 = DebugStatic|Win32
		{A395F726-39CF-1243-A3FD-2E4A2C28052C}.ReleaseStatic|Win32.ActiveCfg = ReleaseStatic|Win32
		{A395F726-39CF-1243-A3FD-2E4A2C28052C}.ReleaseStatic|Win32.Build.0 = ReleaseStatic|Win32
		{A395F726-39CF-1243-A3FD-2E4A2C28052C}.DebugDLL|Win32.ActiveCfg = DebugDLL|Win32
		{A395F726-39CF-1243-A3FD-2E4A2C28052C}.DebugDLL|Win32.Build.0 = DebugDLL|Win32
		{A395F726-39CF-1243-A3FD-2E4A2C28052C}.ReleaseDLL|Win32.ActiveCfg = ReleaseDLL|Win32
		{A395F726-39CF-1243-A3FD-2E4A2C28052C}.ReleaseDLL|Win32.Build.0 = ReleaseDLL|Win32
		{E4F5BBDF-EDE3-CD4D-8C45-2332F920587E}.DebugStatic|Win32.ActiveCfg = DebugStatic|Win32
		{E4F5BBDF-EDE3-CD4D-8C45-2332F920587E}.DebugStatic|Win32.Build.0 = DebugStatic|Win32
		{E4F5BBDF-EDE3-CD4D-8C45-2332F920587E}.ReleaseStatic|Win32.ActiveCfg = ReleaseStatic|Win32
		{E4F5BBDF-EDE3-CD4D-8C45-2332F920587E}.ReleaseStatic|Win32.Build.0 = ReleaseStatic|Win32
		{E4F5BBDF-EDE3-CD4D-8C45-2332F920587E}.DebugDLL|Win32.ActiveCfg = DebugDLL|Win32
		{E4F5BBDF-EDE3-CD4D-8C45-2332F920587E}.DebugDLL|Win32.Build.0 = DebugDLL|Win32
		{E4F5BBDF-EDE3-CD4D-8C45-2332F920587E}.ReleaseDLL|Win32.ActiveCfg = ReleaseDLL|Win32
		{E4F5BBDF-EDE3-CD4D-8C45-2332F920587E}.ReleaseDLL|Win32.Build.0 = ReleaseDLL|Win32
		{392B915F-37F8-D04C-AC37-1AC3F8F71347}.DebugStatic|Win32.ActiveCfg = DebugStatic|Win32
		{392B915F-37F8-D04C-AC37-1AC3F8F71347}.DebugStatic|Win32.Build.0 = DebugStatic|Win32
		{392B915F-37F8-D04C-AC37-1AC3F8F71347}.ReleaseStatic|Win32.ActiveCfg = ReleaseStatic|Win32
		{392B915F-37F8-D04C-AC37-1AC3F8F71347}.ReleaseStatic|Win32.Build.0 = ReleaseStatic|Win32
		{392B915F-37F8-D04C-AC37-1AC3F8F71347}.DebugDLL|Win32.ActiveCfg = DebugDLL|Win32
		{392B915F-37F8-D04C-AC37-1AC3F8F71347}.DebugDLL|Win32.Build.0 = DebugDLL|Win32
		{392B915F-37F8-D04C-AC37-1AC3F8F71347}.ReleaseDLL|Win32.ActiveCfg = ReleaseDLL|Win32
		{392B915F-37F8-D04C-AC37-1AC3F8F71347}.ReleaseDLL|Win32.Build.0 = ReleaseDLL|Win32
		{B6995F32-4579-BC41-A170-5D2F22742841}.DebugStatic|Win32.ActiveCfg = DebugStatic|Win32
		{B6995F32-4579-BC41-A170-5D2F22742841}.DebugStatic|Win32.Build.0 = DebugStatic|Win32
		{B6995F32-4579-BC41-A170-5D2F22742841}.ReleaseStatic|Win32.ActiveCfg = ReleaseStatic|Win32
		{B6995F32-4579-BC41-A170-5D2F22742841}.ReleaseStatic|Win32.Build.0 = ReleaseStatic|Win32
		{B6995F32-4579-BC41-A170-5D2F22742841}.DebugDLL|Win32.ActiveCfg = DebugDLL|Win32
		{B6995F32-4579-BC41-A170-5D2F22742841}.DebugDLL|Win32.Build.0 = DebugDLL|Win32
		{B6995F32-4579-BC41-A170-5D2F22742841}.ReleaseDLL|Win32.ActiveCfg = ReleaseDLL|Win32
		{B6995F32-4579-BC41-A170-5D2F22742841}.ReleaseDLL|Win32.Build.0 = ReleaseDLL|Win32
		{63325692-4A43-2F4C-9ABB-66D11B4A3313}.DebugStatic|Win32.ActiveCfg = DebugStatic|Win32
		{63325692-4A43-2F4C-9ABB-66D11B4A3313}.DebugStatic|Win32.Build.0 = DebugStatic|Win32
		{63325692-4A43-2F4C-9ABB-66D11B4A3313}.ReleaseStatic|Win32.ActiveCfg = ReleaseStatic|Win32
		{63325692-4A43-2F4C-9ABB-66D11B4A3313}.ReleaseStatic|Win32.Build.0 = ReleaseStatic|Win32
		{63325692-4A43-2F4C-9ABB-66D11B4A3313}.DebugDLL|Win32.ActiveCfg = DebugDLL|Win32
		{63325692-4A43-2F4C-9ABB-66D11B4A3313}.DebugDLL|Win32.Build.0 = DebugDLL|Win32
		{63325692-4A43-2F4C-9ABB-66D11B4A3313}.ReleaseDLL|Win32.ActiveCfg = ReleaseDLL|Win32
		{63325692-4A43-2F4C-9ABB-66D11B4A3313}.ReleaseDLL|Win32.Build.0 = ReleaseDLL|Win32
		{5BCC7EAB-4B17-3B4C-8FDF-E350C2D534BA}.DebugStatic|Win32.ActiveCfg = DebugStatic|Win32
		{5BCC7EAB-4B17-3B4C-8FDF-E350C2D534BA}.DebugStatic|Win32.Build.0 = DebugStatic|Win32
		{5BCC7EAB-4B17-3B4C-8FDF-E350C2D534BA}.ReleaseStatic|Win32.ActiveCfg = ReleaseStatic|Win32
		{5BCC7EAB-4B17-3B4C-8FDF-E350C2D534BA}.ReleaseStatic|Win32.Build.0 = ReleaseStatic|Win32
		{5BCC7EAB-4B17-3B4C-8FDF-E350C2D534BA}.DebugDLL|Win32.ActiveCfg = DebugDLL|Win32
		{5BCC7EAB-4B17-3B4C-8FDF-E350C2D534BA}.DebugDLL|Win32.Build.0 = DebugDLL|Win32
		{5BCC7EAB-4B17-3B4C-8FDF-E350C2D534BA}.ReleaseDLL|Win32.ActiveCfg = ReleaseDLL|Win32
		{5BCC7EAB-4B17-3B4C-8FDF-E350C2D534BA}.ReleaseDLL|Win32.Build.0 = ReleaseDLL|Win32
		{2F7E4AD2-C1BA-1D41-81A3-A1D3D7103329}.DebugStatic|Win32.ActiveCfg = DebugStatic|Win32
		{2F7E4AD2-C1BA-1D41-81A3-A1D3D7103329}.DebugStatic|Win32.Build.0 = DebugStatic|Win32
		{2F7E4AD2-C1BA-1D41-81A3-A1D3D7103329}.ReleaseStatic|Win32.ActiveCfg = ReleaseStatic|Win32
		{2F7E4AD2-C1BA-1D41-81A3-A1D3D7103329}.ReleaseStatic|Win32.Build.0 = ReleaseStatic|Win32
		{2F7E4AD2-C1BA-1D41-81A3-A1D3D7103329}.DebugDLL|Win32.ActiveCfg = DebugDLL|Win32
		{2F7E4AD2-C1BA-1D41-81A3-A1D3D7103329}.DebugDLL|Win32.Build.0 = DebugDLL|Win32
		{2F7E4AD2-C1BA-1D41-81A3-A1D3D7103329}.ReleaseDLL|Win32.ActiveCfg = ReleaseDLL|Win32
		{2F7E4AD2-C1BA-1D41-81A3-A1D3D7103329}.ReleaseDLL|Win32.Build.0 = ReleaseDLL|Win32
		{8EB72F80-A348-3840-A83C-328334219659}.DebugStatic|Win32.ActiveCfg = DebugStatic|Win32
		{8EB72F80-A348-3840-A83C-328334219659}.DebugStatic|Win32.Build.0 = DebugStatic|Win32
		{8EB72F80-A348-3840-A83C-328334219659}.ReleaseStatic|Win32.ActiveCfg = ReleaseStatic|Win32
		{8EB72F80-A348-3840-A83C-328334219659}.ReleaseStatic|Win32.Build.0 = ReleaseStatic|Win32
		{8EB72F80-A348-3840-A83C-328334219659}.DebugDLL|Win32.ActiveCfg = DebugDLL|Win32
		{8EB72F80-A348-3840-A83C-328334219659}.DebugDLL|Win32.Build.0 = DebugDLL|Win32
		{8EB72F80-A348-3840-A83C-328334219659}.ReleaseDLL|Win32.ActiveCfg = ReleaseDLL|Win32
		{8EB72F80-A348-3840-A83C-328334219659}.ReleaseDLL|Win32.Build.0 = ReleaseDLL|Win32
		{7339497F-C8EB-114D-B510-C5306C30BE32}.DebugStatic|Win32.ActiveCfg = DebugStatic|Win32
		{7339497F-C8EB-114D-B510-C5306C30BE32}.DebugStatic|Win32.Build.0 = DebugStatic|Win32
		{7339497F-C8EB-114D-B510-C5306C30BE32}.ReleaseStatic|Win32.ActiveCfg = ReleaseStatic|Win32
		{7339497F-C8EB-114D-B510-C5306C30BE32}.ReleaseStatic|Win32.Build.0 = ReleaseStatic|Win32
		{7339497F-C8EB-114D-B510-C5306C30BE32}.DebugDLL|Win32.ActiveCfg = DebugDLL|Win32
		{7339497F-C8EB-114D-B510-C5306C30BE32}.DebugDLL|Win32.Build.0 = DebugDLL|Win32
		{7339497F-C8EB-114D-B510-C5306C30BE32}.ReleaseDLL|Win32.ActiveCfg = ReleaseDLL|Win32
		{7339497F-C8EB-114D-B510-C5306C30BE32}.ReleaseDLL|Win32.Build.0 = ReleaseDLL|Win32
		{80188EBF-E5C8-714D-96CC-65EDAA12609D}.DebugStatic|Win32.ActiveCfg = DebugStatic|Win32
		{80188EBF-E5C8-714D-96CC-65EDAA12609D}.DebugStatic|Win32.Build.0 = DebugStatic|Win32
		{80188EBF-E5C8-714D-96CC-65EDAA12609D}.ReleaseStatic|Win32.ActiveCfg = ReleaseStatic|Win32
		{80188EBF-E5C8-714D-96CC-65EDAA12609D}.ReleaseStatic|Win32.Build.0 = ReleaseStatic|Win32
		{80188EBF-E5C8-714D-96CC-65EDAA12609D}.DebugDLL|Win32.ActiveCfg = DebugDLL|Win32
		{80188EBF-E5C8-714D-96CC-65EDAA12609D}.DebugDLL|Win32.Build.0 = DebugDLL|Win32
		{80188EBF-E5C8-714D-96CC-65EDAA12609D}.ReleaseDLL|Win32.ActiveCfg = ReleaseDLL|Win32
		{80188EBF-E5C8-714D-96CC-65EDAA12609D}.ReleaseDLL|Win32.Build.0 = ReleaseDLL|Win32
		{25F5C81D-65CC-F041-9A80-FB56B35CB29B}.DebugStatic|Win32.ActiveCfg = DebugStatic|Win32
		{25F5C81D-65CC-F041-9A80-FB56B35CB29B}.DebugStatic|Win32.Build.0 = DebugStatic|Win32
		{25F5C81D-65CC-F041-9A80-FB56B35CB29B}.ReleaseStatic|Win32.ActiveCfg = ReleaseStatic|Win32
		{25F5C81D-65CC-F041-9A80-FB56B35CB29B}.ReleaseStatic|Win32.Build.0 = ReleaseStatic|Win32
		{25F5C81D-65CC-F041-9A80-FB56B35CB29B}.DebugDLL|Win32.ActiveCfg = DebugDLL|Win32
		{25F5C81D-65CC-F041-9A80-FB56B35CB29B}.DebugDLL|Win32.Build.0 = DebugDLL|Win32
		{25F5C81D-65CC-F041-9A80-FB56B35CB29B}.ReleaseDLL|Win32.ActiveCfg = ReleaseDLL|Win32
		{25F5C81D-65CC-F041-9A80-FB56B35CB29B}.ReleaseDLL|Win32.Build.0 = ReleaseDLL|Win32
		{E92B1D44-EB1B-4E02-B5BC-47255FE8EAD3}.DebugStatic|Win32.ActiveCfg = DebugStatic|Win32
		{E92B1D44-EB1B-4E02-B5BC-47255FE8EAD3}.DebugStatic|Win32.Build.0 = DebugStatic|Win32
		{E92B1D44-EB1B-4E02-B5BC-47255FE8EAD3}.ReleaseStatic|Win32.ActiveCfg = ReleaseStatic|Win32
		{E92B1D44-EB1B-4E02-B5BC-47255FE8EAD3}.ReleaseStatic|Win32.Build.0 = ReleaseStatic|Win32
		{E92B1D44-EB1B-4E02-B5BC-47255FE8EAD3}.DebugDLL|Win32.ActiveCfg = DebugDLL|Win32
		{E92B1D44-EB1B-4E02-B5BC-47255FE8EAD3}.DebugDLL|Win32.Build.0 = DebugDLL|Win32
		{E92B1D44-EB1B-4E02-B5BC-47255FE8EAD3}.ReleaseDLL|Win32.ActiveCfg = ReleaseDLL|Win32
		{E92B1D44-EB1B-4E02-B5BC-47255FE8EAD3}.ReleaseDLL|Win32.Build.0 = ReleaseDLL|Win32
		{4E77A26F-562A-FE46-9CDD-D594BCB5CFAE}.DebugStatic|Win32.ActiveCfg = DebugStatic|Win32
		{4E77A26F-562A-FE46-9CDD-D594BCB5CFAE}.DebugStatic|Win32.Build.0 = DebugStatic|Win32
		{4E77A26F-562A-FE46-9CDD-D594BCB5CFAE}.ReleaseStatic|Win32.ActiveCfg = ReleaseStatic|Win32
		{4E77A26F-562A-FE46-9CDD-D594BCB5CFAE}.ReleaseStatic|Win32.Build.0 = ReleaseStatic|Win32
		{4E77A26F-562A-FE46-9CDD-D594BCB5CFAE}.DebugDLL|Win32.ActiveCfg = DebugDLL|Win32
		{4E77A26F-562A-FE46-9CDD-D594BCB5CFAE}.DebugDLL|Win32.Build.0 = DebugDLL|Win32
		{4E77A26F-562A-FE46-9CDD-D594BCB5CFAE}.ReleaseDLL|Win32.ActiveCfg = ReleaseDLL|Win32
		{4E77A26F-562A-FE46-9CDD-D594BCB5CFAE}.ReleaseDLL|Win32.Build.0 = ReleaseDLL|Win32
		{95FA5A5F-7CCE-F94F-A892-DB447F5DDD3A}.DebugStatic|Win32.ActiveCfg = DebugStatic|Win32
		{95FA5A5F-7CCE-F94F-A892-DB447F5DDD3A}.DebugStatic|Win32.Build.0 = DebugStatic|Win32
		{95FA5A5F-7CCE-F94F-A892-DB447F5DDD3A}.ReleaseStatic|Win32.ActiveCfg = ReleaseStatic|Win32
		{95FA5A5F-7CCE-F94F-A892-DB447F5DDD3A}.ReleaseStatic|Win32.Build.0 = ReleaseStatic|Win32
		{95FA5A5F-7CCE-F94F-A892-DB447F5DDD3A}.DebugDLL|Win32.ActiveCfg = DebugDLL|Win32
		{95FA5A5F-7CCE-F94F-A892-DB447F5DDD3A}.DebugDLL|Win32.Build.0 = DebugDLL|Win32
		{95FA5A5F-7CCE-F94F-A892-DB447F5DDD3A}.ReleaseDLL|Win32.ActiveCfg = ReleaseDLL|Win32
		{95FA5A5F-7CCE-F94F-A892-DB447F5DDD3A}.ReleaseDLL|Win32.Build.0 = ReleaseDLL|Win32
		{F887BDB1-EFE5-5448-8B0E-A7B341746F68}.DebugStatic|Win32.ActiveCfg = DebugStatic|Win32
		{F887BDB1-EFE5-5448-8B0E-A7B341746F68}.DebugStatic|Win32.Build.0 = DebugStatic|Win32
		{F887BDB1-EFE5-5448-8B0E-A7B341746F68}.ReleaseStatic|Win32.ActiveCfg = ReleaseStatic|Win32
		{F887BDB1-EFE5-5448-8B0E-A7B341746F68}.ReleaseStatic|Win32.Build.0 = ReleaseStatic|Win32
		{F887BDB1-EFE5-5448-8B0E-A7B341746F68}.DebugDLL|Win32.ActiveCfg = DebugDLL|Win32
		{F887BDB1-EFE5-5448-8B0E-A7B341746F68}.DebugDLL|Win32.Build.0 = DebugDLL|Win32
		{F887BDB1-EFE5-5448-8B0E-A7B341746F68}.ReleaseDLL|Win32.ActiveCfg = ReleaseDLL|Win32
		{F887BDB1-EFE5-5448-8B0E-A7B341746F68}.ReleaseDLL|Win32.Build.0 = ReleaseDLL|Win32
		{B56BC190-EEC3-A24E-88BB-6D6DE97345CB}.DebugStatic|Win32.ActiveCfg = DebugStatic|Win32
		{B56BC190-EEC3-A24E-88BB-6D6DE97345CB}.DebugStatic|Win32.Build.0 = DebugStatic|Win32
		{B56BC190-EEC3-A24E-88BB-6D6DE97345CB}.ReleaseStatic|Win32.ActiveCfg = ReleaseStatic|Win32
		{B56BC190-EEC3-A24E-88BB-6D6DE97345CB}.ReleaseStatic|Win32.Build.0 = ReleaseStatic|Win32
		{B56BC190-EEC3-A24E-88BB-6D6DE97345CB}.DebugDLL|Win32.ActiveCfg = DebugDLL|Win32
		{B56BC190-EEC3-A24E-88BB-6D6DE97345CB}.DebugDLL|Win32.Build.0 = DebugDLL|Win32
		{B56BC190-EEC3-A24E-88BB-6D6DE97345CB}.ReleaseDLL|Win32.ActiveCfg = ReleaseDLL|Win32
		{B56BC190-EEC3-A24E-88BB-6D6DE97345CB}.ReleaseDLL|Win32.Build.0 = ReleaseDLL|Win32
		{5F434F31-A60F-6F4F-8FF2-645F2A8D1B90}.DebugStatic|Win32.ActiveCfg = DebugStatic|Win32
		{5F434F31-A60F-6F4F-8FF2-645F2A8D1B90}.DebugStatic|Win32.Build.0 = DebugStatic|Win32
		{5F434F31-A60F-6F4F-8FF2-645F2A8D1B90}.ReleaseStatic|Win32.ActiveCfg = ReleaseStatic|Win32
		{5F434F31-A60F-6F4F-8FF2-645F2A8D1B90}.ReleaseStatic|Win32.Build.0 = ReleaseStatic|Win32
		{5F434F31-A60F-6F4F-8FF2-645F2A8D1B90}.DebugDLL|Win32.ActiveCfg = DebugDLL|Win32
		{5F434F31-A60F-6F4F-8FF2-645F2A8D1B90}.DebugDLL|Win32.Build.0 = DebugDLL|Win32
		{5F434F31-A60F-6F4F-8FF2-645F2A8D1B90}.ReleaseDLL|Win32.ActiveCfg = ReleaseDLL|Win32
		{5F434F31-A60F-6F4F-8FF2-645F2A8D1B90}.ReleaseDLL|Win32.Build.0 = ReleaseDLL|Win32
		{791E0BEE-40E9-3A0C-9D1A-9E8993D534C9}.DebugStatic|Win32.ActiveCfg = DebugStatic|Win32
		{791E0BEE-40E9-3A0C-9D1A-9E8993D534C9}.DebugStatic|Win32.Build.0 = DebugStatic|Win32
		{791E0BEE-40E9-3A0C-9D1A-9E8993D534C9}.ReleaseStatic|Win32.ActiveCfg = ReleaseStatic|Win32
		{791E0BEE-40E9-3A0C-9D1A-9E8993D534C9}.ReleaseStatic|Win32.Build.0 = ReleaseStatic|Win32
		{791E0BEE-40E9-3A0C-9D1A-9E8993D534C9}.DebugDLL|Win32.ActiveCfg = DebugDLL|Win32
		{791E0BEE-40E9-3A0C-9D1A-9E8993D534C9}.DebugDLL|Win32.Build.0 = DebugDLL|Win32
		{791E0BEE-40E9-3A0C-9D1A-9E8993D534C9}.ReleaseDLL|Win32.ActiveCfg = ReleaseDLL|Win32
		{791E0BEE-40E9-3A0C-9D1A-9E8993D534C9}.ReleaseDLL|Win32.Build.0 = ReleaseDLL|Win32
	EndGlobalSection
	GlobalSection(SolutionProperties) = preSolution
		HideSolutionNode = FALSE
	EndGlobalSection
EndGlobal
