<?xml version="1.0" encoding="utf-8"?>
<Project ToolsVersion="4.0" xmlns="http://schemas.microsoft.com/developer/msbuild/2003">
  <ItemGroup>
    <Filter Include="test">
      <UniqueIdentifier>{289B89C7-92C1-FE43-903C-9492844412F7}</UniqueIdentifier>
    </Filter>
    <Filter Include="test\btperformance">
      <UniqueIdentifier>{2AA967A1-F930-294D-AFF4-CC7C303686EC}</UniqueIdentifier>
    </Filter>
    <Filter Include="test\btperformance\behaviac_generated">
      <UniqueIdentifier>{FAFC6668-7C5D-D943-8313-EE6B26DCFE51}</UniqueIdentifier>
    </Filter>
    <Filter Include="test\btperformance\behaviac_generated\behaviors">
      <UniqueIdentifier>{54ADAE0A-23A1-A645-8CA6-5DCBB720252C}</UniqueIdentifier>
    </Filter>
    <Filter Include="test\btperformance\behaviac_generated\types">
      <UniqueIdentifier>{1A560B39-AC8B-2A46-B05A-91EB27B0F62D}</UniqueIdentifier>
    </Filter>
    <Filter Include="test\btperformance\behaviac_generated\types\internal">
      <UniqueIdentifier>{8900613E-0B2A-4541-96B1-C9D29184494B}</UniqueIdentifier>
    </Filter>
  </ItemGroup>
  <ItemGroup>
    <ClInclude Include="..\..\test\btperformance\BehaviacWorkspace.h">
      <Filter>test\btperformance</Filter>
    </ClInclude>
    <ClInclude Include="..\..\test\btperformance\btperformance.h">
      <Filter>test\btperformance</Filter>
    </ClInclude>
    <ClInclude Include="..\..\test\btperformance\behaviac_generated\behaviors\behaviac_generated_behaviors.h">
      <Filter>test\btperformance\behaviac_generated\behaviors</Filter>
    </ClInclude>
    <ClInclude Include="..\..\test\btperformance\behaviac_generated\types\behaviac_types.h">
      <Filter>test\btperformance\behaviac_generated\types</Filter>
    </ClInclude>
    <ClInclude Include="..\..\test\btperformance\behaviac_generated\types\internal\behaviac_agent_headers.h">
      <Filter>test\btperformance\behaviac_generated\types\internal</Filter>
    </ClInclude>
    <ClInclude Include="..\..\test\btperformance\behaviac_generated\types\internal\behaviac_agent_member_visitor.h">
      <Filter>test\btperformance\behaviac_generated\types\internal</Filter>
    </ClInclude>
    <ClInclude Include="..\..\test\btperformance\behaviac_generated\types\internal\behaviac_agent_meta.h">
      <Filter>test\btperformance\behaviac_generated\types\internal</Filter>
    </ClInclude>
    <ClInclude Include="..\..\test\btperformance\behaviac_generated\types\internal\behaviac_headers.h">
      <Filter>test\btperformance\behaviac_generated\types\internal</Filter>
    </ClInclude>
  </ItemGroup>
  <ItemGroup>
    <ClCompile Include="..\..\test\btperformance\BehaviacWorkspace.cpp">
      <Filter>test\btperformance</Filter>
    </ClCompile>
    <ClCompile Include="..\..\test\btperformance\btperformance.cpp">
      <Filter>test\btperformance</Filter>
    </ClCompile>
    <ClCompile Include="..\..\test\btperformance\behaviac_generated\behaviors\behaviac_generated_behaviors.cpp">
      <Filter>test\btperformance\behaviac_generated\behaviors</Filter>
    </ClCompile>
    <ClCompile Include="..\..\test\btperformance\behaviac_generated\types\internal\behaviac_agent_meta.cpp">
      <Filter>test\btperformance\behaviac_generated\types\internal</Filter>
    </ClCompile>
  </ItemGroup>
</Project>
