<?xml version="1.0" encoding="utf-8"?>
<Project ToolsVersion="4.0" xmlns="http://schemas.microsoft.com/developer/msbuild/2003">
  <ItemGroup>
    <Filter Include="test">
      <UniqueIdentifier>{00D5490A-7BFD-304F-9F4A-E764912C7087}</UniqueIdentifier>
    </Filter>
    <Filter Include="test\btperformance">
      <UniqueIdentifier>{6CC58A8B-4CC7-3E40-BAB9-5689AF473054}</UniqueIdentifier>
    </Filter>
    <Filter Include="test\btperformance\behaviac_generated">
      <UniqueIdentifier>{79C1B703-0BFA-4C41-80B2-F7A1F67819EB}</UniqueIdentifier>
    </Filter>
    <Filter Include="test\btperformance\behaviac_generated\behaviors">
      <UniqueIdentifier>{562CBDFA-FFEF-8240-AF6D-96F3DA7EBBB4}</UniqueIdentifier>
    </Filter>
    <Filter Include="test\btperformance\behaviac_generated\types">
      <UniqueIdentifier>{E25E04DE-2C22-D146-B646-184A75A97DF5}</UniqueIdentifier>
    </Filter>
    <Filter Include="test\btperformance\behaviac_generated\types\internal">
      <UniqueIdentifier>{4C44E047-7C8B-B044-8198-399BA10D6947}</UniqueIdentifier>
    </Filter>
  </ItemGroup>
  <ItemGroup>
    <ClInclude Include="..\..\test\btperformance\BehaviacWorkspace.h">
      <Filter>test\btperformance</Filter>
    </ClInclude>
    <ClInclude Include="..\..\test\btperformance\btperformance.h">
      <Filter>test\btperformance</Filter>
    </ClInclude>
    <ClInclude Include="..\..\test\btperformance\behaviac_generated\behaviors\behaviac_generated_behaviors.h">
      <Filter>test\btperformance\behaviac_generated\behaviors</Filter>
    </ClInclude>
    <ClInclude Include="..\..\test\btperformance\behaviac_generated\types\behaviac_types.h">
      <Filter>test\btperformance\behaviac_generated\types</Filter>
    </ClInclude>
    <ClInclude Include="..\..\test\btperformance\behaviac_generated\types\internal\behaviac_agent_headers.h">
      <Filter>test\btperformance\behaviac_generated\types\internal</Filter>
    </ClInclude>
    <ClInclude Include="..\..\test\btperformance\behaviac_generated\types\internal\behaviac_agent_member_visitor.h">
      <Filter>test\btperformance\behaviac_generated\types\internal</Filter>
    </ClInclude>
    <ClInclude Include="..\..\test\btperformance\behaviac_generated\types\internal\behaviac_agent_meta.h">
      <Filter>test\btperformance\behaviac_generated\types\internal</Filter>
    </ClInclude>
    <ClInclude Include="..\..\test\btperformance\behaviac_generated\types\internal\behaviac_headers.h">
      <Filter>test\btperformance\behaviac_generated\types\internal</Filter>
    </ClInclude>
  </ItemGroup>
  <ItemGroup>
    <ClCompile Include="..\..\test\btperformance\BehaviacWorkspace.cpp">
      <Filter>test\btperformance</Filter>
    </ClCompile>
    <ClCompile Include="..\..\test\btperformance\btperformance.cpp">
      <Filter>test\btperformance</Filter>
    </ClCompile>
    <ClCompile Include="..\..\test\btperformance\behaviac_generated\behaviors\behaviac_generated_behaviors.cpp">
      <Filter>test\btperformance\behaviac_generated\behaviors</Filter>
    </ClCompile>
    <ClCompile Include="..\..\test\btperformance\behaviac_generated\types\internal\behaviac_agent_meta.cpp">
      <Filter>test\btperformance\behaviac_generated\types\internal</Filter>
    </ClCompile>
  </ItemGroup>
</Project>
