<?xml version="1.0" encoding="utf-8"?>
<Project ToolsVersion="4.0" xmlns="http://schemas.microsoft.com/developer/msbuild/2003">
  <ItemGroup>
    <Filter Include="test">
      <UniqueIdentifier>{BB142409-B892-B94F-ACFA-BBF9CE317CF2}</UniqueIdentifier>
    </Filter>
    <Filter Include="test\btremotetest">
      <UniqueIdentifier>{D484E6A7-D386-4A49-8466-496A69E10252}</UniqueIdentifier>
    </Filter>
    <Filter Include="test\btremotetest\workspace">
      <UniqueIdentifier>{99C2F083-B1C4-774A-8AEB-DB2F6765DBB0}</UniqueIdentifier>
    </Filter>
    <Filter Include="test\btremotetest\workspace\exported">
      <UniqueIdentifier>{22CE083C-BBB7-4544-9482-058C4193E577}</UniqueIdentifier>
    </Filter>
    <Filter Include="test\btremotetest\workspace\exported\behaviac_generated">
      <UniqueIdentifier>{AF290E41-4B45-BE46-A1E8-18BE7BE8D61B}</UniqueIdentifier>
    </Filter>
    <Filter Include="test\btremotetest\workspace\exported\behaviac_generated\types">
      <UniqueIdentifier>{D5F6594C-B316-D74A-9DE9-5DB62C44F8D9}</UniqueIdentifier>
    </Filter>
    <Filter Include="test\btremotetest\workspace\exported\behaviac_generated\types\internal">
      <UniqueIdentifier>{F357C5E7-1007-3C47-BE49-195400743A33}</UniqueIdentifier>
    </Filter>
  </ItemGroup>
  <ItemGroup>
    <ClInclude Include="..\..\test\btremotetest\BTPlayer.h">
      <Filter>test\btremotetest</Filter>
    </ClInclude>
    <ClInclude Include="..\..\test\btremotetest\workspace\exported\behaviac_generated\types\behaviac_types.h">
      <Filter>test\btremotetest\workspace\exported\behaviac_generated\types</Filter>
    </ClInclude>
    <ClInclude Include="..\..\test\btremotetest\workspace\exported\behaviac_generated\types\internal\behaviac_agent_headers.h">
      <Filter>test\btremotetest\workspace\exported\behaviac_generated\types\internal</Filter>
    </ClInclude>
    <ClInclude Include="..\..\test\btremotetest\workspace\exported\behaviac_generated\types\internal\behaviac_agent_member_visitor.h">
      <Filter>test\btremotetest\workspace\exported\behaviac_generated\types\internal</Filter>
    </ClInclude>
    <ClInclude Include="..\..\test\btremotetest\workspace\exported\behaviac_generated\types\internal\behaviac_agent_meta.h">
      <Filter>test\btremotetest\workspace\exported\behaviac_generated\types\internal</Filter>
    </ClInclude>
    <ClInclude Include="..\..\test\btremotetest\workspace\exported\behaviac_generated\types\internal\behaviac_headers.h">
      <Filter>test\btremotetest\workspace\exported\behaviac_generated\types\internal</Filter>
    </ClInclude>
  </ItemGroup>
  <ItemGroup>
    <ClCompile Include="..\..\test\btremotetest\BTPlayer.cpp">
      <Filter>test\btremotetest</Filter>
    </ClCompile>
    <ClCompile Include="..\..\test\btremotetest\remote_test.cpp">
      <Filter>test\btremotetest</Filter>
    </ClCompile>
    <ClCompile Include="..\..\test\btremotetest\workspace\exported\behaviac_generated\types\internal\behaviac_agent_meta.cpp">
      <Filter>test\btremotetest\workspace\exported\behaviac_generated\types\internal</Filter>
    </ClCompile>
  </ItemGroup>
</Project>
