<?xml version="1.0" encoding="utf-8"?>
<Project ToolsVersion="4.0" xmlns="http://schemas.microsoft.com/developer/msbuild/2003">
  <ItemGroup>
    <Filter Include="test">
      <UniqueIdentifier>{3EEF016C-0DEB-A947-9703-D35B3E8EF49F}</UniqueIdentifier>
    </Filter>
    <Filter Include="test\btunittest">
      <UniqueIdentifier>{0C8FC530-E069-C94E-94BA-F55DB7C7CEA8}</UniqueIdentifier>
    </Filter>
    <Filter Include="test\btunittest\Agent">
      <UniqueIdentifier>{12DD8D3B-340C-424D-B4D5-49BF58A5627E}</UniqueIdentifier>
    </Filter>
    <Filter Include="test\btunittest\behaviac_generated">
      <UniqueIdentifier>{D44DE636-15D1-4A46-8274-B19883DDFB87}</UniqueIdentifier>
    </Filter>
    <Filter Include="test\btunittest\behaviac_generated\behaviors">
      <UniqueIdentifier>{CA9FCA00-19AC-F549-8FAF-3399523C613A}</UniqueIdentifier>
    </Filter>
    <Filter Include="test\btunittest\behaviac_generated\types">
      <UniqueIdentifier>{0B12EEDC-87D4-6E46-BD6D-11F27EF11181}</UniqueIdentifier>
    </Filter>
    <Filter Include="test\btunittest\behaviac_generated\types\internal">
      <UniqueIdentifier>{731703B2-9BA9-7A40-82C0-5268238B012C}</UniqueIdentifier>
    </Filter>
    <Filter Include="test\btunittest\ext">
      <UniqueIdentifier>{5B51806A-B34E-B348-AD86-51EB1809CA0E}</UniqueIdentifier>
    </Filter>
    <Filter Include="test\btunittest\ArrayAccessTest">
      <UniqueIdentifier>{A5ED55AC-1C6B-C143-A171-17990B88EDF4}</UniqueIdentifier>
    </Filter>
    <Filter Include="test\btunittest\attachments">
      <UniqueIdentifier>{E60E75BE-FD47-064B-9EF9-853EA83350AD}</UniqueIdentifier>
    </Filter>
    <Filter Include="test\btunittest\FSMTest">
      <UniqueIdentifier>{1A0A498C-EE9E-5048-8B7B-FB18A3332FB1}</UniqueIdentifier>
    </Filter>
    <Filter Include="test\btunittest\HTNTest">
      <UniqueIdentifier>{B0A4450C-AFF5-E44F-A633-9C434B75A7BC}</UniqueIdentifier>
    </Filter>
    <Filter Include="test\btunittest\Meta">
      <UniqueIdentifier>{4E6FA1D8-AD5A-FD4A-9CC2-AF81871BF757}</UniqueIdentifier>
    </Filter>
    <Filter Include="test\btunittest\NodeTest">
      <UniqueIdentifier>{506F93C5-640E-1049-B8A5-7C0A6A050B9E}</UniqueIdentifier>
    </Filter>
    <Filter Include="test\btunittest\Others">
      <UniqueIdentifier>{A54C4410-0969-A740-9B82-9CF507FEACAB}</UniqueIdentifier>
    </Filter>
    <Filter Include="test\btunittest\ParPropertyTest">
      <UniqueIdentifier>{A7E703F4-7B6E-014D-A654-1175FC0874BE}</UniqueIdentifier>
    </Filter>
  </ItemGroup>
  <ItemGroup>
    <ClInclude Include="..\..\test\btunittest\BehaviacWorkspace.h">
      <Filter>test\btunittest</Filter>
    </ClInclude>
    <ClInclude Include="..\..\test\btunittest\behaviortest.h">
      <Filter>test\btunittest</Filter>
    </ClInclude>
    <ClInclude Include="..\..\test\btunittest\btloadtestsuite.h">
      <Filter>test\btunittest</Filter>
    </ClInclude>
    <ClInclude Include="..\..\test\btunittest\test.h">
      <Filter>test\btunittest</Filter>
    </ClInclude>
    <ClInclude Include="..\..\test\btunittest\Agent\AgentArrayAccessTest.h">
      <Filter>test\btunittest\Agent</Filter>
    </ClInclude>
    <ClInclude Include="..\..\test\btunittest\Agent\AgentNodeTest.h">
      <Filter>test\btunittest\Agent</Filter>
    </ClInclude>
    <ClInclude Include="..\..\test\btunittest\Agent\CustomPropertyAgent.h">
      <Filter>test\btunittest\Agent</Filter>
    </ClInclude>
    <ClInclude Include="..\..\test\btunittest\Agent\EmployeeParTestAgent.h">
      <Filter>test\btunittest\Agent</Filter>
    </ClInclude>
    <ClInclude Include="..\..\test\btunittest\Agent\FSMAgentTest.h">
      <Filter>test\btunittest\Agent</Filter>
    </ClInclude>
    <ClInclude Include="..\..\test\btunittest\Agent\HTNAgentHouse.h">
      <Filter>test\btunittest\Agent</Filter>
    </ClInclude>
    <ClInclude Include="..\..\test\btunittest\Agent\HTNAgentHouseBase.h">
      <Filter>test\btunittest\Agent</Filter>
    </ClInclude>
    <ClInclude Include="..\..\test\btunittest\Agent\HTNAgentTravel.h">
      <Filter>test\btunittest\Agent</Filter>
    </ClInclude>
    <ClInclude Include="..\..\test\btunittest\Agent\ParTestAgent.h">
      <Filter>test\btunittest\Agent</Filter>
    </ClInclude>
    <ClInclude Include="..\..\test\btunittest\Agent\ParTestAgentBase.h">
      <Filter>test\btunittest\Agent</Filter>
    </ClInclude>
    <ClInclude Include="..\..\test\btunittest\Agent\ParTestRegNameAgent.h">
      <Filter>test\btunittest\Agent</Filter>
    </ClInclude>
    <ClInclude Include="..\..\test\btunittest\Agent\PreconEffectorAgent.h">
      <Filter>test\btunittest\Agent</Filter>
    </ClInclude>
    <ClInclude Include="..\..\test\btunittest\Agent\PreconEffectorTest.h">
      <Filter>test\btunittest\Agent</Filter>
    </ClInclude>
    <ClInclude Include="..\..\test\btunittest\Agent\PropertyReadonlyAgent.h">
      <Filter>test\btunittest\Agent</Filter>
    </ClInclude>
    <ClInclude Include="..\..\test\btunittest\Agent\UnitTestTypes.h">
      <Filter>test\btunittest\Agent</Filter>
    </ClInclude>
    <ClInclude Include="..\..\test\btunittest\behaviac_generated\behaviors\behaviac_generated_behaviors.h">
      <Filter>test\btunittest\behaviac_generated\behaviors</Filter>
    </ClInclude>
    <ClInclude Include="..\..\test\btunittest\behaviac_generated\behaviors\behaviac_generated_behaviors_0.h">
      <Filter>test\btunittest\behaviac_generated\behaviors</Filter>
    </ClInclude>
    <ClInclude Include="..\..\test\btunittest\behaviac_generated\behaviors\behaviac_generated_behaviors_1.h">
      <Filter>test\btunittest\behaviac_generated\behaviors</Filter>
    </ClInclude>
    <ClInclude Include="..\..\test\btunittest\behaviac_generated\behaviors\behaviac_generated_behaviors_10.h">
      <Filter>test\btunittest\behaviac_generated\behaviors</Filter>
    </ClInclude>
    <ClInclude Include="..\..\test\btunittest\behaviac_generated\behaviors\behaviac_generated_behaviors_2.h">
      <Filter>test\btunittest\behaviac_generated\behaviors</Filter>
    </ClInclude>
    <ClInclude Include="..\..\test\btunittest\behaviac_generated\behaviors\behaviac_generated_behaviors_3.h">
      <Filter>test\btunittest\behaviac_generated\behaviors</Filter>
    </ClInclude>
    <ClInclude Include="..\..\test\btunittest\behaviac_generated\behaviors\behaviac_generated_behaviors_4.h">
      <Filter>test\btunittest\behaviac_generated\behaviors</Filter>
    </ClInclude>
    <ClInclude Include="..\..\test\btunittest\behaviac_generated\behaviors\behaviac_generated_behaviors_5.h">
      <Filter>test\btunittest\behaviac_generated\behaviors</Filter>
    </ClInclude>
    <ClInclude Include="..\..\test\btunittest\behaviac_generated\behaviors\behaviac_generated_behaviors_6.h">
      <Filter>test\btunittest\behaviac_generated\behaviors</Filter>
    </ClInclude>
    <ClInclude Include="..\..\test\btunittest\behaviac_generated\behaviors\behaviac_generated_behaviors_7.h">
      <Filter>test\btunittest\behaviac_generated\behaviors</Filter>
    </ClInclude>
    <ClInclude Include="..\..\test\btunittest\behaviac_generated\behaviors\behaviac_generated_behaviors_8.h">
      <Filter>test\btunittest\behaviac_generated\behaviors</Filter>
    </ClInclude>
    <ClInclude Include="..\..\test\btunittest\behaviac_generated\behaviors\behaviac_generated_behaviors_9.h">
      <Filter>test\btunittest\behaviac_generated\behaviors</Filter>
    </ClInclude>
    <ClInclude Include="..\..\test\btunittest\behaviac_generated\types\behaviac_types.h">
      <Filter>test\btunittest\behaviac_generated\types</Filter>
    </ClInclude>
    <ClInclude Include="..\..\test\btunittest\behaviac_generated\types\internal\behaviac_agent_headers.h">
      <Filter>test\btunittest\behaviac_generated\types\internal</Filter>
    </ClInclude>
    <ClInclude Include="..\..\test\btunittest\behaviac_generated\types\internal\behaviac_agent_member_visitor.h">
      <Filter>test\btunittest\behaviac_generated\types\internal</Filter>
    </ClInclude>
    <ClInclude Include="..\..\test\btunittest\behaviac_generated\types\internal\behaviac_agent_meta.h">
      <Filter>test\btunittest\behaviac_generated\types\internal</Filter>
    </ClInclude>
    <ClInclude Include="..\..\test\btunittest\behaviac_generated\types\internal\behaviac_customized_types.h">
      <Filter>test\btunittest\behaviac_generated\types\internal</Filter>
    </ClInclude>
    <ClInclude Include="..\..\test\btunittest\behaviac_generated\types\internal\behaviac_headers.h">
      <Filter>test\btunittest\behaviac_generated\types\internal</Filter>
    </ClInclude>
    <ClInclude Include="..\..\test\btunittest\ext\extendreftype.h">
      <Filter>test\btunittest\ext</Filter>
    </ClInclude>
    <ClInclude Include="..\..\test\btunittest\ext\extendstruct.h">
      <Filter>test\btunittest\ext</Filter>
    </ClInclude>
    <ClInclude Include="..\..\test\btunittest\ext\range.h">
      <Filter>test\btunittest\ext</Filter>
    </ClInclude>
  </ItemGroup>
  <ItemGroup>
    <ClCompile Include="..\..\test\btunittest\behaviacsystem.cpp">
      <Filter>test\btunittest</Filter>
    </ClCompile>
    <ClCompile Include="..\..\test\btunittest\BehaviacWorkspace.cpp">
      <Filter>test\btunittest</Filter>
    </ClCompile>
    <ClCompile Include="..\..\test\btunittest\main.cpp">
      <Filter>test\btunittest</Filter>
    </ClCompile>
    <ClCompile Include="..\..\test\btunittest\Agent\AgentArrayAccessTest.cpp">
      <Filter>test\btunittest\Agent</Filter>
    </ClCompile>
    <ClCompile Include="..\..\test\btunittest\Agent\AgentNodeTest.cpp">
      <Filter>test\btunittest\Agent</Filter>
    </ClCompile>
    <ClCompile Include="..\..\test\btunittest\Agent\CustomPropertyAgent.cpp">
      <Filter>test\btunittest\Agent</Filter>
    </ClCompile>
    <ClCompile Include="..\..\test\btunittest\Agent\EmployeeParTestAgent.cpp">
      <Filter>test\btunittest\Agent</Filter>
    </ClCompile>
    <ClCompile Include="..\..\test\btunittest\Agent\FSMAgentTest.cpp">
      <Filter>test\btunittest\Agent</Filter>
    </ClCompile>
    <ClCompile Include="..\..\test\btunittest\Agent\HTNAgentHouse.cpp">
      <Filter>test\btunittest\Agent</Filter>
    </ClCompile>
    <ClCompile Include="..\..\test\btunittest\Agent\HTNAgentHouseBase.cpp">
      <Filter>test\btunittest\Agent</Filter>
    </ClCompile>
    <ClCompile Include="..\..\test\btunittest\Agent\HTNAgentTravel.cpp">
      <Filter>test\btunittest\Agent</Filter>
    </ClCompile>
    <ClCompile Include="..\..\test\btunittest\Agent\ParTestAgent.cpp">
      <Filter>test\btunittest\Agent</Filter>
    </ClCompile>
    <ClCompile Include="..\..\test\btunittest\Agent\ParTestAgentBase.cpp">
      <Filter>test\btunittest\Agent</Filter>
    </ClCompile>
    <ClCompile Include="..\..\test\btunittest\Agent\ParTestRegNameAgent.cpp">
      <Filter>test\btunittest\Agent</Filter>
    </ClCompile>
    <ClCompile Include="..\..\test\btunittest\Agent\PreconEffectorAgent.cpp">
      <Filter>test\btunittest\Agent</Filter>
    </ClCompile>
    <ClCompile Include="..\..\test\btunittest\Agent\PreconEffectorTest.cpp">
      <Filter>test\btunittest\Agent</Filter>
    </ClCompile>
    <ClCompile Include="..\..\test\btunittest\Agent\PropertyReadonlyAgent.cpp">
      <Filter>test\btunittest\Agent</Filter>
    </ClCompile>
    <ClCompile Include="..\..\test\btunittest\Agent\UnitTestTypes.cpp">
      <Filter>test\btunittest\Agent</Filter>
    </ClCompile>
    <ClCompile Include="..\..\test\btunittest\ArrayAccessTest\ArrayAccessTest.cpp">
      <Filter>test\btunittest\ArrayAccessTest</Filter>
    </ClCompile>
    <ClCompile Include="..\..\test\btunittest\attachments\PreconEffectorUintTest.cpp">
      <Filter>test\btunittest\attachments</Filter>
    </ClCompile>
    <ClCompile Include="..\..\test\btunittest\behaviac_generated\behaviors\behaviac_generated_behaviors.cpp">
      <Filter>test\btunittest\behaviac_generated\behaviors</Filter>
    </ClCompile>
    <ClCompile Include="..\..\test\btunittest\behaviac_generated\behaviors\behaviac_generated_behaviors_0.cpp">
      <Filter>test\btunittest\behaviac_generated\behaviors</Filter>
    </ClCompile>
    <ClCompile Include="..\..\test\btunittest\behaviac_generated\behaviors\behaviac_generated_behaviors_1.cpp">
      <Filter>test\btunittest\behaviac_generated\behaviors</Filter>
    </ClCompile>
    <ClCompile Include="..\..\test\btunittest\behaviac_generated\behaviors\behaviac_generated_behaviors_10.cpp">
      <Filter>test\btunittest\behaviac_generated\behaviors</Filter>
    </ClCompile>
    <ClCompile Include="..\..\test\btunittest\behaviac_generated\behaviors\behaviac_generated_behaviors_2.cpp">
      <Filter>test\btunittest\behaviac_generated\behaviors</Filter>
    </ClCompile>
    <ClCompile Include="..\..\test\btunittest\behaviac_generated\behaviors\behaviac_generated_behaviors_3.cpp">
      <Filter>test\btunittest\behaviac_generated\behaviors</Filter>
    </ClCompile>
    <ClCompile Include="..\..\test\btunittest\behaviac_generated\behaviors\behaviac_generated_behaviors_4.cpp">
      <Filter>test\btunittest\behaviac_generated\behaviors</Filter>
    </ClCompile>
    <ClCompile Include="..\..\test\btunittest\behaviac_generated\behaviors\behaviac_generated_behaviors_5.cpp">
      <Filter>test\btunittest\behaviac_generated\behaviors</Filter>
    </ClCompile>
    <ClCompile Include="..\..\test\btunittest\behaviac_generated\behaviors\behaviac_generated_behaviors_6.cpp">
      <Filter>test\btunittest\behaviac_generated\behaviors</Filter>
    </ClCompile>
    <ClCompile Include="..\..\test\btunittest\behaviac_generated\behaviors\behaviac_generated_behaviors_7.cpp">
      <Filter>test\btunittest\behaviac_generated\behaviors</Filter>
    </ClCompile>
    <ClCompile Include="..\..\test\btunittest\behaviac_generated\behaviors\behaviac_generated_behaviors_8.cpp">
      <Filter>test\btunittest\behaviac_generated\behaviors</Filter>
    </ClCompile>
    <ClCompile Include="..\..\test\btunittest\behaviac_generated\behaviors\behaviac_generated_behaviors_9.cpp">
      <Filter>test\btunittest\behaviac_generated\behaviors</Filter>
    </ClCompile>
    <ClCompile Include="..\..\test\btunittest\behaviac_generated\types\internal\behaviac_agent_meta.cpp">
      <Filter>test\btunittest\behaviac_generated\types\internal</Filter>
    </ClCompile>
    <ClCompile Include="..\..\test\btunittest\behaviac_generated\types\internal\behaviac_customized_types.cpp">
      <Filter>test\btunittest\behaviac_generated\types\internal</Filter>
    </ClCompile>
    <ClCompile Include="..\..\test\btunittest\ext\extendreftype.cpp">
      <Filter>test\btunittest\ext</Filter>
    </ClCompile>
    <ClCompile Include="..\..\test\btunittest\FSMTest\fsmtestbase_0.cpp">
      <Filter>test\btunittest\FSMTest</Filter>
    </ClCompile>
    <ClCompile Include="..\..\test\btunittest\FSMTest\fsmunittest.cpp">
      <Filter>test\btunittest\FSMTest</Filter>
    </ClCompile>
    <ClCompile Include="..\..\test\btunittest\HTNTest\htnhouseunittest.cpp">
      <Filter>test\btunittest\HTNTest</Filter>
    </ClCompile>
    <ClCompile Include="..\..\test\btunittest\HTNTest\htntravelunittest.cpp">
      <Filter>test\btunittest\HTNTest</Filter>
    </ClCompile>
    <ClCompile Include="..\..\test\btunittest\Meta\testtype.cpp">
      <Filter>test\btunittest\Meta</Filter>
    </ClCompile>
    <ClCompile Include="..\..\test\btunittest\NodeTest\DecorationNodeUnitTest.cpp">
      <Filter>test\btunittest\NodeTest</Filter>
    </ClCompile>
    <ClCompile Include="..\..\test\btunittest\NodeTest\EnterExitActionUnitTest.cpp">
      <Filter>test\btunittest\NodeTest</Filter>
    </ClCompile>
    <ClCompile Include="..\..\test\btunittest\NodeTest\EventUnitTest.cpp">
      <Filter>test\btunittest\NodeTest</Filter>
    </ClCompile>
    <ClCompile Include="..\..\test\btunittest\NodeTest\NodeUnitTest.cpp">
      <Filter>test\btunittest\NodeTest</Filter>
    </ClCompile>
    <ClCompile Include="..\..\test\btunittest\NodeTest\ParallelNodeUnitTest.cpp">
      <Filter>test\btunittest\NodeTest</Filter>
    </ClCompile>
    <ClCompile Include="..\..\test\btunittest\NodeTest\PredicateUnitTest.cpp">
      <Filter>test\btunittest\NodeTest</Filter>
    </ClCompile>
    <ClCompile Include="..\..\test\btunittest\NodeTest\QueryUnitTest.cpp">
      <Filter>test\btunittest\NodeTest</Filter>
    </ClCompile>
    <ClCompile Include="..\..\test\btunittest\Others\btloadtest.cpp">
      <Filter>test\btunittest\Others</Filter>
    </ClCompile>
    <ClCompile Include="..\..\test\btunittest\Others\btmethodtest.cpp">
      <Filter>test\btunittest\Others</Filter>
    </ClCompile>
    <ClCompile Include="..\..\test\btunittest\Others\btunittest.cpp">
      <Filter>test\btunittest\Others</Filter>
    </ClCompile>
    <ClCompile Include="..\..\test\btunittest\Others\parallelnodetest.cpp">
      <Filter>test\btunittest\Others</Filter>
    </ClCompile>
    <ClCompile Include="..\..\test\btunittest\Others\probabilityselectortest.cpp">
      <Filter>test\btunittest\Others</Filter>
    </ClCompile>
    <ClCompile Include="..\..\test\btunittest\Others\selectorlooptest.cpp">
      <Filter>test\btunittest\Others</Filter>
    </ClCompile>
    <ClCompile Include="..\..\test\btunittest\Others\selectorstochastictest.cpp">
      <Filter>test\btunittest\Others</Filter>
    </ClCompile>
    <ClCompile Include="..\..\test\btunittest\Others\sequencestochastictest.cpp">
      <Filter>test\btunittest\Others</Filter>
    </ClCompile>
    <ClCompile Include="..\..\test\btunittest\ParPropertyTest\ParPropertyUnitTest.cpp">
      <Filter>test\btunittest\ParPropertyTest</Filter>
    </ClCompile>
    <ClCompile Include="..\..\test\btunittest\ParPropertyTest\PropertyReadonlyUnitTest.cpp">
      <Filter>test\btunittest\ParPropertyTest</Filter>
    </ClCompile>
  </ItemGroup>
</Project>
