<?xml version="1.0" encoding="utf-8"?>
<Project ToolsVersion="4.0" xmlns="http://schemas.microsoft.com/developer/msbuild/2003">
  <ItemGroup>
    <Filter Include="tutorials">
      <UniqueIdentifier>{893388DE-2C93-E84C-A804-DA73EE8EF843}</UniqueIdentifier>
    </Filter>
    <Filter Include="tutorials\tutorial_2">
      <UniqueIdentifier>{270BBFA6-1B09-0B48-91F4-00026006DBFB}</UniqueIdentifier>
    </Filter>
    <Filter Include="tutorials\tutorial_2\cpp">
      <UniqueIdentifier>{3AC4C651-7AB2-FC43-AD27-9B12A9E773C2}</UniqueIdentifier>
    </Filter>
    <Filter Include="tutorials\tutorial_2\cpp\behaviac_generated">
      <UniqueIdentifier>{9A2FDEA4-D133-CF47-870B-77DA11AFEEF1}</UniqueIdentifier>
    </Filter>
    <Filter Include="tutorials\tutorial_2\cpp\behaviac_generated\behaviors">
      <UniqueIdentifier>{902C6DC7-1486-2E46-BC92-17F4831E7631}</UniqueIdentifier>
    </Filter>
    <Filter Include="tutorials\tutorial_2\cpp\behaviac_generated\types">
      <UniqueIdentifier>{8A518CE3-308A-EB4B-90AA-5B6C7F70FBB6}</UniqueIdentifier>
    </Filter>
    <Filter Include="tutorials\tutorial_2\cpp\behaviac_generated\types\internal">
      <UniqueIdentifier>{10C5F619-8A20-9449-92CE-6556EE9F0391}</UniqueIdentifier>
    </Filter>
  </ItemGroup>
  <ItemGroup>
    <ClInclude Include="..\..\tutorials\tutorial_2\cpp\behaviac_generated\behaviors\behaviac_generated_behaviors.h">
      <Filter>tutorials\tutorial_2\cpp\behaviac_generated\behaviors</Filter>
    </ClInclude>
    <ClInclude Include="..\..\tutorials\tutorial_2\cpp\behaviac_generated\types\behaviac_types.h">
      <Filter>tutorials\tutorial_2\cpp\behaviac_generated\types</Filter>
    </ClInclude>
    <ClInclude Include="..\..\tutorials\tutorial_2\cpp\behaviac_generated\types\internal\behaviac_agent_headers.h">
      <Filter>tutorials\tutorial_2\cpp\behaviac_generated\types\internal</Filter>
    </ClInclude>
    <ClInclude Include="..\..\tutorials\tutorial_2\cpp\behaviac_generated\types\internal\behaviac_agent_member_visitor.h">
      <Filter>tutorials\tutorial_2\cpp\behaviac_generated\types\internal</Filter>
    </ClInclude>
    <ClInclude Include="..\..\tutorials\tutorial_2\cpp\behaviac_generated\types\internal\behaviac_agent_meta.h">
      <Filter>tutorials\tutorial_2\cpp\behaviac_generated\types\internal</Filter>
    </ClInclude>
    <ClInclude Include="..\..\tutorials\tutorial_2\cpp\behaviac_generated\types\internal\behaviac_headers.h">
      <Filter>tutorials\tutorial_2\cpp\behaviac_generated\types\internal</Filter>
    </ClInclude>
    <ClInclude Include="..\..\tutorials\tutorial_2\cpp\behaviac_generated\types\internal\FirstAgent.h">
      <Filter>tutorials\tutorial_2\cpp\behaviac_generated\types\internal</Filter>
    </ClInclude>
  </ItemGroup>
  <ItemGroup>
    <ClCompile Include="..\..\tutorials\tutorial_2\cpp\tutorial_2.cpp">
      <Filter>tutorials\tutorial_2\cpp</Filter>
    </ClCompile>
    <ClCompile Include="..\..\tutorials\tutorial_2\cpp\behaviac_generated\behaviors\behaviac_generated_behaviors.cpp">
      <Filter>tutorials\tutorial_2\cpp\behaviac_generated\behaviors</Filter>
    </ClCompile>
    <ClCompile Include="..\..\tutorials\tutorial_2\cpp\behaviac_generated\types\internal\behaviac_agent_meta.cpp">
      <Filter>tutorials\tutorial_2\cpp\behaviac_generated\types\internal</Filter>
    </ClCompile>
    <ClCompile Include="..\..\tutorials\tutorial_2\cpp\behaviac_generated\types\internal\FirstAgent.cpp">
      <Filter>tutorials\tutorial_2\cpp\behaviac_generated\types\internal</Filter>
    </ClCompile>
  </ItemGroup>
</Project>
