<?xml version="1.0" encoding="utf-8"?>
<Project ToolsVersion="4.0" xmlns="http://schemas.microsoft.com/developer/msbuild/2003">
  <ItemGroup>
    <Filter Include="tutorials">
      <UniqueIdentifier>{4B5E39F1-6652-774C-A154-5C331C7FC961}</UniqueIdentifier>
    </Filter>
    <Filter Include="tutorials\tutorial_3">
      <UniqueIdentifier>{880871AA-447F-4947-B0B2-90FEB630CB02}</UniqueIdentifier>
    </Filter>
    <Filter Include="tutorials\tutorial_3\cpp">
      <UniqueIdentifier>{4971B700-416E-6745-BD2F-422EA546B065}</UniqueIdentifier>
    </Filter>
    <Filter Include="tutorials\tutorial_3\cpp\behaviac_generated">
      <UniqueIdentifier>{8472492F-FE22-844E-AA5F-586D653F302C}</UniqueIdentifier>
    </Filter>
    <Filter Include="tutorials\tutorial_3\cpp\behaviac_generated\types">
      <UniqueIdentifier>{D818C62E-A43D-AC43-9873-9B0794DC7EC9}</UniqueIdentifier>
    </Filter>
    <Filter Include="tutorials\tutorial_3\cpp\behaviac_generated\types\internal">
      <UniqueIdentifier>{61FD105C-CF4D-7B4E-9140-C3E3AF1CC196}</UniqueIdentifier>
    </Filter>
  </ItemGroup>
  <ItemGroup>
    <ClInclude Include="..\..\tutorials\tutorial_3\cpp\behaviac_generated\types\behaviac_types.h">
      <Filter>tutorials\tutorial_3\cpp\behaviac_generated\types</Filter>
    </ClInclude>
    <ClInclude Include="..\..\tutorials\tutorial_3\cpp\behaviac_generated\types\internal\behaviac_agent_headers.h">
      <Filter>tutorials\tutorial_3\cpp\behaviac_generated\types\internal</Filter>
    </ClInclude>
    <ClInclude Include="..\..\tutorials\tutorial_3\cpp\behaviac_generated\types\internal\behaviac_agent_member_visitor.h">
      <Filter>tutorials\tutorial_3\cpp\behaviac_generated\types\internal</Filter>
    </ClInclude>
    <ClInclude Include="..\..\tutorials\tutorial_3\cpp\behaviac_generated\types\internal\behaviac_agent_meta.h">
      <Filter>tutorials\tutorial_3\cpp\behaviac_generated\types\internal</Filter>
    </ClInclude>
    <ClInclude Include="..\..\tutorials\tutorial_3\cpp\behaviac_generated\types\internal\behaviac_headers.h">
      <Filter>tutorials\tutorial_3\cpp\behaviac_generated\types\internal</Filter>
    </ClInclude>
    <ClInclude Include="..\..\tutorials\tutorial_3\cpp\behaviac_generated\types\internal\FirstAgent.h">
      <Filter>tutorials\tutorial_3\cpp\behaviac_generated\types\internal</Filter>
    </ClInclude>
    <ClInclude Include="..\..\tutorials\tutorial_3\cpp\behaviac_generated\types\internal\SecondAgent.h">
      <Filter>tutorials\tutorial_3\cpp\behaviac_generated\types\internal</Filter>
    </ClInclude>
  </ItemGroup>
  <ItemGroup>
    <ClCompile Include="..\..\tutorials\tutorial_3\cpp\tutorial_3.cpp">
      <Filter>tutorials\tutorial_3\cpp</Filter>
    </ClCompile>
    <ClCompile Include="..\..\tutorials\tutorial_3\cpp\behaviac_generated\types\internal\behaviac_agent_meta.cpp">
      <Filter>tutorials\tutorial_3\cpp\behaviac_generated\types\internal</Filter>
    </ClCompile>
    <ClCompile Include="..\..\tutorials\tutorial_3\cpp\behaviac_generated\types\internal\FirstAgent.cpp">
      <Filter>tutorials\tutorial_3\cpp\behaviac_generated\types\internal</Filter>
    </ClCompile>
    <ClCompile Include="..\..\tutorials\tutorial_3\cpp\behaviac_generated\types\internal\SecondAgent.cpp">
      <Filter>tutorials\tutorial_3\cpp\behaviac_generated\types\internal</Filter>
    </ClCompile>
  </ItemGroup>
</Project>
