<?xml version="1.0" encoding="utf-8"?>
<Project ToolsVersion="4.0" xmlns="http://schemas.microsoft.com/developer/msbuild/2003">
  <ItemGroup>
    <Filter Include="tutorials">
      <UniqueIdentifier>{8E3621BD-F529-8346-99CF-57EFD31B547F}</UniqueIdentifier>
    </Filter>
    <Filter Include="tutorials\tutorial_4">
      <UniqueIdentifier>{6643BD47-DC35-874B-ABBB-7C8240A41DF0}</UniqueIdentifier>
    </Filter>
    <Filter Include="tutorials\tutorial_4\cpp">
      <UniqueIdentifier>{56809A1B-DC23-8D4A-A886-398CB68CD117}</UniqueIdentifier>
    </Filter>
    <Filter Include="tutorials\tutorial_4\cpp\behaviac_generated">
      <UniqueIdentifier>{6072B9E1-111B-DF40-BB91-BF8D920B6D0B}</UniqueIdentifier>
    </Filter>
    <Filter Include="tutorials\tutorial_4\cpp\behaviac_generated\types">
      <UniqueIdentifier>{1018DD52-A2AB-9349-96E2-705F69442EB3}</UniqueIdentifier>
    </Filter>
    <Filter Include="tutorials\tutorial_4\cpp\behaviac_generated\types\internal">
      <UniqueIdentifier>{57809AD2-BBDD-AC49-86DC-9A25ECB0FB93}</UniqueIdentifier>
    </Filter>
  </ItemGroup>
  <ItemGroup>
    <ClInclude Include="..\..\tutorials\tutorial_4\cpp\behaviac_generated\types\behaviac_types.h">
      <Filter>tutorials\tutorial_4\cpp\behaviac_generated\types</Filter>
    </ClInclude>
    <ClInclude Include="..\..\tutorials\tutorial_4\cpp\behaviac_generated\types\internal\behaviac_agent_headers.h">
      <Filter>tutorials\tutorial_4\cpp\behaviac_generated\types\internal</Filter>
    </ClInclude>
    <ClInclude Include="..\..\tutorials\tutorial_4\cpp\behaviac_generated\types\internal\behaviac_agent_member_visitor.h">
      <Filter>tutorials\tutorial_4\cpp\behaviac_generated\types\internal</Filter>
    </ClInclude>
    <ClInclude Include="..\..\tutorials\tutorial_4\cpp\behaviac_generated\types\internal\behaviac_agent_meta.h">
      <Filter>tutorials\tutorial_4\cpp\behaviac_generated\types\internal</Filter>
    </ClInclude>
    <ClInclude Include="..\..\tutorials\tutorial_4\cpp\behaviac_generated\types\internal\behaviac_headers.h">
      <Filter>tutorials\tutorial_4\cpp\behaviac_generated\types\internal</Filter>
    </ClInclude>
    <ClInclude Include="..\..\tutorials\tutorial_4\cpp\behaviac_generated\types\internal\FirstAgent.h">
      <Filter>tutorials\tutorial_4\cpp\behaviac_generated\types\internal</Filter>
    </ClInclude>
  </ItemGroup>
  <ItemGroup>
    <ClCompile Include="..\..\tutorials\tutorial_4\cpp\tutorial_4.cpp">
      <Filter>tutorials\tutorial_4\cpp</Filter>
    </ClCompile>
    <ClCompile Include="..\..\tutorials\tutorial_4\cpp\behaviac_generated\types\internal\behaviac_agent_meta.cpp">
      <Filter>tutorials\tutorial_4\cpp\behaviac_generated\types\internal</Filter>
    </ClCompile>
    <ClCompile Include="..\..\tutorials\tutorial_4\cpp\behaviac_generated\types\internal\FirstAgent.cpp">
      <Filter>tutorials\tutorial_4\cpp\behaviac_generated\types\internal</Filter>
    </ClCompile>
  </ItemGroup>
</Project>
