<?xml version="1.0" encoding="utf-8"?>
<Project ToolsVersion="4.0" xmlns="http://schemas.microsoft.com/developer/msbuild/2003">
  <ItemGroup>
    <Filter Include="tutorials">
      <UniqueIdentifier>{75D9E1B7-46EB-6D48-BD2F-4D2559E20E33}</UniqueIdentifier>
    </Filter>
    <Filter Include="tutorials\tutorial_3">
      <UniqueIdentifier>{429899C5-C728-7E48-9316-8A511CA52055}</UniqueIdentifier>
    </Filter>
    <Filter Include="tutorials\tutorial_3\cpp">
      <UniqueIdentifier>{FDB26833-26EE-B94C-B15F-BD107405EDBD}</UniqueIdentifier>
    </Filter>
    <Filter Include="tutorials\tutorial_3\cpp\behaviac_generated">
      <UniqueIdentifier>{785BC0C5-9A6E-F74D-A8E8-86960686CFA2}</UniqueIdentifier>
    </Filter>
    <Filter Include="tutorials\tutorial_3\cpp\behaviac_generated\types">
      <UniqueIdentifier>{4FAEAF7A-C6F1-8F4E-BF74-23B59F35EF25}</UniqueIdentifier>
    </Filter>
    <Filter Include="tutorials\tutorial_3\cpp\behaviac_generated\types\internal">
      <UniqueIdentifier>{60BE49CB-6B2E-B64B-ACA1-2868873503CC}</UniqueIdentifier>
    </Filter>
  </ItemGroup>
  <ItemGroup>
    <ClInclude Include="..\..\tutorials\tutorial_3\cpp\behaviac_generated\types\behaviac_types.h">
      <Filter>tutorials\tutorial_3\cpp\behaviac_generated\types</Filter>
    </ClInclude>
    <ClInclude Include="..\..\tutorials\tutorial_3\cpp\behaviac_generated\types\internal\behaviac_agent_headers.h">
      <Filter>tutorials\tutorial_3\cpp\behaviac_generated\types\internal</Filter>
    </ClInclude>
    <ClInclude Include="..\..\tutorials\tutorial_3\cpp\behaviac_generated\types\internal\behaviac_agent_member_visitor.h">
      <Filter>tutorials\tutorial_3\cpp\behaviac_generated\types\internal</Filter>
    </ClInclude>
    <ClInclude Include="..\..\tutorials\tutorial_3\cpp\behaviac_generated\types\internal\behaviac_agent_meta.h">
      <Filter>tutorials\tutorial_3\cpp\behaviac_generated\types\internal</Filter>
    </ClInclude>
    <ClInclude Include="..\..\tutorials\tutorial_3\cpp\behaviac_generated\types\internal\behaviac_headers.h">
      <Filter>tutorials\tutorial_3\cpp\behaviac_generated\types\internal</Filter>
    </ClInclude>
    <ClInclude Include="..\..\tutorials\tutorial_3\cpp\behaviac_generated\types\internal\FirstAgent.h">
      <Filter>tutorials\tutorial_3\cpp\behaviac_generated\types\internal</Filter>
    </ClInclude>
    <ClInclude Include="..\..\tutorials\tutorial_3\cpp\behaviac_generated\types\internal\SecondAgent.h">
      <Filter>tutorials\tutorial_3\cpp\behaviac_generated\types\internal</Filter>
    </ClInclude>
  </ItemGroup>
  <ItemGroup>
    <ClCompile Include="..\..\tutorials\tutorial_3\cpp\tutorial_3.cpp">
      <Filter>tutorials\tutorial_3\cpp</Filter>
    </ClCompile>
    <ClCompile Include="..\..\tutorials\tutorial_3\cpp\behaviac_generated\types\internal\behaviac_agent_meta.cpp">
      <Filter>tutorials\tutorial_3\cpp\behaviac_generated\types\internal</Filter>
    </ClCompile>
    <ClCompile Include="..\..\tutorials\tutorial_3\cpp\behaviac_generated\types\internal\FirstAgent.cpp">
      <Filter>tutorials\tutorial_3\cpp\behaviac_generated\types\internal</Filter>
    </ClCompile>
    <ClCompile Include="..\..\tutorials\tutorial_3\cpp\behaviac_generated\types\internal\SecondAgent.cpp">
      <Filter>tutorials\tutorial_3\cpp\behaviac_generated\types\internal</Filter>
    </ClCompile>
  </ItemGroup>
</Project>
