<?xml version="1.0" encoding="utf-8"?>
<Project ToolsVersion="4.0" xmlns="http://schemas.microsoft.com/developer/msbuild/2003">
  <ItemGroup>
    <Filter Include="tutorials">
      <UniqueIdentifier>{1AD385FD-0814-934E-A451-F1956C3587BE}</UniqueIdentifier>
    </Filter>
    <Filter Include="tutorials\tutorial_1_2">
      <UniqueIdentifier>{26F74CB5-84C0-DC46-9A73-252AA914A0FF}</UniqueIdentifier>
    </Filter>
    <Filter Include="tutorials\tutorial_1_2\cpp">
      <UniqueIdentifier>{F7DE8AEB-55AC-D749-896C-BD749D46D081}</UniqueIdentifier>
    </Filter>
    <Filter Include="tutorials\tutorial_1_2\cpp\behaviac_generated">
      <UniqueIdentifier>{015913D3-403B-D641-A7AB-C2EB30AA0217}</UniqueIdentifier>
    </Filter>
    <Filter Include="tutorials\tutorial_1_2\cpp\behaviac_generated\types">
      <UniqueIdentifier>{16F4A258-8311-864F-BDCC-E9AD30DBE4DF}</UniqueIdentifier>
    </Filter>
    <Filter Include="tutorials\tutorial_1_2\cpp\behaviac_generated\types\internal">
      <UniqueIdentifier>{A963AFD1-3467-2446-B3B3-F129452CB6C4}</UniqueIdentifier>
    </Filter>
  </ItemGroup>
  <ItemGroup>
    <ClInclude Include="..\..\tutorials\tutorial_1_2\cpp\SecondAgent.h">
      <Filter>tutorials\tutorial_1_2\cpp</Filter>
    </ClInclude>
    <ClInclude Include="..\..\tutorials\tutorial_1_2\cpp\behaviac_generated\types\behaviac_types.h">
      <Filter>tutorials\tutorial_1_2\cpp\behaviac_generated\types</Filter>
    </ClInclude>
    <ClInclude Include="..\..\tutorials\tutorial_1_2\cpp\behaviac_generated\types\internal\behaviac_agent_headers.h">
      <Filter>tutorials\tutorial_1_2\cpp\behaviac_generated\types\internal</Filter>
    </ClInclude>
    <ClInclude Include="..\..\tutorials\tutorial_1_2\cpp\behaviac_generated\types\internal\behaviac_agent_member_visitor.h">
      <Filter>tutorials\tutorial_1_2\cpp\behaviac_generated\types\internal</Filter>
    </ClInclude>
    <ClInclude Include="..\..\tutorials\tutorial_1_2\cpp\behaviac_generated\types\internal\behaviac_agent_meta.h">
      <Filter>tutorials\tutorial_1_2\cpp\behaviac_generated\types\internal</Filter>
    </ClInclude>
    <ClInclude Include="..\..\tutorials\tutorial_1_2\cpp\behaviac_generated\types\internal\behaviac_headers.h">
      <Filter>tutorials\tutorial_1_2\cpp\behaviac_generated\types\internal</Filter>
    </ClInclude>
  </ItemGroup>
  <ItemGroup>
    <ClCompile Include="..\..\tutorials\tutorial_1_2\cpp\SecondAgent.cpp">
      <Filter>tutorials\tutorial_1_2\cpp</Filter>
    </ClCompile>
    <ClCompile Include="..\..\tutorials\tutorial_1_2\cpp\tutorial_1_2.cpp">
      <Filter>tutorials\tutorial_1_2\cpp</Filter>
    </ClCompile>
    <ClCompile Include="..\..\tutorials\tutorial_1_2\cpp\behaviac_generated\types\internal\behaviac_agent_meta.cpp">
      <Filter>tutorials\tutorial_1_2\cpp\behaviac_generated\types\internal</Filter>
    </ClCompile>
  </ItemGroup>
</Project>
