<?xml version="1.0" encoding="utf-8"?>
<Project ToolsVersion="4.0" xmlns="http://schemas.microsoft.com/developer/msbuild/2003">
  <ItemGroup>
    <Filter Include="tutorials">
      <UniqueIdentifier>{D051C665-55B1-6A4C-B3F4-E6C0D56BA5DB}</UniqueIdentifier>
    </Filter>
    <Filter Include="tutorials\tutorial_1_1">
      <UniqueIdentifier>{94A1D30D-67BC-344F-9DDB-E979C0F6DFC2}</UniqueIdentifier>
    </Filter>
    <Filter Include="tutorials\tutorial_1_1\cpp">
      <UniqueIdentifier>{B653F180-3234-4D4F-B228-ACA6E746E0B6}</UniqueIdentifier>
    </Filter>
    <Filter Include="tutorials\tutorial_1_1\cpp\behaviac_generated">
      <UniqueIdentifier>{4345BA21-003B-D94F-AABB-C130F35343C0}</UniqueIdentifier>
    </Filter>
    <Filter Include="tutorials\tutorial_1_1\cpp\behaviac_generated\types">
      <UniqueIdentifier>{408D25A7-BDA0-B846-A938-8F8C44B2DAE7}</UniqueIdentifier>
    </Filter>
    <Filter Include="tutorials\tutorial_1_1\cpp\behaviac_generated\types\internal">
      <UniqueIdentifier>{94D209A0-355E-F040-83B6-36DCB83C5CA7}</UniqueIdentifier>
    </Filter>
  </ItemGroup>
  <ItemGroup>
    <ClInclude Include="..\..\tutorials\tutorial_1_1\cpp\behaviac_generated\types\behaviac_types.h">
      <Filter>tutorials\tutorial_1_1\cpp\behaviac_generated\types</Filter>
    </ClInclude>
    <ClInclude Include="..\..\tutorials\tutorial_1_1\cpp\behaviac_generated\types\internal\behaviac_agent_headers.h">
      <Filter>tutorials\tutorial_1_1\cpp\behaviac_generated\types\internal</Filter>
    </ClInclude>
    <ClInclude Include="..\..\tutorials\tutorial_1_1\cpp\behaviac_generated\types\internal\behaviac_agent_member_visitor.h">
      <Filter>tutorials\tutorial_1_1\cpp\behaviac_generated\types\internal</Filter>
    </ClInclude>
    <ClInclude Include="..\..\tutorials\tutorial_1_1\cpp\behaviac_generated\types\internal\behaviac_agent_meta.h">
      <Filter>tutorials\tutorial_1_1\cpp\behaviac_generated\types\internal</Filter>
    </ClInclude>
    <ClInclude Include="..\..\tutorials\tutorial_1_1\cpp\behaviac_generated\types\internal\behaviac_headers.h">
      <Filter>tutorials\tutorial_1_1\cpp\behaviac_generated\types\internal</Filter>
    </ClInclude>
    <ClInclude Include="..\..\tutorials\tutorial_1_1\cpp\behaviac_generated\types\internal\FirstAgent.h">
      <Filter>tutorials\tutorial_1_1\cpp\behaviac_generated\types\internal</Filter>
    </ClInclude>
  </ItemGroup>
  <ItemGroup>
    <ClCompile Include="..\..\tutorials\tutorial_1_1\cpp\tutorial_1_1.cpp">
      <Filter>tutorials\tutorial_1_1\cpp</Filter>
    </ClCompile>
    <ClCompile Include="..\..\tutorials\tutorial_1_1\cpp\behaviac_generated\types\internal\behaviac_agent_meta.cpp">
      <Filter>tutorials\tutorial_1_1\cpp\behaviac_generated\types\internal</Filter>
    </ClCompile>
    <ClCompile Include="..\..\tutorials\tutorial_1_1\cpp\behaviac_generated\types\internal\FirstAgent.cpp">
      <Filter>tutorials\tutorial_1_1\cpp\behaviac_generated\types\internal</Filter>
    </ClCompile>
  </ItemGroup>
</Project>
