<?xml version="1.0" encoding="utf-8"?>
<Project ToolsVersion="4.0" xmlns="http://schemas.microsoft.com/developer/msbuild/2003">
  <ItemGroup>
    <Filter Include="tutorials">
      <UniqueIdentifier>{6415883B-2BF8-B543-A801-844836E4F07A}</UniqueIdentifier>
    </Filter>
    <Filter Include="tutorials\tutorial_1_2">
      <UniqueIdentifier>{9BBDA873-A40E-4241-A666-0D392A54381A}</UniqueIdentifier>
    </Filter>
    <Filter Include="tutorials\tutorial_1_2\cpp">
      <UniqueIdentifier>{52C5D46E-66C1-A845-80D4-A731CEA8F860}</UniqueIdentifier>
    </Filter>
    <Filter Include="tutorials\tutorial_1_2\cpp\behaviac_generated">
      <UniqueIdentifier>{B8588007-003B-7541-8C3F-727DF6C0A169}</UniqueIdentifier>
    </Filter>
    <Filter Include="tutorials\tutorial_1_2\cpp\behaviac_generated\types">
      <UniqueIdentifier>{EC8BDC0A-0F8B-5B40-B8FE-B4927F25F584}</UniqueIdentifier>
    </Filter>
    <Filter Include="tutorials\tutorial_1_2\cpp\behaviac_generated\types\internal">
      <UniqueIdentifier>{D53FAD84-D98B-BD44-A470-FA6789C6E73B}</UniqueIdentifier>
    </Filter>
  </ItemGroup>
  <ItemGroup>
    <ClInclude Include="..\..\tutorials\tutorial_1_2\cpp\SecondAgent.h">
      <Filter>tutorials\tutorial_1_2\cpp</Filter>
    </ClInclude>
    <ClInclude Include="..\..\tutorials\tutorial_1_2\cpp\behaviac_generated\types\behaviac_types.h">
      <Filter>tutorials\tutorial_1_2\cpp\behaviac_generated\types</Filter>
    </ClInclude>
    <ClInclude Include="..\..\tutorials\tutorial_1_2\cpp\behaviac_generated\types\internal\behaviac_agent_headers.h">
      <Filter>tutorials\tutorial_1_2\cpp\behaviac_generated\types\internal</Filter>
    </ClInclude>
    <ClInclude Include="..\..\tutorials\tutorial_1_2\cpp\behaviac_generated\types\internal\behaviac_agent_member_visitor.h">
      <Filter>tutorials\tutorial_1_2\cpp\behaviac_generated\types\internal</Filter>
    </ClInclude>
    <ClInclude Include="..\..\tutorials\tutorial_1_2\cpp\behaviac_generated\types\internal\behaviac_agent_meta.h">
      <Filter>tutorials\tutorial_1_2\cpp\behaviac_generated\types\internal</Filter>
    </ClInclude>
    <ClInclude Include="..\..\tutorials\tutorial_1_2\cpp\behaviac_generated\types\internal\behaviac_headers.h">
      <Filter>tutorials\tutorial_1_2\cpp\behaviac_generated\types\internal</Filter>
    </ClInclude>
  </ItemGroup>
  <ItemGroup>
    <ClCompile Include="..\..\tutorials\tutorial_1_2\cpp\SecondAgent.cpp">
      <Filter>tutorials\tutorial_1_2\cpp</Filter>
    </ClCompile>
    <ClCompile Include="..\..\tutorials\tutorial_1_2\cpp\tutorial_1_2.cpp">
      <Filter>tutorials\tutorial_1_2\cpp</Filter>
    </ClCompile>
    <ClCompile Include="..\..\tutorials\tutorial_1_2\cpp\behaviac_generated\types\internal\behaviac_agent_meta.cpp">
      <Filter>tutorials\tutorial_1_2\cpp\behaviac_generated\types\internal</Filter>
    </ClCompile>
  </ItemGroup>
</Project>
