<?xml version="1.0" encoding="utf-8"?>
<Project ToolsVersion="4.0" xmlns="http://schemas.microsoft.com/developer/msbuild/2003">
  <ItemGroup>
    <Filter Include="tutorials">
      <UniqueIdentifier>{16949799-582E-6A49-8D80-FD0B99E0D371}</UniqueIdentifier>
    </Filter>
    <Filter Include="tutorials\tutorial_3">
      <UniqueIdentifier>{FA931898-1CC9-5643-A1B9-6C0FC0D4E881}</UniqueIdentifier>
    </Filter>
    <Filter Include="tutorials\tutorial_3\cpp">
      <UniqueIdentifier>{DBA41AA0-66C9-8B43-95FB-DAAAA03BA13C}</UniqueIdentifier>
    </Filter>
    <Filter Include="tutorials\tutorial_3\cpp\behaviac_generated">
      <UniqueIdentifier>{7E364C24-8645-1E47-B360-0396302646D0}</UniqueIdentifier>
    </Filter>
    <Filter Include="tutorials\tutorial_3\cpp\behaviac_generated\types">
      <UniqueIdentifier>{3188BB4A-3381-184C-8FF9-EE24D2E1E52F}</UniqueIdentifier>
    </Filter>
    <Filter Include="tutorials\tutorial_3\cpp\behaviac_generated\types\internal">
      <UniqueIdentifier>{23014494-1A6E-AC46-BF49-758DE70422FA}</UniqueIdentifier>
    </Filter>
  </ItemGroup>
  <ItemGroup>
    <ClInclude Include="..\..\tutorials\tutorial_3\cpp\behaviac_generated\types\behaviac_types.h">
      <Filter>tutorials\tutorial_3\cpp\behaviac_generated\types</Filter>
    </ClInclude>
    <ClInclude Include="..\..\tutorials\tutorial_3\cpp\behaviac_generated\types\internal\behaviac_agent_headers.h">
      <Filter>tutorials\tutorial_3\cpp\behaviac_generated\types\internal</Filter>
    </ClInclude>
    <ClInclude Include="..\..\tutorials\tutorial_3\cpp\behaviac_generated\types\internal\behaviac_agent_member_visitor.h">
      <Filter>tutorials\tutorial_3\cpp\behaviac_generated\types\internal</Filter>
    </ClInclude>
    <ClInclude Include="..\..\tutorials\tutorial_3\cpp\behaviac_generated\types\internal\behaviac_agent_meta.h">
      <Filter>tutorials\tutorial_3\cpp\behaviac_generated\types\internal</Filter>
    </ClInclude>
    <ClInclude Include="..\..\tutorials\tutorial_3\cpp\behaviac_generated\types\internal\behaviac_headers.h">
      <Filter>tutorials\tutorial_3\cpp\behaviac_generated\types\internal</Filter>
    </ClInclude>
    <ClInclude Include="..\..\tutorials\tutorial_3\cpp\behaviac_generated\types\internal\FirstAgent.h">
      <Filter>tutorials\tutorial_3\cpp\behaviac_generated\types\internal</Filter>
    </ClInclude>
    <ClInclude Include="..\..\tutorials\tutorial_3\cpp\behaviac_generated\types\internal\SecondAgent.h">
      <Filter>tutorials\tutorial_3\cpp\behaviac_generated\types\internal</Filter>
    </ClInclude>
  </ItemGroup>
  <ItemGroup>
    <ClCompile Include="..\..\tutorials\tutorial_3\cpp\tutorial_3.cpp">
      <Filter>tutorials\tutorial_3\cpp</Filter>
    </ClCompile>
    <ClCompile Include="..\..\tutorials\tutorial_3\cpp\behaviac_generated\types\internal\behaviac_agent_meta.cpp">
      <Filter>tutorials\tutorial_3\cpp\behaviac_generated\types\internal</Filter>
    </ClCompile>
    <ClCompile Include="..\..\tutorials\tutorial_3\cpp\behaviac_generated\types\internal\FirstAgent.cpp">
      <Filter>tutorials\tutorial_3\cpp\behaviac_generated\types\internal</Filter>
    </ClCompile>
    <ClCompile Include="..\..\tutorials\tutorial_3\cpp\behaviac_generated\types\internal\SecondAgent.cpp">
      <Filter>tutorials\tutorial_3\cpp\behaviac_generated\types\internal</Filter>
    </ClCompile>
  </ItemGroup>
</Project>
