<?xml version="1.0" encoding="utf-8"?>
<Project ToolsVersion="4.0" xmlns="http://schemas.microsoft.com/developer/msbuild/2003">
  <ItemGroup>
    <Filter Include="tutorials">
      <UniqueIdentifier>{2F644081-C0AD-2E4B-907C-1AF4C9B90532}</UniqueIdentifier>
    </Filter>
    <Filter Include="tutorials\tutorial_6">
      <UniqueIdentifier>{8C87CFC0-6D02-F542-88AE-08513AB3C584}</UniqueIdentifier>
    </Filter>
    <Filter Include="tutorials\tutorial_6\cpp">
      <UniqueIdentifier>{8088D0D3-FD4A-FC4C-9E87-EC6B0A405721}</UniqueIdentifier>
    </Filter>
    <Filter Include="tutorials\tutorial_6\cpp\behaviac_generated">
      <UniqueIdentifier>{C677735D-0D94-BA43-8717-41933C386966}</UniqueIdentifier>
    </Filter>
    <Filter Include="tutorials\tutorial_6\cpp\behaviac_generated\types">
      <UniqueIdentifier>{048469F2-10AF-D149-8BA3-51E93935108E}</UniqueIdentifier>
    </Filter>
    <Filter Include="tutorials\tutorial_6\cpp\behaviac_generated\types\internal">
      <UniqueIdentifier>{3C196BAA-9674-E14F-9956-4D73BCCE7D13}</UniqueIdentifier>
    </Filter>
  </ItemGroup>
  <ItemGroup>
    <ClInclude Include="..\..\tutorials\tutorial_6\cpp\behaviac_generated\types\behaviac_types.h">
      <Filter>tutorials\tutorial_6\cpp\behaviac_generated\types</Filter>
    </ClInclude>
    <ClInclude Include="..\..\tutorials\tutorial_6\cpp\behaviac_generated\types\internal\behaviac_agent_headers.h">
      <Filter>tutorials\tutorial_6\cpp\behaviac_generated\types\internal</Filter>
    </ClInclude>
    <ClInclude Include="..\..\tutorials\tutorial_6\cpp\behaviac_generated\types\internal\behaviac_agent_member_visitor.h">
      <Filter>tutorials\tutorial_6\cpp\behaviac_generated\types\internal</Filter>
    </ClInclude>
    <ClInclude Include="..\..\tutorials\tutorial_6\cpp\behaviac_generated\types\internal\behaviac_agent_meta.h">
      <Filter>tutorials\tutorial_6\cpp\behaviac_generated\types\internal</Filter>
    </ClInclude>
    <ClInclude Include="..\..\tutorials\tutorial_6\cpp\behaviac_generated\types\internal\behaviac_headers.h">
      <Filter>tutorials\tutorial_6\cpp\behaviac_generated\types\internal</Filter>
    </ClInclude>
    <ClInclude Include="..\..\tutorials\tutorial_6\cpp\behaviac_generated\types\internal\FirstAgent.h">
      <Filter>tutorials\tutorial_6\cpp\behaviac_generated\types\internal</Filter>
    </ClInclude>
  </ItemGroup>
  <ItemGroup>
    <ClCompile Include="..\..\tutorials\tutorial_6\cpp\tutorial_6.cpp">
      <Filter>tutorials\tutorial_6\cpp</Filter>
    </ClCompile>
    <ClCompile Include="..\..\tutorials\tutorial_6\cpp\behaviac_generated\types\internal\behaviac_agent_meta.cpp">
      <Filter>tutorials\tutorial_6\cpp\behaviac_generated\types\internal</Filter>
    </ClCompile>
    <ClCompile Include="..\..\tutorials\tutorial_6\cpp\behaviac_generated\types\internal\FirstAgent.cpp">
      <Filter>tutorials\tutorial_6\cpp\behaviac_generated\types\internal</Filter>
    </ClCompile>
  </ItemGroup>
</Project>
