<?xml version="1.0" encoding="utf-8"?>
<Project ToolsVersion="4.0" xmlns="http://schemas.microsoft.com/developer/msbuild/2003">
  <ItemGroup>
    <Filter Include="tutorials">
      <UniqueIdentifier>{9B696A84-1FA8-994D-A268-3197007D937C}</UniqueIdentifier>
    </Filter>
    <Filter Include="tutorials\tutorial_1_1">
      <UniqueIdentifier>{DF7D9AB5-4079-B549-81D7-2C8A9884AF34}</UniqueIdentifier>
    </Filter>
    <Filter Include="tutorials\tutorial_1_1\cpp">
      <UniqueIdentifier>{4EBC3A07-8754-5B40-8446-27C53841225B}</UniqueIdentifier>
    </Filter>
    <Filter Include="tutorials\tutorial_1_1\cpp\behaviac_generated">
      <UniqueIdentifier>{A4C44768-C4CA-9146-80B3-D234824E200F}</UniqueIdentifier>
    </Filter>
    <Filter Include="tutorials\tutorial_1_1\cpp\behaviac_generated\types">
      <UniqueIdentifier>{4746036E-AF03-654E-99C8-37075BD61CF5}</UniqueIdentifier>
    </Filter>
    <Filter Include="tutorials\tutorial_1_1\cpp\behaviac_generated\types\internal">
      <UniqueIdentifier>{F7C029DC-DA4B-E142-BF4E-E35A8A7B7CD0}</UniqueIdentifier>
    </Filter>
  </ItemGroup>
  <ItemGroup>
    <ClInclude Include="..\..\tutorials\tutorial_1_1\cpp\behaviac_generated\types\behaviac_types.h">
      <Filter>tutorials\tutorial_1_1\cpp\behaviac_generated\types</Filter>
    </ClInclude>
    <ClInclude Include="..\..\tutorials\tutorial_1_1\cpp\behaviac_generated\types\internal\behaviac_agent_headers.h">
      <Filter>tutorials\tutorial_1_1\cpp\behaviac_generated\types\internal</Filter>
    </ClInclude>
    <ClInclude Include="..\..\tutorials\tutorial_1_1\cpp\behaviac_generated\types\internal\behaviac_agent_member_visitor.h">
      <Filter>tutorials\tutorial_1_1\cpp\behaviac_generated\types\internal</Filter>
    </ClInclude>
    <ClInclude Include="..\..\tutorials\tutorial_1_1\cpp\behaviac_generated\types\internal\behaviac_agent_meta.h">
      <Filter>tutorials\tutorial_1_1\cpp\behaviac_generated\types\internal</Filter>
    </ClInclude>
    <ClInclude Include="..\..\tutorials\tutorial_1_1\cpp\behaviac_generated\types\internal\behaviac_headers.h">
      <Filter>tutorials\tutorial_1_1\cpp\behaviac_generated\types\internal</Filter>
    </ClInclude>
    <ClInclude Include="..\..\tutorials\tutorial_1_1\cpp\behaviac_generated\types\internal\FirstAgent.h">
      <Filter>tutorials\tutorial_1_1\cpp\behaviac_generated\types\internal</Filter>
    </ClInclude>
  </ItemGroup>
  <ItemGroup>
    <ClCompile Include="..\..\tutorials\tutorial_1_1\cpp\tutorial_1_1.cpp">
      <Filter>tutorials\tutorial_1_1\cpp</Filter>
    </ClCompile>
    <ClCompile Include="..\..\tutorials\tutorial_1_1\cpp\behaviac_generated\types\internal\behaviac_agent_meta.cpp">
      <Filter>tutorials\tutorial_1_1\cpp\behaviac_generated\types\internal</Filter>
    </ClCompile>
    <ClCompile Include="..\..\tutorials\tutorial_1_1\cpp\behaviac_generated\types\internal\FirstAgent.cpp">
      <Filter>tutorials\tutorial_1_1\cpp\behaviac_generated\types\internal</Filter>
    </ClCompile>
  </ItemGroup>
</Project>
