<?xml version="1.0" encoding="utf-8"?>
<Project ToolsVersion="4.0" xmlns="http://schemas.microsoft.com/developer/msbuild/2003">
  <ItemGroup>
    <Filter Include="test">
      <UniqueIdentifier>{4BBAB5C7-C104-464D-B680-A422B52ACB2B}</UniqueIdentifier>
    </Filter>
    <Filter Include="test\usertest">
      <UniqueIdentifier>{4D56BE5E-2A72-DD4E-AD12-1B489ACCE746}</UniqueIdentifier>
    </Filter>
    <Filter Include="test\usertest\behaviac">
      <UniqueIdentifier>{97CAC012-51C8-DC48-84F6-5072B93CA7FF}</UniqueIdentifier>
    </Filter>
    <Filter Include="test\usertest\behaviac\exported">
      <UniqueIdentifier>{EAB33826-EE9E-564C-B356-69AFD160FAB9}</UniqueIdentifier>
    </Filter>
    <Filter Include="test\usertest\behaviac\exported\behaviac_generated">
      <UniqueIdentifier>{DDAA713B-E879-1A4B-B65E-1A0BFA4B5FD1}</UniqueIdentifier>
    </Filter>
    <Filter Include="test\usertest\behaviac\exported\behaviac_generated\behaviors">
      <UniqueIdentifier>{1575F741-7684-ED49-B1F1-A5B57F56A64B}</UniqueIdentifier>
    </Filter>
    <Filter Include="test\usertest\behaviac\exported\behaviac_generated\types">
      <UniqueIdentifier>{E12C3EBF-1D80-3146-AAF2-7D811850974A}</UniqueIdentifier>
    </Filter>
    <Filter Include="test\usertest\behaviac\exported\behaviac_generated\types\internal">
      <UniqueIdentifier>{7A7590A1-7D99-554F-8B08-36C2FD4BBDF7}</UniqueIdentifier>
    </Filter>
  </ItemGroup>
  <ItemGroup>
    <ClInclude Include="..\..\test\usertest\BTPlayer.h">
      <Filter>test\usertest</Filter>
    </ClInclude>
    <ClInclude Include="..\..\test\usertest\behaviac\exported\behaviac_generated\behaviors\behaviac_generated_behaviors.h">
      <Filter>test\usertest\behaviac\exported\behaviac_generated\behaviors</Filter>
    </ClInclude>
    <ClInclude Include="..\..\test\usertest\behaviac\exported\behaviac_generated\types\behaviac_types.h">
      <Filter>test\usertest\behaviac\exported\behaviac_generated\types</Filter>
    </ClInclude>
    <ClInclude Include="..\..\test\usertest\behaviac\exported\behaviac_generated\types\internal\behaviac_agent_headers.h">
      <Filter>test\usertest\behaviac\exported\behaviac_generated\types\internal</Filter>
    </ClInclude>
    <ClInclude Include="..\..\test\usertest\behaviac\exported\behaviac_generated\types\internal\behaviac_agent_member_visitor.h">
      <Filter>test\usertest\behaviac\exported\behaviac_generated\types\internal</Filter>
    </ClInclude>
    <ClInclude Include="..\..\test\usertest\behaviac\exported\behaviac_generated\types\internal\behaviac_agent_meta.h">
      <Filter>test\usertest\behaviac\exported\behaviac_generated\types\internal</Filter>
    </ClInclude>
    <ClInclude Include="..\..\test\usertest\behaviac\exported\behaviac_generated\types\internal\behaviac_headers.h">
      <Filter>test\usertest\behaviac\exported\behaviac_generated\types\internal</Filter>
    </ClInclude>
  </ItemGroup>
  <ItemGroup>
    <ClCompile Include="..\..\test\usertest\BTPlayer.cpp">
      <Filter>test\usertest</Filter>
    </ClCompile>
    <ClCompile Include="..\..\test\usertest\usertest.cpp">
      <Filter>test\usertest</Filter>
    </ClCompile>
    <ClCompile Include="..\..\test\usertest\behaviac\exported\behaviac_generated\behaviors\behaviac_generated_behaviors.cpp">
      <Filter>test\usertest\behaviac\exported\behaviac_generated\behaviors</Filter>
    </ClCompile>
    <ClCompile Include="..\..\test\usertest\behaviac\exported\behaviac_generated\types\internal\behaviac_agent_meta.cpp">
      <Filter>test\usertest\behaviac\exported\behaviac_generated\types\internal</Filter>
    </ClCompile>
  </ItemGroup>
</Project>
