<?xml version="1.0" encoding="utf-8"?>
<Project ToolsVersion="4.0" xmlns="http://schemas.microsoft.com/developer/msbuild/2003">
  <ItemGroup>
    <Filter Include="test">
      <UniqueIdentifier>{5C3B3681-06DF-E444-9E13-2229C3633D97}</UniqueIdentifier>
    </Filter>
    <Filter Include="test\usertest">
      <UniqueIdentifier>{8571E418-59C8-E044-9248-B876341BEA6A}</UniqueIdentifier>
    </Filter>
    <Filter Include="test\usertest\behaviac">
      <UniqueIdentifier>{7C3351B6-2F24-A640-9077-BDEB7CDF5246}</UniqueIdentifier>
    </Filter>
    <Filter Include="test\usertest\behaviac\exported">
      <UniqueIdentifier>{C7ED713B-43E9-FD44-842E-6F2BCF01264F}</UniqueIdentifier>
    </Filter>
    <Filter Include="test\usertest\behaviac\exported\behaviac_generated">
      <UniqueIdentifier>{A79D1808-468A-9940-B506-F4D0C76224AB}</UniqueIdentifier>
    </Filter>
    <Filter Include="test\usertest\behaviac\exported\behaviac_generated\behaviors">
      <UniqueIdentifier>{8C22C432-DCC5-D143-BC44-3BB2C3C32407}</UniqueIdentifier>
    </Filter>
    <Filter Include="test\usertest\behaviac\exported\behaviac_generated\types">
      <UniqueIdentifier>{485F8073-E857-8E49-9006-3A33EB969911}</UniqueIdentifier>
    </Filter>
    <Filter Include="test\usertest\behaviac\exported\behaviac_generated\types\internal">
      <UniqueIdentifier>{BD45F297-D270-2F40-AB46-916738BE196E}</UniqueIdentifier>
    </Filter>
  </ItemGroup>
  <ItemGroup>
    <ClInclude Include="..\..\test\usertest\BTPlayer.h">
      <Filter>test\usertest</Filter>
    </ClInclude>
    <ClInclude Include="..\..\test\usertest\behaviac\exported\behaviac_generated\behaviors\behaviac_generated_behaviors.h">
      <Filter>test\usertest\behaviac\exported\behaviac_generated\behaviors</Filter>
    </ClInclude>
    <ClInclude Include="..\..\test\usertest\behaviac\exported\behaviac_generated\types\behaviac_types.h">
      <Filter>test\usertest\behaviac\exported\behaviac_generated\types</Filter>
    </ClInclude>
    <ClInclude Include="..\..\test\usertest\behaviac\exported\behaviac_generated\types\internal\behaviac_agent_headers.h">
      <Filter>test\usertest\behaviac\exported\behaviac_generated\types\internal</Filter>
    </ClInclude>
    <ClInclude Include="..\..\test\usertest\behaviac\exported\behaviac_generated\types\internal\behaviac_agent_member_visitor.h">
      <Filter>test\usertest\behaviac\exported\behaviac_generated\types\internal</Filter>
    </ClInclude>
    <ClInclude Include="..\..\test\usertest\behaviac\exported\behaviac_generated\types\internal\behaviac_agent_meta.h">
      <Filter>test\usertest\behaviac\exported\behaviac_generated\types\internal</Filter>
    </ClInclude>
    <ClInclude Include="..\..\test\usertest\behaviac\exported\behaviac_generated\types\internal\behaviac_headers.h">
      <Filter>test\usertest\behaviac\exported\behaviac_generated\types\internal</Filter>
    </ClInclude>
  </ItemGroup>
  <ItemGroup>
    <ClCompile Include="..\..\test\usertest\BTPlayer.cpp">
      <Filter>test\usertest</Filter>
    </ClCompile>
    <ClCompile Include="..\..\test\usertest\usertest.cpp">
      <Filter>test\usertest</Filter>
    </ClCompile>
    <ClCompile Include="..\..\test\usertest\behaviac\exported\behaviac_generated\behaviors\behaviac_generated_behaviors.cpp">
      <Filter>test\usertest\behaviac\exported\behaviac_generated\behaviors</Filter>
    </ClCompile>
    <ClCompile Include="..\..\test\usertest\behaviac\exported\behaviac_generated\types\internal\behaviac_agent_meta.cpp">
      <Filter>test\usertest\behaviac\exported\behaviac_generated\types\internal</Filter>
    </ClCompile>
  </ItemGroup>
</Project>
