
Microsoft Visual Studio Solution File, Format Version 11.00
# Visual Studio 2010
Project("{8BC9CEB8-8B4A-11D0-8D11-00A0C91BC942}") = "behaviac", "behaviac.vcxproj", "{332CEEDC-7568-D84C-B9C6-B710915836ED}"
EndProject
Project("{8BC9CEB8-8B4A-11D0-8D11-00A0C91BC942}") = "btunittest", "btunittest.vcxproj", "{11901F7B-92C2-3F47-AF16-CFC9E299B05F}"
	ProjectSection(ProjectDependencies) = postProject
		{332CEEDC-7568-D84C-B9C6-B710915836ED} = {332CEEDC-7568-D84C-B9C6-B710915836ED}
	EndProjectSection
EndProject
Project("{8BC9CEB8-8B4A-11D0-8D11-00A0C91BC942}") = "btremotetest", "btremotetest.vcxproj", "{2D7C8CB3-FC1A-9843-A8D6-5B61EE8B5603}"
	ProjectSection(ProjectDependencies) = postProject
		{332CEEDC-7568-D84C-B9C6-B710915836ED} = {332CEEDC-7568-D84C-B9C6-B710915836ED}
	EndProjectSection
EndProject
Project("{8BC9CEB8-8B4A-11D0-8D11-00A0C91BC942}") = "btperformance", "btperformance.vcxproj", "{AA14B8FF-13A6-5B46-8309-58A07FC906F7}"
	ProjectSection(ProjectDependencies) = postProject
		{332CEEDC-7568-D84C-B9C6-B710915836ED} = {332CEEDC-7568-D84C-B9C6-B710915836ED}
	EndProjectSection
EndProject
Project("{8BC9CEB8-8B4A-11D0-8D11-00A0C91BC942}") = "demo_running", "demo_running.vcxproj", "{F9C2C05A-F608-9043-AA48-A302419EA029}"
	ProjectSection(ProjectDependencies) = postProject
		{332CEEDC-7568-D84C-B9C6-B710915836ED} = {332CEEDC-7568-D84C-B9C6-B710915836ED}
	EndProjectSection
EndProject
Project("{8BC9CEB8-8B4A-11D0-8D11-00A0C91BC942}") = "usertest", "usertest.vcxproj", "{3FE89CB8-B101-8C4B-B92F-BA0D2B3738A2}"
	ProjectSection(ProjectDependencies) = postProject
		{332CEEDC-7568-D84C-B9C6-B710915836ED} = {332CEEDC-7568-D84C-B9C6-B710915836ED}
	EndProjectSection
EndProject
Project("{8BC9CEB8-8B4A-11D0-8D11-00A0C91BC942}") = "tutorial_1", "tutorial_1.vcxproj", "{89C65EED-25EC-8046-996E-8F85A09DAFAE}"
	ProjectSection(ProjectDependencies) = postProject
		{332CEEDC-7568-D84C-B9C6-B710915836ED} = {332CEEDC-7568-D84C-B9C6-B710915836ED}
	EndProjectSection
EndProject
Project("{8BC9CEB8-8B4A-11D0-8D11-00A0C91BC942}") = "tutorial_1_1", "tutorial_1_1.vcxproj", "{D7488C68-D00E-144E-AE1C-29855F5A12B4}"
	ProjectSection(ProjectDependencies) = postProject
		{332CEEDC-7568-D84C-B9C6-B710915836ED} = {332CEEDC-7568-D84C-B9C6-B710915836ED}
	EndProjectSection
EndProject
Project("{8BC9CEB8-8B4A-11D0-8D11-00A0C91BC942}") = "tutorial_2", "tutorial_2.vcxproj", "{9F7A52B5-B49B-0C41-B369-3B113287B20F}"
	ProjectSection(ProjectDependencies) = postProject
		{332CEEDC-7568-D84C-B9C6-B710915836ED} = {332CEEDC-7568-D84C-B9C6-B710915836ED}
	EndProjectSection
EndProject
Project("{8BC9CEB8-8B4A-11D0-8D11-00A0C91BC942}") = "tutorial_3", "tutorial_3.vcxproj", "{9E9BEB93-3C7E-3F4F-8D33-57D5262F4C31}"
	ProjectSection(ProjectDependencies) = postProject
		{332CEEDC-7568-D84C-B9C6-B710915836ED} = {332CEEDC-7568-D84C-B9C6-B710915836ED}
	EndProjectSection
EndProject
Project("{8BC9CEB8-8B4A-11D0-8D11-00A0C91BC942}") = "tutorial_5", "tutorial_5.vcxproj", "{B7B8D2B9-6CD0-6741-813E-DE8F510C48AD}"
	ProjectSection(ProjectDependencies) = postProject
		{332CEEDC-7568-D84C-B9C6-B710915836ED} = {332CEEDC-7568-D84C-B9C6-B710915836ED}
	EndProjectSection
EndProject
Global
	GlobalSection(SolutionConfigurationPlatforms) = preSolution
		DebugStatic|Win32 = DebugStatic|Win32
		ReleaseStatic|Win32 = ReleaseStatic|Win32
		DebugDLL|Win32 = DebugDLL|Win32
		ReleaseDLL|Win32 = ReleaseDLL|Win32
	EndGlobalSection
	GlobalSection(ProjectConfigurationPlatforms) = postSolution
		{332CEEDC-7568-D84C-B9C6-B710915836ED}.DebugStatic|Win32.ActiveCfg = DebugStatic|Win32
		{332CEEDC-7568-D84C-B9C6-B710915836ED}.DebugStatic|Win32.Build.0 = DebugStatic|Win32
		{332CEEDC-7568-D84C-B9C6-B710915836ED}.ReleaseStatic|Win32.ActiveCfg = ReleaseStatic|Win32
		{332CEEDC-7568-D84C-B9C6-B710915836ED}.ReleaseStatic|Win32.Build.0 = ReleaseStatic|Win32
		{332CEEDC-7568-D84C-B9C6-B710915836ED}.DebugDLL|Win32.ActiveCfg = DebugDLL|Win32
		{332CEEDC-7568-D84C-B9C6-B710915836ED}.DebugDLL|Win32.Build.0 = DebugDLL|Win32
		{332CEEDC-7568-D84C-B9C6-B710915836ED}.ReleaseDLL|Win32.ActiveCfg = ReleaseDLL|Win32
		{332CEEDC-7568-D84C-B9C6-B710915836ED}.ReleaseDLL|Win32.Build.0 = ReleaseDLL|Win32
		{11901F7B-92C2-3F47-AF16-CFC9E299B05F}.DebugStatic|Win32.ActiveCfg = DebugStatic|Win32
		{11901F7B-92C2-3F47-AF16-CFC9E299B05F}.DebugStatic|Win32.Build.0 = DebugStatic|Win32
		{11901F7B-92C2-3F47-AF16-CFC9E299B05F}.ReleaseStatic|Win32.ActiveCfg = ReleaseStatic|Win32
		{11901F7B-92C2-3F47-AF16-CFC9E299B05F}.ReleaseStatic|Win32.Build.0 = ReleaseStatic|Win32
		{11901F7B-92C2-3F47-AF16-CFC9E299B05F}.DebugDLL|Win32.ActiveCfg = DebugDLL|Win32
		{11901F7B-92C2-3F47-AF16-CFC9E299B05F}.DebugDLL|Win32.Build.0 = DebugDLL|Win32
		{11901F7B-92C2-3F47-AF16-CFC9E299B05F}.ReleaseDLL|Win32.ActiveCfg = ReleaseDLL|Win32
		{11901F7B-92C2-3F47-AF16-CFC9E299B05F}.ReleaseDLL|Win32.Build.0 = ReleaseDLL|Win32
		{2D7C8CB3-FC1A-9843-A8D6-5B61EE8B5603}.DebugStatic|Win32.ActiveCfg = DebugStatic|Win32
		{2D7C8CB3-FC1A-9843-A8D6-5B61EE8B5603}.DebugStatic|Win32.Build.0 = DebugStatic|Win32
		{2D7C8CB3-FC1A-9843-A8D6-5B61EE8B5603}.ReleaseStatic|Win32.ActiveCfg = ReleaseStatic|Win32
		{2D7C8CB3-FC1A-9843-A8D6-5B61EE8B5603}.ReleaseStatic|Win32.Build.0 = ReleaseStatic|Win32
		{2D7C8CB3-FC1A-9843-A8D6-5B61EE8B5603}.DebugDLL|Win32.ActiveCfg = DebugDLL|Win32
		{2D7C8CB3-FC1A-9843-A8D6-5B61EE8B5603}.DebugDLL|Win32.Build.0 = DebugDLL|Win32
		{2D7C8CB3-FC1A-9843-A8D6-5B61EE8B5603}.ReleaseDLL|Win32.ActiveCfg = ReleaseDLL|Win32
		{2D7C8CB3-FC1A-9843-A8D6-5B61EE8B5603}.ReleaseDLL|Win32.Build.0 = ReleaseDLL|Win32
		{AA14B8FF-13A6-5B46-8309-58A07FC906F7}.DebugStatic|Win32.ActiveCfg = DebugStatic|Win32
		{AA14B8FF-13A6-5B46-8309-58A07FC906F7}.DebugStatic|Win32.Build.0 = DebugStatic|Win32
		{AA14B8FF-13A6-5B46-8309-58A07FC906F7}.ReleaseStatic|Win32.ActiveCfg = ReleaseStatic|Win32
		{AA14B8FF-13A6-5B46-8309-58A07FC906F7}.ReleaseStatic|Win32.Build.0 = ReleaseStatic|Win32
		{AA14B8FF-13A6-5B46-8309-58A07FC906F7}.DebugDLL|Win32.ActiveCfg = DebugDLL|Win32
		{AA14B8FF-13A6-5B46-8309-58A07FC906F7}.DebugDLL|Win32.Build.0 = DebugDLL|Win32
		{AA14B8FF-13A6-5B46-8309-58A07FC906F7}.ReleaseDLL|Win32.ActiveCfg = ReleaseDLL|Win32
		{AA14B8FF-13A6-5B46-8309-58A07FC906F7}.ReleaseDLL|Win32.Build.0 = ReleaseDLL|Win32
		{F9C2C05A-F608-9043-AA48-A302419EA029}.DebugStatic|Win32.ActiveCfg = DebugStatic|Win32
		{F9C2C05A-F608-9043-AA48-A302419EA029}.DebugStatic|Win32.Build.0 = DebugStatic|Win32
		{F9C2C05A-F608-9043-AA48-A302419EA029}.ReleaseStatic|Win32.ActiveCfg = ReleaseStatic|Win32
		{F9C2C05A-F608-9043-AA48-A302419EA029}.ReleaseStatic|Win32.Build.0 = ReleaseStatic|Win32
		{F9C2C05A-F608-9043-AA48-A302419EA029}.DebugDLL|Win32.ActiveCfg = DebugDLL|Win32
		{F9C2C05A-F608-9043-AA48-A302419EA029}.DebugDLL|Win32.Build.0 = DebugDLL|Win32
		{F9C2C05A-F608-9043-AA48-A302419EA029}.ReleaseDLL|Win32.ActiveCfg = ReleaseDLL|Win32
		{F9C2C05A-F608-9043-AA48-A302419EA029}.ReleaseDLL|Win32.Build.0 = ReleaseDLL|Win32
		{3FE89CB8-B101-8C4B-B92F-BA0D2B3738A2}.DebugStatic|Win32.ActiveCfg = DebugStatic|Win32
		{3FE89CB8-B101-8C4B-B92F-BA0D2B3738A2}.DebugStatic|Win32.Build.0 = DebugStatic|Win32
		{3FE89CB8-B101-8C4B-B92F-BA0D2B3738A2}.ReleaseStatic|Win32.ActiveCfg = ReleaseStatic|Win32
		{3FE89CB8-B101-8C4B-B92F-BA0D2B3738A2}.ReleaseStatic|Win32.Build.0 = ReleaseStatic|Win32
		{3FE89CB8-B101-8C4B-B92F-BA0D2B3738A2}.DebugDLL|Win32.ActiveCfg = DebugDLL|Win32
		{3FE89CB8-B101-8C4B-B92F-BA0D2B3738A2}.DebugDLL|Win32.Build.0 = DebugDLL|Win32
		{3FE89CB8-B101-8C4B-B92F-BA0D2B3738A2}.ReleaseDLL|Win32.ActiveCfg = ReleaseDLL|Win32
		{3FE89CB8-B101-8C4B-B92F-BA0D2B3738A2}.ReleaseDLL|Win32.Build.0 = ReleaseDLL|Win32
		{89C65EED-25EC-8046-996E-8F85A09DAFAE}.DebugStatic|Win32.ActiveCfg = DebugStatic|Win32
		{89C65EED-25EC-8046-996E-8F85A09DAFAE}.DebugStatic|Win32.Build.0 = DebugStatic|Win32
		{89C65EED-25EC-8046-996E-8F85A09DAFAE}.ReleaseStatic|Win32.ActiveCfg = ReleaseStatic|Win32
		{89C65EED-25EC-8046-996E-8F85A09DAFAE}.ReleaseStatic|Win32.Build.0 = ReleaseStatic|Win32
		{89C65EED-25EC-8046-996E-8F85A09DAFAE}.DebugDLL|Win32.ActiveCfg = DebugDLL|Win32
		{89C65EED-25EC-8046-996E-8F85A09DAFAE}.DebugDLL|Win32.Build.0 = DebugDLL|Win32
		{89C65EED-25EC-8046-996E-8F85A09DAFAE}.ReleaseDLL|Win32.ActiveCfg = ReleaseDLL|Win32
		{89C65EED-25EC-8046-996E-8F85A09DAFAE}.ReleaseDLL|Win32.Build.0 = ReleaseDLL|Win32
		{D7488C68-D00E-144E-AE1C-29855F5A12B4}.DebugStatic|Win32.ActiveCfg = DebugStatic|Win32
		{D7488C68-D00E-144E-AE1C-29855F5A12B4}.DebugStatic|Win32.Build.0 = DebugStatic|Win32
		{D7488C68-D00E-144E-AE1C-29855F5A12B4}.ReleaseStatic|Win32.ActiveCfg = ReleaseStatic|Win32
		{D7488C68-D00E-144E-AE1C-29855F5A12B4}.ReleaseStatic|Win32.Build.0 = ReleaseStatic|Win32
		{D7488C68-D00E-144E-AE1C-29855F5A12B4}.DebugDLL|Win32.ActiveCfg = DebugDLL|Win32
		{D7488C68-D00E-144E-AE1C-29855F5A12B4}.DebugDLL|Win32.Build.0 = DebugDLL|Win32
		{D7488C68-D00E-144E-AE1C-29855F5A12B4}.ReleaseDLL|Win32.ActiveCfg = ReleaseDLL|Win32
		{D7488C68-D00E-144E-AE1C-29855F5A12B4}.ReleaseDLL|Win32.Build.0 = ReleaseDLL|Win32
		{9F7A52B5-B49B-0C41-B369-3B113287B20F}.DebugStatic|Win32.ActiveCfg = DebugStatic|Win32
		{9F7A52B5-B49B-0C41-B369-3B113287B20F}.DebugStatic|Win32.Build.0 = DebugStatic|Win32
		{9F7A52B5-B49B-0C41-B369-3B113287B20F}.ReleaseStatic|Win32.ActiveCfg = ReleaseStatic|Win32
		{9F7A52B5-B49B-0C41-B369-3B113287B20F}.ReleaseStatic|Win32.Build.0 = ReleaseStatic|Win32
		{9F7A52B5-B49B-0C41-B369-3B113287B20F}.DebugDLL|Win32.ActiveCfg = DebugDLL|Win32
		{9F7A52B5-B49B-0C41-B369-3B113287B20F}.DebugDLL|Win32.Build.0 = DebugDLL|Win32
		{9F7A52B5-B49B-0C41-B369-3B113287B20F}.ReleaseDLL|Win32.ActiveCfg = ReleaseDLL|Win32
		{9F7A52B5-B49B-0C41-B369-3B113287B20F}.ReleaseDLL|Win32.Build.0 = ReleaseDLL|Win32
		{9E9BEB93-3C7E-3F4F-8D33-57D5262F4C31}.DebugStatic|Win32.ActiveCfg = DebugStatic|Win32
		{9E9BEB93-3C7E-3F4F-8D33-57D5262F4C31}.DebugStatic|Win32.Build.0 = DebugStatic|Win32
		{9E9BEB93-3C7E-3F4F-8D33-57D5262F4C31}.ReleaseStatic|Win32.ActiveCfg = ReleaseStatic|Win32
		{9E9BEB93-3C7E-3F4F-8D33-57D5262F4C31}.ReleaseStatic|Win32.Build.0 = ReleaseStatic|Win32
		{9E9BEB93-3C7E-3F4F-8D33-57D5262F4C31}.DebugDLL|Win32.ActiveCfg = DebugDLL|Win32
		{9E9BEB93-3C7E-3F4F-8D33-57D5262F4C31}.DebugDLL|Win32.Build.0 = DebugDLL|Win32
		{9E9BEB93-3C7E-3F4F-8D33-57D5262F4C31}.ReleaseDLL|Win32.ActiveCfg = ReleaseDLL|Win32
		{9E9BEB93-3C7E-3F4F-8D33-57D5262F4C31}.ReleaseDLL|Win32.Build.0 = ReleaseDLL|Win32
		{B7B8D2B9-6CD0-6741-813E-DE8F510C48AD}.DebugStatic|Win32.ActiveCfg = DebugStatic|Win32
		{B7B8D2B9-6CD0-6741-813E-DE8F510C48AD}.DebugStatic|Win32.Build.0 = DebugStatic|Win32
		{B7B8D2B9-6CD0-6741-813E-DE8F510C48AD}.ReleaseStatic|Win32.ActiveCfg = ReleaseStatic|Win32
		{B7B8D2B9-6CD0-6741-813E-DE8F510C48AD}.ReleaseStatic|Win32.Build.0 = ReleaseStatic|Win32
		{B7B8D2B9-6CD0-6741-813E-DE8F510C48AD}.DebugDLL|Win32.ActiveCfg = DebugDLL|Win32
		{B7B8D2B9-6CD0-6741-813E-DE8F510C48AD}.DebugDLL|Win32.Build.0 = DebugDLL|Win32
		{B7B8D2B9-6CD0-6741-813E-DE8F510C48AD}.ReleaseDLL|Win32.ActiveCfg = ReleaseDLL|Win32
		{B7B8D2B9-6CD0-6741-813E-DE8F510C48AD}.ReleaseDLL|Win32.Build.0 = ReleaseDLL|Win32
	EndGlobalSection
	GlobalSection(SolutionProperties) = preSolution
		HideSolutionNode = FALSE
	EndGlobalSection
EndGlobal
