<?xml version="1.0" encoding="utf-8"?>
<Project ToolsVersion="4.0" xmlns="http://schemas.microsoft.com/developer/msbuild/2003">
  <ItemGroup>
    <Filter Include="test">
      <UniqueIdentifier>{1BF928B9-F8E9-3F41-A6E7-2A1C3BBE6DB6}</UniqueIdentifier>
    </Filter>
    <Filter Include="test\btremotetest">
      <UniqueIdentifier>{B6EF308F-8BD6-BE47-9E77-87D3E5E18BE0}</UniqueIdentifier>
    </Filter>
    <Filter Include="test\btremotetest\workspace">
      <UniqueIdentifier>{315B15B0-3D1E-D443-8DB1-4F75B4A40C00}</UniqueIdentifier>
    </Filter>
    <Filter Include="test\btremotetest\workspace\exported">
      <UniqueIdentifier>{1836353D-A34D-3B46-9935-28246CBD811D}</UniqueIdentifier>
    </Filter>
    <Filter Include="test\btremotetest\workspace\exported\behaviac_generated">
      <UniqueIdentifier>{292CFF28-F9BD-F44A-BC9F-02BA835CF1CA}</UniqueIdentifier>
    </Filter>
    <Filter Include="test\btremotetest\workspace\exported\behaviac_generated\types">
      <UniqueIdentifier>{17F04084-1C1B-6B4E-A029-E7C150ADC8A9}</UniqueIdentifier>
    </Filter>
    <Filter Include="test\btremotetest\workspace\exported\behaviac_generated\types\internal">
      <UniqueIdentifier>{970B4C1C-E927-3D42-A2B1-D00EDEF2B0AF}</UniqueIdentifier>
    </Filter>
  </ItemGroup>
  <ItemGroup>
    <ClInclude Include="..\..\test\btremotetest\BTPlayer.h">
      <Filter>test\btremotetest</Filter>
    </ClInclude>
    <ClInclude Include="..\..\test\btremotetest\workspace\exported\behaviac_generated\types\behaviac_types.h">
      <Filter>test\btremotetest\workspace\exported\behaviac_generated\types</Filter>
    </ClInclude>
    <ClInclude Include="..\..\test\btremotetest\workspace\exported\behaviac_generated\types\internal\behaviac_agent_headers.h">
      <Filter>test\btremotetest\workspace\exported\behaviac_generated\types\internal</Filter>
    </ClInclude>
    <ClInclude Include="..\..\test\btremotetest\workspace\exported\behaviac_generated\types\internal\behaviac_agent_member_visitor.h">
      <Filter>test\btremotetest\workspace\exported\behaviac_generated\types\internal</Filter>
    </ClInclude>
    <ClInclude Include="..\..\test\btremotetest\workspace\exported\behaviac_generated\types\internal\behaviac_agent_meta.h">
      <Filter>test\btremotetest\workspace\exported\behaviac_generated\types\internal</Filter>
    </ClInclude>
    <ClInclude Include="..\..\test\btremotetest\workspace\exported\behaviac_generated\types\internal\behaviac_headers.h">
      <Filter>test\btremotetest\workspace\exported\behaviac_generated\types\internal</Filter>
    </ClInclude>
  </ItemGroup>
  <ItemGroup>
    <ClCompile Include="..\..\test\btremotetest\BTPlayer.cpp">
      <Filter>test\btremotetest</Filter>
    </ClCompile>
    <ClCompile Include="..\..\test\btremotetest\remote_test.cpp">
      <Filter>test\btremotetest</Filter>
    </ClCompile>
    <ClCompile Include="..\..\test\btremotetest\workspace\exported\behaviac_generated\types\internal\behaviac_agent_meta.cpp">
      <Filter>test\btremotetest\workspace\exported\behaviac_generated\types\internal</Filter>
    </ClCompile>
  </ItemGroup>
</Project>
