<?xml version="1.0" encoding="utf-8"?>
<Project ToolsVersion="4.0" xmlns="http://schemas.microsoft.com/developer/msbuild/2003">
  <ItemGroup>
    <Filter Include="test">
      <UniqueIdentifier>{98F84664-534A-6D45-BB69-C480C38DDE28}</UniqueIdentifier>
    </Filter>
    <Filter Include="test\btremotetest">
      <UniqueIdentifier>{FF9ADA0E-EF5B-534A-9662-A736B2E60212}</UniqueIdentifier>
    </Filter>
    <Filter Include="test\btremotetest\workspace">
      <UniqueIdentifier>{5597AFCE-1C54-314A-A974-E55C8832AD79}</UniqueIdentifier>
    </Filter>
    <Filter Include="test\btremotetest\workspace\exported">
      <UniqueIdentifier>{EEDB8ED5-5850-4A4B-9C66-2C992477506B}</UniqueIdentifier>
    </Filter>
    <Filter Include="test\btremotetest\workspace\exported\behaviac_generated">
      <UniqueIdentifier>{AB72820C-455E-DF4A-AE61-19BAABE67FA4}</UniqueIdentifier>
    </Filter>
    <Filter Include="test\btremotetest\workspace\exported\behaviac_generated\types">
      <UniqueIdentifier>{C3CDE9FC-D03F-E142-876F-30C8EE30FA7D}</UniqueIdentifier>
    </Filter>
    <Filter Include="test\btremotetest\workspace\exported\behaviac_generated\types\internal">
      <UniqueIdentifier>{AF807133-81D1-D546-B7F7-FB4F358CC7AE}</UniqueIdentifier>
    </Filter>
  </ItemGroup>
  <ItemGroup>
    <ClInclude Include="..\..\test\btremotetest\BTPlayer.h">
      <Filter>test\btremotetest</Filter>
    </ClInclude>
    <ClInclude Include="..\..\test\btremotetest\workspace\exported\behaviac_generated\types\behaviac_types.h">
      <Filter>test\btremotetest\workspace\exported\behaviac_generated\types</Filter>
    </ClInclude>
    <ClInclude Include="..\..\test\btremotetest\workspace\exported\behaviac_generated\types\internal\behaviac_agent_headers.h">
      <Filter>test\btremotetest\workspace\exported\behaviac_generated\types\internal</Filter>
    </ClInclude>
    <ClInclude Include="..\..\test\btremotetest\workspace\exported\behaviac_generated\types\internal\behaviac_agent_member_visitor.h">
      <Filter>test\btremotetest\workspace\exported\behaviac_generated\types\internal</Filter>
    </ClInclude>
    <ClInclude Include="..\..\test\btremotetest\workspace\exported\behaviac_generated\types\internal\behaviac_agent_meta.h">
      <Filter>test\btremotetest\workspace\exported\behaviac_generated\types\internal</Filter>
    </ClInclude>
    <ClInclude Include="..\..\test\btremotetest\workspace\exported\behaviac_generated\types\internal\behaviac_headers.h">
      <Filter>test\btremotetest\workspace\exported\behaviac_generated\types\internal</Filter>
    </ClInclude>
  </ItemGroup>
  <ItemGroup>
    <ClCompile Include="..\..\test\btremotetest\BTPlayer.cpp">
      <Filter>test\btremotetest</Filter>
    </ClCompile>
    <ClCompile Include="..\..\test\btremotetest\remote_test.cpp">
      <Filter>test\btremotetest</Filter>
    </ClCompile>
    <ClCompile Include="..\..\test\btremotetest\workspace\exported\behaviac_generated\types\internal\behaviac_agent_meta.cpp">
      <Filter>test\btremotetest\workspace\exported\behaviac_generated\types\internal</Filter>
    </ClCompile>
  </ItemGroup>
</Project>
