<?xml version="1.0" encoding="utf-8"?>
<Project ToolsVersion="4.0" xmlns="http://schemas.microsoft.com/developer/msbuild/2003">
  <ItemGroup>
    <Filter Include="tutorials">
      <UniqueIdentifier>{C63002E1-33E4-9F4F-A309-8C5DD92F221B}</UniqueIdentifier>
    </Filter>
    <Filter Include="tutorials\tutorial_9">
      <UniqueIdentifier>{6BF7C590-34D0-EA4A-A883-51FE6A2EFE91}</UniqueIdentifier>
    </Filter>
    <Filter Include="tutorials\tutorial_9\cpp">
      <UniqueIdentifier>{C74526C3-0DD1-2A41-8ECD-1942EBD74372}</UniqueIdentifier>
    </Filter>
    <Filter Include="tutorials\tutorial_9\cpp\behaviac_generated">
      <UniqueIdentifier>{D20C512C-E0E7-2A41-932B-DE1FA5FA2AC8}</UniqueIdentifier>
    </Filter>
    <Filter Include="tutorials\tutorial_9\cpp\behaviac_generated\types">
      <UniqueIdentifier>{45D5726C-C8A7-474A-B3D7-BA50EF00C808}</UniqueIdentifier>
    </Filter>
    <Filter Include="tutorials\tutorial_9\cpp\behaviac_generated\types\internal">
      <UniqueIdentifier>{227014FF-D24B-4948-AA0E-39D9CA66482C}</UniqueIdentifier>
    </Filter>
  </ItemGroup>
  <ItemGroup>
    <ClInclude Include="..\..\tutorials\tutorial_9\cpp\FirstEnum.h">
      <Filter>tutorials\tutorial_9\cpp</Filter>
    </ClInclude>
    <ClInclude Include="..\..\tutorials\tutorial_9\cpp\behaviac_generated\types\behaviac_types.h">
      <Filter>tutorials\tutorial_9\cpp\behaviac_generated\types</Filter>
    </ClInclude>
    <ClInclude Include="..\..\tutorials\tutorial_9\cpp\behaviac_generated\types\internal\behaviac_agent_headers.h">
      <Filter>tutorials\tutorial_9\cpp\behaviac_generated\types\internal</Filter>
    </ClInclude>
    <ClInclude Include="..\..\tutorials\tutorial_9\cpp\behaviac_generated\types\internal\behaviac_agent_member_visitor.h">
      <Filter>tutorials\tutorial_9\cpp\behaviac_generated\types\internal</Filter>
    </ClInclude>
    <ClInclude Include="..\..\tutorials\tutorial_9\cpp\behaviac_generated\types\internal\behaviac_agent_meta.h">
      <Filter>tutorials\tutorial_9\cpp\behaviac_generated\types\internal</Filter>
    </ClInclude>
    <ClInclude Include="..\..\tutorials\tutorial_9\cpp\behaviac_generated\types\internal\behaviac_customized_types.h">
      <Filter>tutorials\tutorial_9\cpp\behaviac_generated\types\internal</Filter>
    </ClInclude>
    <ClInclude Include="..\..\tutorials\tutorial_9\cpp\behaviac_generated\types\internal\behaviac_headers.h">
      <Filter>tutorials\tutorial_9\cpp\behaviac_generated\types\internal</Filter>
    </ClInclude>
    <ClInclude Include="..\..\tutorials\tutorial_9\cpp\behaviac_generated\types\internal\FirstAgent.h">
      <Filter>tutorials\tutorial_9\cpp\behaviac_generated\types\internal</Filter>
    </ClInclude>
  </ItemGroup>
  <ItemGroup>
    <ClCompile Include="..\..\tutorials\tutorial_9\cpp\tutorial_9.cpp">
      <Filter>tutorials\tutorial_9\cpp</Filter>
    </ClCompile>
    <ClCompile Include="..\..\tutorials\tutorial_9\cpp\behaviac_generated\types\internal\behaviac_agent_meta.cpp">
      <Filter>tutorials\tutorial_9\cpp\behaviac_generated\types\internal</Filter>
    </ClCompile>
    <ClCompile Include="..\..\tutorials\tutorial_9\cpp\behaviac_generated\types\internal\behaviac_customized_types.cpp">
      <Filter>tutorials\tutorial_9\cpp\behaviac_generated\types\internal</Filter>
    </ClCompile>
    <ClCompile Include="..\..\tutorials\tutorial_9\cpp\behaviac_generated\types\internal\FirstAgent.cpp">
      <Filter>tutorials\tutorial_9\cpp\behaviac_generated\types\internal</Filter>
    </ClCompile>
  </ItemGroup>
</Project>
