<?xml version="1.0" encoding="utf-8"?>
<Project ToolsVersion="4.0" xmlns="http://schemas.microsoft.com/developer/msbuild/2003">
  <ItemGroup>
    <Filter Include="tutorials">
      <UniqueIdentifier>{2812BA07-6176-894F-B419-DA36315358F8}</UniqueIdentifier>
    </Filter>
    <Filter Include="tutorials\tutorial_2">
      <UniqueIdentifier>{61755521-B379-D74B-96E6-FDA3DF566932}</UniqueIdentifier>
    </Filter>
    <Filter Include="tutorials\tutorial_2\cpp">
      <UniqueIdentifier>{EC7FB501-53D9-E446-BC98-C8240BDEDF38}</UniqueIdentifier>
    </Filter>
    <Filter Include="tutorials\tutorial_2\cpp\behaviac_generated">
      <UniqueIdentifier>{ACCF72B3-1168-254D-8A0B-793ECCABB763}</UniqueIdentifier>
    </Filter>
    <Filter Include="tutorials\tutorial_2\cpp\behaviac_generated\behaviors">
      <UniqueIdentifier>{3201B7FC-B072-524F-8C05-59AE56EF77C1}</UniqueIdentifier>
    </Filter>
    <Filter Include="tutorials\tutorial_2\cpp\behaviac_generated\types">
      <UniqueIdentifier>{4BD858DA-5F6B-5A4E-ACC7-C80D426DE4BE}</UniqueIdentifier>
    </Filter>
    <Filter Include="tutorials\tutorial_2\cpp\behaviac_generated\types\internal">
      <UniqueIdentifier>{A268664C-8E9E-DB40-95BF-2065225EDD97}</UniqueIdentifier>
    </Filter>
  </ItemGroup>
  <ItemGroup>
    <ClInclude Include="..\..\tutorials\tutorial_2\cpp\behaviac_generated\behaviors\behaviac_generated_behaviors.h">
      <Filter>tutorials\tutorial_2\cpp\behaviac_generated\behaviors</Filter>
    </ClInclude>
    <ClInclude Include="..\..\tutorials\tutorial_2\cpp\behaviac_generated\types\behaviac_types.h">
      <Filter>tutorials\tutorial_2\cpp\behaviac_generated\types</Filter>
    </ClInclude>
    <ClInclude Include="..\..\tutorials\tutorial_2\cpp\behaviac_generated\types\internal\behaviac_agent_headers.h">
      <Filter>tutorials\tutorial_2\cpp\behaviac_generated\types\internal</Filter>
    </ClInclude>
    <ClInclude Include="..\..\tutorials\tutorial_2\cpp\behaviac_generated\types\internal\behaviac_agent_member_visitor.h">
      <Filter>tutorials\tutorial_2\cpp\behaviac_generated\types\internal</Filter>
    </ClInclude>
    <ClInclude Include="..\..\tutorials\tutorial_2\cpp\behaviac_generated\types\internal\behaviac_agent_meta.h">
      <Filter>tutorials\tutorial_2\cpp\behaviac_generated\types\internal</Filter>
    </ClInclude>
    <ClInclude Include="..\..\tutorials\tutorial_2\cpp\behaviac_generated\types\internal\behaviac_headers.h">
      <Filter>tutorials\tutorial_2\cpp\behaviac_generated\types\internal</Filter>
    </ClInclude>
    <ClInclude Include="..\..\tutorials\tutorial_2\cpp\behaviac_generated\types\internal\FirstAgent.h">
      <Filter>tutorials\tutorial_2\cpp\behaviac_generated\types\internal</Filter>
    </ClInclude>
  </ItemGroup>
  <ItemGroup>
    <ClCompile Include="..\..\tutorials\tutorial_2\cpp\tutorial_2.cpp">
      <Filter>tutorials\tutorial_2\cpp</Filter>
    </ClCompile>
    <ClCompile Include="..\..\tutorials\tutorial_2\cpp\behaviac_generated\behaviors\behaviac_generated_behaviors.cpp">
      <Filter>tutorials\tutorial_2\cpp\behaviac_generated\behaviors</Filter>
    </ClCompile>
    <ClCompile Include="..\..\tutorials\tutorial_2\cpp\behaviac_generated\types\internal\behaviac_agent_meta.cpp">
      <Filter>tutorials\tutorial_2\cpp\behaviac_generated\types\internal</Filter>
    </ClCompile>
    <ClCompile Include="..\..\tutorials\tutorial_2\cpp\behaviac_generated\types\internal\FirstAgent.cpp">
      <Filter>tutorials\tutorial_2\cpp\behaviac_generated\types\internal</Filter>
    </ClCompile>
  </ItemGroup>
</Project>
