<?xml version="1.0" encoding="utf-8"?>
<Project ToolsVersion="4.0" xmlns="http://schemas.microsoft.com/developer/msbuild/2003">
  <ItemGroup>
    <Filter Include="tutorials">
      <UniqueIdentifier>{024A6C75-6525-E048-8E94-4089E2A7B340}</UniqueIdentifier>
    </Filter>
    <Filter Include="tutorials\tutorial_1">
      <UniqueIdentifier>{F2284417-7890-2A42-BFAA-C2D01ACD5586}</UniqueIdentifier>
    </Filter>
    <Filter Include="tutorials\tutorial_1\cpp">
      <UniqueIdentifier>{A9454711-8982-474B-B70B-51786E60AC00}</UniqueIdentifier>
    </Filter>
    <Filter Include="tutorials\tutorial_1\cpp\behaviac_generated">
      <UniqueIdentifier>{B394F8A3-A05E-8443-B979-358BE5F0A5C9}</UniqueIdentifier>
    </Filter>
    <Filter Include="tutorials\tutorial_1\cpp\behaviac_generated\types">
      <UniqueIdentifier>{433F942A-CA60-2144-A3E9-4EAE5F8A57D9}</UniqueIdentifier>
    </Filter>
    <Filter Include="tutorials\tutorial_1\cpp\behaviac_generated\types\internal">
      <UniqueIdentifier>{25C89597-DDD7-0B44-9906-50A632406EB0}</UniqueIdentifier>
    </Filter>
  </ItemGroup>
  <ItemGroup>
    <ClInclude Include="..\..\tutorials\tutorial_1\cpp\behaviac_generated\types\behaviac_types.h">
      <Filter>tutorials\tutorial_1\cpp\behaviac_generated\types</Filter>
    </ClInclude>
    <ClInclude Include="..\..\tutorials\tutorial_1\cpp\behaviac_generated\types\internal\behaviac_agent_headers.h">
      <Filter>tutorials\tutorial_1\cpp\behaviac_generated\types\internal</Filter>
    </ClInclude>
    <ClInclude Include="..\..\tutorials\tutorial_1\cpp\behaviac_generated\types\internal\behaviac_agent_member_visitor.h">
      <Filter>tutorials\tutorial_1\cpp\behaviac_generated\types\internal</Filter>
    </ClInclude>
    <ClInclude Include="..\..\tutorials\tutorial_1\cpp\behaviac_generated\types\internal\behaviac_agent_meta.h">
      <Filter>tutorials\tutorial_1\cpp\behaviac_generated\types\internal</Filter>
    </ClInclude>
    <ClInclude Include="..\..\tutorials\tutorial_1\cpp\behaviac_generated\types\internal\behaviac_headers.h">
      <Filter>tutorials\tutorial_1\cpp\behaviac_generated\types\internal</Filter>
    </ClInclude>
    <ClInclude Include="..\..\tutorials\tutorial_1\cpp\behaviac_generated\types\internal\FirstAgent.h">
      <Filter>tutorials\tutorial_1\cpp\behaviac_generated\types\internal</Filter>
    </ClInclude>
  </ItemGroup>
  <ItemGroup>
    <ClCompile Include="..\..\tutorials\tutorial_1\cpp\tutorial_1.cpp">
      <Filter>tutorials\tutorial_1\cpp</Filter>
    </ClCompile>
    <ClCompile Include="..\..\tutorials\tutorial_1\cpp\behaviac_generated\types\internal\behaviac_agent_meta.cpp">
      <Filter>tutorials\tutorial_1\cpp\behaviac_generated\types\internal</Filter>
    </ClCompile>
    <ClCompile Include="..\..\tutorials\tutorial_1\cpp\behaviac_generated\types\internal\FirstAgent.cpp">
      <Filter>tutorials\tutorial_1\cpp\behaviac_generated\types\internal</Filter>
    </ClCompile>
  </ItemGroup>
</Project>
