<?xml version="1.0" encoding="utf-8"?>
<Project ToolsVersion="4.0" xmlns="http://schemas.microsoft.com/developer/msbuild/2003">
  <ItemGroup>
    <Filter Include="tutorials">
      <UniqueIdentifier>{BD85F876-E2AE-7449-9D7D-D8919324B965}</UniqueIdentifier>
    </Filter>
    <Filter Include="tutorials\tutorial_2">
      <UniqueIdentifier>{7B95A738-C6AF-8044-9616-9F607D1E8ED7}</UniqueIdentifier>
    </Filter>
    <Filter Include="tutorials\tutorial_2\cpp">
      <UniqueIdentifier>{A20917B6-6CA5-214A-A9A6-0D99519B58B0}</UniqueIdentifier>
    </Filter>
    <Filter Include="tutorials\tutorial_2\cpp\behaviac_generated">
      <UniqueIdentifier>{58293CA7-1696-1646-9153-4B9FDA7D8B28}</UniqueIdentifier>
    </Filter>
    <Filter Include="tutorials\tutorial_2\cpp\behaviac_generated\behaviors">
      <UniqueIdentifier>{A2D4113C-9253-E948-A83A-12F89973BD69}</UniqueIdentifier>
    </Filter>
    <Filter Include="tutorials\tutorial_2\cpp\behaviac_generated\types">
      <UniqueIdentifier>{A38835BC-AB81-F94D-92E3-6070F6969CCA}</UniqueIdentifier>
    </Filter>
    <Filter Include="tutorials\tutorial_2\cpp\behaviac_generated\types\internal">
      <UniqueIdentifier>{543A0E14-3DC3-5345-B1C9-E0D0A0F6AFB8}</UniqueIdentifier>
    </Filter>
  </ItemGroup>
  <ItemGroup>
    <ClInclude Include="..\..\tutorials\tutorial_2\cpp\behaviac_generated\behaviors\behaviac_generated_behaviors.h">
      <Filter>tutorials\tutorial_2\cpp\behaviac_generated\behaviors</Filter>
    </ClInclude>
    <ClInclude Include="..\..\tutorials\tutorial_2\cpp\behaviac_generated\types\behaviac_types.h">
      <Filter>tutorials\tutorial_2\cpp\behaviac_generated\types</Filter>
    </ClInclude>
    <ClInclude Include="..\..\tutorials\tutorial_2\cpp\behaviac_generated\types\internal\behaviac_agent_headers.h">
      <Filter>tutorials\tutorial_2\cpp\behaviac_generated\types\internal</Filter>
    </ClInclude>
    <ClInclude Include="..\..\tutorials\tutorial_2\cpp\behaviac_generated\types\internal\behaviac_agent_member_visitor.h">
      <Filter>tutorials\tutorial_2\cpp\behaviac_generated\types\internal</Filter>
    </ClInclude>
    <ClInclude Include="..\..\tutorials\tutorial_2\cpp\behaviac_generated\types\internal\behaviac_agent_meta.h">
      <Filter>tutorials\tutorial_2\cpp\behaviac_generated\types\internal</Filter>
    </ClInclude>
    <ClInclude Include="..\..\tutorials\tutorial_2\cpp\behaviac_generated\types\internal\behaviac_headers.h">
      <Filter>tutorials\tutorial_2\cpp\behaviac_generated\types\internal</Filter>
    </ClInclude>
    <ClInclude Include="..\..\tutorials\tutorial_2\cpp\behaviac_generated\types\internal\FirstAgent.h">
      <Filter>tutorials\tutorial_2\cpp\behaviac_generated\types\internal</Filter>
    </ClInclude>
  </ItemGroup>
  <ItemGroup>
    <ClCompile Include="..\..\tutorials\tutorial_2\cpp\tutorial_2.cpp">
      <Filter>tutorials\tutorial_2\cpp</Filter>
    </ClCompile>
    <ClCompile Include="..\..\tutorials\tutorial_2\cpp\behaviac_generated\behaviors\behaviac_generated_behaviors.cpp">
      <Filter>tutorials\tutorial_2\cpp\behaviac_generated\behaviors</Filter>
    </ClCompile>
    <ClCompile Include="..\..\tutorials\tutorial_2\cpp\behaviac_generated\types\internal\behaviac_agent_meta.cpp">
      <Filter>tutorials\tutorial_2\cpp\behaviac_generated\types\internal</Filter>
    </ClCompile>
    <ClCompile Include="..\..\tutorials\tutorial_2\cpp\behaviac_generated\types\internal\FirstAgent.cpp">
      <Filter>tutorials\tutorial_2\cpp\behaviac_generated\types\internal</Filter>
    </ClCompile>
  </ItemGroup>
</Project>
