<?xml version="1.0" encoding="utf-8"?>
<Project ToolsVersion="4.0" xmlns="http://schemas.microsoft.com/developer/msbuild/2003">
  <ItemGroup>
    <Filter Include="tutorials">
      <UniqueIdentifier>{5CC0A710-36E5-9842-834D-85FD19460030}</UniqueIdentifier>
    </Filter>
    <Filter Include="tutorials\tutorial_3">
      <UniqueIdentifier>{D0097533-06B4-1548-9D7B-6B204C358160}</UniqueIdentifier>
    </Filter>
    <Filter Include="tutorials\tutorial_3\cpp">
      <UniqueIdentifier>{3B6F707C-8722-114C-A7DD-5EDC66B6BBD6}</UniqueIdentifier>
    </Filter>
    <Filter Include="tutorials\tutorial_3\cpp\behaviac_generated">
      <UniqueIdentifier>{9B28AC1E-4DCA-264F-AA03-05615B4E51BF}</UniqueIdentifier>
    </Filter>
    <Filter Include="tutorials\tutorial_3\cpp\behaviac_generated\types">
      <UniqueIdentifier>{F05A8355-9084-C04D-A61C-59092B443691}</UniqueIdentifier>
    </Filter>
    <Filter Include="tutorials\tutorial_3\cpp\behaviac_generated\types\internal">
      <UniqueIdentifier>{E2EF60AE-A360-ED45-9AF0-D2B114D00E27}</UniqueIdentifier>
    </Filter>
  </ItemGroup>
  <ItemGroup>
    <ClInclude Include="..\..\tutorials\tutorial_3\cpp\behaviac_generated\types\behaviac_types.h">
      <Filter>tutorials\tutorial_3\cpp\behaviac_generated\types</Filter>
    </ClInclude>
    <ClInclude Include="..\..\tutorials\tutorial_3\cpp\behaviac_generated\types\internal\behaviac_agent_headers.h">
      <Filter>tutorials\tutorial_3\cpp\behaviac_generated\types\internal</Filter>
    </ClInclude>
    <ClInclude Include="..\..\tutorials\tutorial_3\cpp\behaviac_generated\types\internal\behaviac_agent_member_visitor.h">
      <Filter>tutorials\tutorial_3\cpp\behaviac_generated\types\internal</Filter>
    </ClInclude>
    <ClInclude Include="..\..\tutorials\tutorial_3\cpp\behaviac_generated\types\internal\behaviac_agent_meta.h">
      <Filter>tutorials\tutorial_3\cpp\behaviac_generated\types\internal</Filter>
    </ClInclude>
    <ClInclude Include="..\..\tutorials\tutorial_3\cpp\behaviac_generated\types\internal\behaviac_headers.h">
      <Filter>tutorials\tutorial_3\cpp\behaviac_generated\types\internal</Filter>
    </ClInclude>
    <ClInclude Include="..\..\tutorials\tutorial_3\cpp\behaviac_generated\types\internal\FirstAgent.h">
      <Filter>tutorials\tutorial_3\cpp\behaviac_generated\types\internal</Filter>
    </ClInclude>
    <ClInclude Include="..\..\tutorials\tutorial_3\cpp\behaviac_generated\types\internal\SecondAgent.h">
      <Filter>tutorials\tutorial_3\cpp\behaviac_generated\types\internal</Filter>
    </ClInclude>
  </ItemGroup>
  <ItemGroup>
    <ClCompile Include="..\..\tutorials\tutorial_3\cpp\tutorial_3.cpp">
      <Filter>tutorials\tutorial_3\cpp</Filter>
    </ClCompile>
    <ClCompile Include="..\..\tutorials\tutorial_3\cpp\behaviac_generated\types\internal\behaviac_agent_meta.cpp">
      <Filter>tutorials\tutorial_3\cpp\behaviac_generated\types\internal</Filter>
    </ClCompile>
    <ClCompile Include="..\..\tutorials\tutorial_3\cpp\behaviac_generated\types\internal\FirstAgent.cpp">
      <Filter>tutorials\tutorial_3\cpp\behaviac_generated\types\internal</Filter>
    </ClCompile>
    <ClCompile Include="..\..\tutorials\tutorial_3\cpp\behaviac_generated\types\internal\SecondAgent.cpp">
      <Filter>tutorials\tutorial_3\cpp\behaviac_generated\types\internal</Filter>
    </ClCompile>
  </ItemGroup>
</Project>
