<?xml version="1.0" encoding="utf-8"?>
<Project ToolsVersion="4.0" xmlns="http://schemas.microsoft.com/developer/msbuild/2003">
  <ItemGroup>
    <Filter Include="tutorials">
      <UniqueIdentifier>{A5D4E5AF-6238-1848-8B48-37C8D6BB3901}</UniqueIdentifier>
    </Filter>
    <Filter Include="tutorials\tutorial_11">
      <UniqueIdentifier>{5E64BBFE-2F0B-1543-ACB3-79191C699117}</UniqueIdentifier>
    </Filter>
    <Filter Include="tutorials\tutorial_11\cpp">
      <UniqueIdentifier>{03E8DD6D-E830-AE4F-84AE-682F3158858E}</UniqueIdentifier>
    </Filter>
    <Filter Include="tutorials\tutorial_11\cpp\behaviac_generated">
      <UniqueIdentifier>{2BD7BFD1-7A71-7E4A-ACAA-BD4A5320E440}</UniqueIdentifier>
    </Filter>
    <Filter Include="tutorials\tutorial_11\cpp\behaviac_generated\behaviors">
      <UniqueIdentifier>{D49148C5-709C-BA40-A5F3-B9F5354BA9B3}</UniqueIdentifier>
    </Filter>
    <Filter Include="tutorials\tutorial_11\cpp\behaviac_generated\types">
      <UniqueIdentifier>{676A8AD5-99A8-1D4B-93DD-1095FC4FDD87}</UniqueIdentifier>
    </Filter>
    <Filter Include="tutorials\tutorial_11\cpp\behaviac_generated\types\internal">
      <UniqueIdentifier>{7C170014-92FF-9248-B771-BC9FB948624D}</UniqueIdentifier>
    </Filter>
  </ItemGroup>
  <ItemGroup>
    <ClInclude Include="..\..\tutorials\tutorial_11\cpp\behaviac_generated\behaviors\behaviac_generated_behaviors.h">
      <Filter>tutorials\tutorial_11\cpp\behaviac_generated\behaviors</Filter>
    </ClInclude>
    <ClInclude Include="..\..\tutorials\tutorial_11\cpp\behaviac_generated\types\behaviac_types.h">
      <Filter>tutorials\tutorial_11\cpp\behaviac_generated\types</Filter>
    </ClInclude>
    <ClInclude Include="..\..\tutorials\tutorial_11\cpp\behaviac_generated\types\internal\behaviac_agent_headers.h">
      <Filter>tutorials\tutorial_11\cpp\behaviac_generated\types\internal</Filter>
    </ClInclude>
    <ClInclude Include="..\..\tutorials\tutorial_11\cpp\behaviac_generated\types\internal\behaviac_agent_member_visitor.h">
      <Filter>tutorials\tutorial_11\cpp\behaviac_generated\types\internal</Filter>
    </ClInclude>
    <ClInclude Include="..\..\tutorials\tutorial_11\cpp\behaviac_generated\types\internal\behaviac_agent_meta.h">
      <Filter>tutorials\tutorial_11\cpp\behaviac_generated\types\internal</Filter>
    </ClInclude>
    <ClInclude Include="..\..\tutorials\tutorial_11\cpp\behaviac_generated\types\internal\behaviac_headers.h">
      <Filter>tutorials\tutorial_11\cpp\behaviac_generated\types\internal</Filter>
    </ClInclude>
    <ClInclude Include="..\..\tutorials\tutorial_11\cpp\behaviac_generated\types\internal\FirstAgent.h">
      <Filter>tutorials\tutorial_11\cpp\behaviac_generated\types\internal</Filter>
    </ClInclude>
  </ItemGroup>
  <ItemGroup>
    <ClCompile Include="..\..\tutorials\tutorial_11\cpp\tutorial_11.cpp">
      <Filter>tutorials\tutorial_11\cpp</Filter>
    </ClCompile>
    <ClCompile Include="..\..\tutorials\tutorial_11\cpp\behaviac_generated\behaviors\behaviac_generated_behaviors.cpp">
      <Filter>tutorials\tutorial_11\cpp\behaviac_generated\behaviors</Filter>
    </ClCompile>
    <ClCompile Include="..\..\tutorials\tutorial_11\cpp\behaviac_generated\types\internal\behaviac_agent_meta.cpp">
      <Filter>tutorials\tutorial_11\cpp\behaviac_generated\types\internal</Filter>
    </ClCompile>
    <ClCompile Include="..\..\tutorials\tutorial_11\cpp\behaviac_generated\types\internal\FirstAgent.cpp">
      <Filter>tutorials\tutorial_11\cpp\behaviac_generated\types\internal</Filter>
    </ClCompile>
  </ItemGroup>
</Project>
