<?xml version="1.0" encoding="utf-8"?>
<Project ToolsVersion="4.0" xmlns="http://schemas.microsoft.com/developer/msbuild/2003">
  <ItemGroup>
    <Filter Include="tutorials">
      <UniqueIdentifier>{E51CA290-17A0-FC40-AA8E-18DAE716C3B2}</UniqueIdentifier>
    </Filter>
    <Filter Include="tutorials\tutorial_4">
      <UniqueIdentifier>{98614188-7BC0-0F42-AAF3-470ACE486EDE}</UniqueIdentifier>
    </Filter>
    <Filter Include="tutorials\tutorial_4\cpp">
      <UniqueIdentifier>{6E7304CC-8115-6F4B-9CF5-C9C4E1E74F89}</UniqueIdentifier>
    </Filter>
    <Filter Include="tutorials\tutorial_4\cpp\behaviac_generated">
      <UniqueIdentifier>{6F0E499D-7069-C948-8409-83B104F6FA21}</UniqueIdentifier>
    </Filter>
    <Filter Include="tutorials\tutorial_4\cpp\behaviac_generated\types">
      <UniqueIdentifier>{DAD1ABC6-2980-EF4D-8E62-D40FD5849610}</UniqueIdentifier>
    </Filter>
    <Filter Include="tutorials\tutorial_4\cpp\behaviac_generated\types\internal">
      <UniqueIdentifier>{9F9F95BB-C612-A34A-84A6-5CD11BEADF41}</UniqueIdentifier>
    </Filter>
  </ItemGroup>
  <ItemGroup>
    <ClInclude Include="..\..\tutorials\tutorial_4\cpp\behaviac_generated\types\behaviac_types.h">
      <Filter>tutorials\tutorial_4\cpp\behaviac_generated\types</Filter>
    </ClInclude>
    <ClInclude Include="..\..\tutorials\tutorial_4\cpp\behaviac_generated\types\internal\behaviac_agent_headers.h">
      <Filter>tutorials\tutorial_4\cpp\behaviac_generated\types\internal</Filter>
    </ClInclude>
    <ClInclude Include="..\..\tutorials\tutorial_4\cpp\behaviac_generated\types\internal\behaviac_agent_member_visitor.h">
      <Filter>tutorials\tutorial_4\cpp\behaviac_generated\types\internal</Filter>
    </ClInclude>
    <ClInclude Include="..\..\tutorials\tutorial_4\cpp\behaviac_generated\types\internal\behaviac_agent_meta.h">
      <Filter>tutorials\tutorial_4\cpp\behaviac_generated\types\internal</Filter>
    </ClInclude>
    <ClInclude Include="..\..\tutorials\tutorial_4\cpp\behaviac_generated\types\internal\behaviac_headers.h">
      <Filter>tutorials\tutorial_4\cpp\behaviac_generated\types\internal</Filter>
    </ClInclude>
    <ClInclude Include="..\..\tutorials\tutorial_4\cpp\behaviac_generated\types\internal\FirstAgent.h">
      <Filter>tutorials\tutorial_4\cpp\behaviac_generated\types\internal</Filter>
    </ClInclude>
  </ItemGroup>
  <ItemGroup>
    <ClCompile Include="..\..\tutorials\tutorial_4\cpp\tutorial_4.cpp">
      <Filter>tutorials\tutorial_4\cpp</Filter>
    </ClCompile>
    <ClCompile Include="..\..\tutorials\tutorial_4\cpp\behaviac_generated\types\internal\behaviac_agent_meta.cpp">
      <Filter>tutorials\tutorial_4\cpp\behaviac_generated\types\internal</Filter>
    </ClCompile>
    <ClCompile Include="..\..\tutorials\tutorial_4\cpp\behaviac_generated\types\internal\FirstAgent.cpp">
      <Filter>tutorials\tutorial_4\cpp\behaviac_generated\types\internal</Filter>
    </ClCompile>
  </ItemGroup>
</Project>
