<?xml version="1.0" encoding="utf-8"?>
<Project ToolsVersion="4.0" xmlns="http://schemas.microsoft.com/developer/msbuild/2003">
  <ItemGroup>
    <Filter Include="tutorials">
      <UniqueIdentifier>{204A303F-2512-D946-9101-FC49815D972D}</UniqueIdentifier>
    </Filter>
    <Filter Include="tutorials\tutorial_7">
      <UniqueIdentifier>{62CBCBDA-B058-3543-804F-4237637A5B24}</UniqueIdentifier>
    </Filter>
    <Filter Include="tutorials\tutorial_7\cpp">
      <UniqueIdentifier>{3D8C1D52-7F13-DE4A-8DDB-102243BD4EF8}</UniqueIdentifier>
    </Filter>
    <Filter Include="tutorials\tutorial_7\cpp\behaviac_generated">
      <UniqueIdentifier>{BE0049AB-AB9E-534B-A267-EF31B64A576D}</UniqueIdentifier>
    </Filter>
    <Filter Include="tutorials\tutorial_7\cpp\behaviac_generated\types">
      <UniqueIdentifier>{CB7067C9-4CB9-F347-94D0-E36B63F860D1}</UniqueIdentifier>
    </Filter>
    <Filter Include="tutorials\tutorial_7\cpp\behaviac_generated\types\internal">
      <UniqueIdentifier>{A41F2787-8596-CA4A-BC99-1B01C3DC385F}</UniqueIdentifier>
    </Filter>
  </ItemGroup>
  <ItemGroup>
    <ClInclude Include="..\..\tutorials\tutorial_7\cpp\behaviac_generated\types\behaviac_types.h">
      <Filter>tutorials\tutorial_7\cpp\behaviac_generated\types</Filter>
    </ClInclude>
    <ClInclude Include="..\..\tutorials\tutorial_7\cpp\behaviac_generated\types\internal\behaviac_agent_headers.h">
      <Filter>tutorials\tutorial_7\cpp\behaviac_generated\types\internal</Filter>
    </ClInclude>
    <ClInclude Include="..\..\tutorials\tutorial_7\cpp\behaviac_generated\types\internal\behaviac_agent_member_visitor.h">
      <Filter>tutorials\tutorial_7\cpp\behaviac_generated\types\internal</Filter>
    </ClInclude>
    <ClInclude Include="..\..\tutorials\tutorial_7\cpp\behaviac_generated\types\internal\behaviac_agent_meta.h">
      <Filter>tutorials\tutorial_7\cpp\behaviac_generated\types\internal</Filter>
    </ClInclude>
    <ClInclude Include="..\..\tutorials\tutorial_7\cpp\behaviac_generated\types\internal\behaviac_headers.h">
      <Filter>tutorials\tutorial_7\cpp\behaviac_generated\types\internal</Filter>
    </ClInclude>
    <ClInclude Include="..\..\tutorials\tutorial_7\cpp\behaviac_generated\types\internal\FirstAgent.h">
      <Filter>tutorials\tutorial_7\cpp\behaviac_generated\types\internal</Filter>
    </ClInclude>
  </ItemGroup>
  <ItemGroup>
    <ClCompile Include="..\..\tutorials\tutorial_7\cpp\tutorial_7.cpp">
      <Filter>tutorials\tutorial_7\cpp</Filter>
    </ClCompile>
    <ClCompile Include="..\..\tutorials\tutorial_7\cpp\behaviac_generated\types\internal\behaviac_agent_meta.cpp">
      <Filter>tutorials\tutorial_7\cpp\behaviac_generated\types\internal</Filter>
    </ClCompile>
    <ClCompile Include="..\..\tutorials\tutorial_7\cpp\behaviac_generated\types\internal\FirstAgent.cpp">
      <Filter>tutorials\tutorial_7\cpp\behaviac_generated\types\internal</Filter>
    </ClCompile>
  </ItemGroup>
</Project>
