<?xml version="1.0" encoding="utf-8"?>
<Project ToolsVersion="4.0" xmlns="http://schemas.microsoft.com/developer/msbuild/2003">
  <ItemGroup>
    <Filter Include="tutorials">
      <UniqueIdentifier>{AE56A91B-4F3A-3940-AEC4-66C9A9004C1F}</UniqueIdentifier>
    </Filter>
    <Filter Include="tutorials\tutorial_3">
      <UniqueIdentifier>{44659B43-FCFA-384E-AC5C-E37B7D7612A2}</UniqueIdentifier>
    </Filter>
    <Filter Include="tutorials\tutorial_3\cpp">
      <UniqueIdentifier>{A022CC44-AB9A-D042-90E4-77089C002568}</UniqueIdentifier>
    </Filter>
    <Filter Include="tutorials\tutorial_3\cpp\behaviac_generated">
      <UniqueIdentifier>{42FC78F0-92E3-8641-B2FE-3284D7F163FD}</UniqueIdentifier>
    </Filter>
    <Filter Include="tutorials\tutorial_3\cpp\behaviac_generated\types">
      <UniqueIdentifier>{5F9922E5-428C-2F48-8C35-EA8145016CA8}</UniqueIdentifier>
    </Filter>
    <Filter Include="tutorials\tutorial_3\cpp\behaviac_generated\types\internal">
      <UniqueIdentifier>{3440748A-9DED-CC4C-972B-570577846CE8}</UniqueIdentifier>
    </Filter>
  </ItemGroup>
  <ItemGroup>
    <ClInclude Include="..\..\tutorials\tutorial_3\cpp\behaviac_generated\types\behaviac_types.h">
      <Filter>tutorials\tutorial_3\cpp\behaviac_generated\types</Filter>
    </ClInclude>
    <ClInclude Include="..\..\tutorials\tutorial_3\cpp\behaviac_generated\types\internal\behaviac_agent_headers.h">
      <Filter>tutorials\tutorial_3\cpp\behaviac_generated\types\internal</Filter>
    </ClInclude>
    <ClInclude Include="..\..\tutorials\tutorial_3\cpp\behaviac_generated\types\internal\behaviac_agent_member_visitor.h">
      <Filter>tutorials\tutorial_3\cpp\behaviac_generated\types\internal</Filter>
    </ClInclude>
    <ClInclude Include="..\..\tutorials\tutorial_3\cpp\behaviac_generated\types\internal\behaviac_agent_meta.h">
      <Filter>tutorials\tutorial_3\cpp\behaviac_generated\types\internal</Filter>
    </ClInclude>
    <ClInclude Include="..\..\tutorials\tutorial_3\cpp\behaviac_generated\types\internal\behaviac_headers.h">
      <Filter>tutorials\tutorial_3\cpp\behaviac_generated\types\internal</Filter>
    </ClInclude>
    <ClInclude Include="..\..\tutorials\tutorial_3\cpp\behaviac_generated\types\internal\FirstAgent.h">
      <Filter>tutorials\tutorial_3\cpp\behaviac_generated\types\internal</Filter>
    </ClInclude>
    <ClInclude Include="..\..\tutorials\tutorial_3\cpp\behaviac_generated\types\internal\SecondAgent.h">
      <Filter>tutorials\tutorial_3\cpp\behaviac_generated\types\internal</Filter>
    </ClInclude>
  </ItemGroup>
  <ItemGroup>
    <ClCompile Include="..\..\tutorials\tutorial_3\cpp\tutorial_3.cpp">
      <Filter>tutorials\tutorial_3\cpp</Filter>
    </ClCompile>
    <ClCompile Include="..\..\tutorials\tutorial_3\cpp\behaviac_generated\types\internal\behaviac_agent_meta.cpp">
      <Filter>tutorials\tutorial_3\cpp\behaviac_generated\types\internal</Filter>
    </ClCompile>
    <ClCompile Include="..\..\tutorials\tutorial_3\cpp\behaviac_generated\types\internal\FirstAgent.cpp">
      <Filter>tutorials\tutorial_3\cpp\behaviac_generated\types\internal</Filter>
    </ClCompile>
    <ClCompile Include="..\..\tutorials\tutorial_3\cpp\behaviac_generated\types\internal\SecondAgent.cpp">
      <Filter>tutorials\tutorial_3\cpp\behaviac_generated\types\internal</Filter>
    </ClCompile>
  </ItemGroup>
</Project>
