<?xml version="1.0" encoding="utf-8"?>
<Project ToolsVersion="4.0" xmlns="http://schemas.microsoft.com/developer/msbuild/2003">
  <ItemGroup>
    <Filter Include="tutorials">
      <UniqueIdentifier>{E31561C2-E8F9-C94D-B96D-B0C380216C85}</UniqueIdentifier>
    </Filter>
    <Filter Include="tutorials\tutorial_2">
      <UniqueIdentifier>{D8A60795-F686-944E-887F-835E465A5181}</UniqueIdentifier>
    </Filter>
    <Filter Include="tutorials\tutorial_2\cpp">
      <UniqueIdentifier>{383F6D47-96A1-F849-8D77-D9DE3AE2B3D4}</UniqueIdentifier>
    </Filter>
    <Filter Include="tutorials\tutorial_2\cpp\behaviac_generated">
      <UniqueIdentifier>{E63603BD-520C-8741-BE75-5B0575556E73}</UniqueIdentifier>
    </Filter>
    <Filter Include="tutorials\tutorial_2\cpp\behaviac_generated\behaviors">
      <UniqueIdentifier>{B2B0BF3E-B8A8-3D48-8AE8-EAE3DCAA940F}</UniqueIdentifier>
    </Filter>
    <Filter Include="tutorials\tutorial_2\cpp\behaviac_generated\types">
      <UniqueIdentifier>{CDE4C225-FE36-CF49-A275-A708EDAAB8AC}</UniqueIdentifier>
    </Filter>
    <Filter Include="tutorials\tutorial_2\cpp\behaviac_generated\types\internal">
      <UniqueIdentifier>{4F76EBF1-FFDE-8845-8796-CB3E4CB89155}</UniqueIdentifier>
    </Filter>
  </ItemGroup>
  <ItemGroup>
    <ClInclude Include="..\..\tutorials\tutorial_2\cpp\behaviac_generated\behaviors\behaviac_generated_behaviors.h">
      <Filter>tutorials\tutorial_2\cpp\behaviac_generated\behaviors</Filter>
    </ClInclude>
    <ClInclude Include="..\..\tutorials\tutorial_2\cpp\behaviac_generated\types\behaviac_types.h">
      <Filter>tutorials\tutorial_2\cpp\behaviac_generated\types</Filter>
    </ClInclude>
    <ClInclude Include="..\..\tutorials\tutorial_2\cpp\behaviac_generated\types\internal\behaviac_agent_headers.h">
      <Filter>tutorials\tutorial_2\cpp\behaviac_generated\types\internal</Filter>
    </ClInclude>
    <ClInclude Include="..\..\tutorials\tutorial_2\cpp\behaviac_generated\types\internal\behaviac_agent_member_visitor.h">
      <Filter>tutorials\tutorial_2\cpp\behaviac_generated\types\internal</Filter>
    </ClInclude>
    <ClInclude Include="..\..\tutorials\tutorial_2\cpp\behaviac_generated\types\internal\behaviac_agent_meta.h">
      <Filter>tutorials\tutorial_2\cpp\behaviac_generated\types\internal</Filter>
    </ClInclude>
    <ClInclude Include="..\..\tutorials\tutorial_2\cpp\behaviac_generated\types\internal\behaviac_headers.h">
      <Filter>tutorials\tutorial_2\cpp\behaviac_generated\types\internal</Filter>
    </ClInclude>
    <ClInclude Include="..\..\tutorials\tutorial_2\cpp\behaviac_generated\types\internal\FirstAgent.h">
      <Filter>tutorials\tutorial_2\cpp\behaviac_generated\types\internal</Filter>
    </ClInclude>
  </ItemGroup>
  <ItemGroup>
    <ClCompile Include="..\..\tutorials\tutorial_2\cpp\tutorial_2.cpp">
      <Filter>tutorials\tutorial_2\cpp</Filter>
    </ClCompile>
    <ClCompile Include="..\..\tutorials\tutorial_2\cpp\behaviac_generated\behaviors\behaviac_generated_behaviors.cpp">
      <Filter>tutorials\tutorial_2\cpp\behaviac_generated\behaviors</Filter>
    </ClCompile>
    <ClCompile Include="..\..\tutorials\tutorial_2\cpp\behaviac_generated\types\internal\behaviac_agent_meta.cpp">
      <Filter>tutorials\tutorial_2\cpp\behaviac_generated\types\internal</Filter>
    </ClCompile>
    <ClCompile Include="..\..\tutorials\tutorial_2\cpp\behaviac_generated\types\internal\FirstAgent.cpp">
      <Filter>tutorials\tutorial_2\cpp\behaviac_generated\types\internal</Filter>
    </ClCompile>
  </ItemGroup>
</Project>
