<?xml version="1.0" encoding="utf-8"?>
<Project ToolsVersion="4.0" xmlns="http://schemas.microsoft.com/developer/msbuild/2003">
  <ItemGroup>
    <Filter Include="tutorials">
      <UniqueIdentifier>{C1FC048F-92F2-BF44-81F1-6D3CE2C0B5DD}</UniqueIdentifier>
    </Filter>
    <Filter Include="tutorials\tutorial_1">
      <UniqueIdentifier>{B320AC80-4A6F-254D-91D3-DD02379CED41}</UniqueIdentifier>
    </Filter>
    <Filter Include="tutorials\tutorial_1\cpp">
      <UniqueIdentifier>{AED42B60-86E5-6B42-B8BA-247745B71233}</UniqueIdentifier>
    </Filter>
    <Filter Include="tutorials\tutorial_1\cpp\behaviac_generated">
      <UniqueIdentifier>{34C1A93E-C13A-5B4C-9825-6152FDDD4963}</UniqueIdentifier>
    </Filter>
    <Filter Include="tutorials\tutorial_1\cpp\behaviac_generated\types">
      <UniqueIdentifier>{FBA97219-CA32-EF4E-AAE3-0F7808700DE6}</UniqueIdentifier>
    </Filter>
    <Filter Include="tutorials\tutorial_1\cpp\behaviac_generated\types\internal">
      <UniqueIdentifier>{01607832-6E71-5142-B285-6FD222D46588}</UniqueIdentifier>
    </Filter>
  </ItemGroup>
  <ItemGroup>
    <ClInclude Include="..\..\tutorials\tutorial_1\cpp\behaviac_generated\types\behaviac_types.h">
      <Filter>tutorials\tutorial_1\cpp\behaviac_generated\types</Filter>
    </ClInclude>
    <ClInclude Include="..\..\tutorials\tutorial_1\cpp\behaviac_generated\types\internal\behaviac_agent_headers.h">
      <Filter>tutorials\tutorial_1\cpp\behaviac_generated\types\internal</Filter>
    </ClInclude>
    <ClInclude Include="..\..\tutorials\tutorial_1\cpp\behaviac_generated\types\internal\behaviac_agent_member_visitor.h">
      <Filter>tutorials\tutorial_1\cpp\behaviac_generated\types\internal</Filter>
    </ClInclude>
    <ClInclude Include="..\..\tutorials\tutorial_1\cpp\behaviac_generated\types\internal\behaviac_agent_meta.h">
      <Filter>tutorials\tutorial_1\cpp\behaviac_generated\types\internal</Filter>
    </ClInclude>
    <ClInclude Include="..\..\tutorials\tutorial_1\cpp\behaviac_generated\types\internal\behaviac_headers.h">
      <Filter>tutorials\tutorial_1\cpp\behaviac_generated\types\internal</Filter>
    </ClInclude>
    <ClInclude Include="..\..\tutorials\tutorial_1\cpp\behaviac_generated\types\internal\FirstAgent.h">
      <Filter>tutorials\tutorial_1\cpp\behaviac_generated\types\internal</Filter>
    </ClInclude>
  </ItemGroup>
  <ItemGroup>
    <ClCompile Include="..\..\tutorials\tutorial_1\cpp\tutorial_1.cpp">
      <Filter>tutorials\tutorial_1\cpp</Filter>
    </ClCompile>
    <ClCompile Include="..\..\tutorials\tutorial_1\cpp\behaviac_generated\types\internal\behaviac_agent_meta.cpp">
      <Filter>tutorials\tutorial_1\cpp\behaviac_generated\types\internal</Filter>
    </ClCompile>
    <ClCompile Include="..\..\tutorials\tutorial_1\cpp\behaviac_generated\types\internal\FirstAgent.cpp">
      <Filter>tutorials\tutorial_1\cpp\behaviac_generated\types\internal</Filter>
    </ClCompile>
  </ItemGroup>
</Project>
