<?xml version="1.0" encoding="utf-8"?>
<Project ToolsVersion="4.0" xmlns="http://schemas.microsoft.com/developer/msbuild/2003">
  <ItemGroup>
    <Filter Include="tutorials">
      <UniqueIdentifier>{B7FCF798-446B-3740-82D6-E265538F3F3C}</UniqueIdentifier>
    </Filter>
    <Filter Include="tutorials\tutorial_1">
      <UniqueIdentifier>{4B79ABE7-B2C8-994F-B9A1-A8A413C8264D}</UniqueIdentifier>
    </Filter>
    <Filter Include="tutorials\tutorial_1\cpp">
      <UniqueIdentifier>{374B1C7F-46FE-F14E-AB06-A4962B6FABF9}</UniqueIdentifier>
    </Filter>
    <Filter Include="tutorials\tutorial_1\cpp\behaviac_generated">
      <UniqueIdentifier>{5693033A-524B-4A46-AC3E-5CEAEB992519}</UniqueIdentifier>
    </Filter>
    <Filter Include="tutorials\tutorial_1\cpp\behaviac_generated\types">
      <UniqueIdentifier>{5936772B-B6EE-3C4C-8E44-7D5EBD3E7BE6}</UniqueIdentifier>
    </Filter>
    <Filter Include="tutorials\tutorial_1\cpp\behaviac_generated\types\internal">
      <UniqueIdentifier>{F75DFB5B-0015-F04F-97C8-C316A07F9529}</UniqueIdentifier>
    </Filter>
  </ItemGroup>
  <ItemGroup>
    <ClInclude Include="..\..\tutorials\tutorial_1\cpp\behaviac_generated\types\behaviac_types.h">
      <Filter>tutorials\tutorial_1\cpp\behaviac_generated\types</Filter>
    </ClInclude>
    <ClInclude Include="..\..\tutorials\tutorial_1\cpp\behaviac_generated\types\internal\behaviac_agent_headers.h">
      <Filter>tutorials\tutorial_1\cpp\behaviac_generated\types\internal</Filter>
    </ClInclude>
    <ClInclude Include="..\..\tutorials\tutorial_1\cpp\behaviac_generated\types\internal\behaviac_agent_member_visitor.h">
      <Filter>tutorials\tutorial_1\cpp\behaviac_generated\types\internal</Filter>
    </ClInclude>
    <ClInclude Include="..\..\tutorials\tutorial_1\cpp\behaviac_generated\types\internal\behaviac_agent_meta.h">
      <Filter>tutorials\tutorial_1\cpp\behaviac_generated\types\internal</Filter>
    </ClInclude>
    <ClInclude Include="..\..\tutorials\tutorial_1\cpp\behaviac_generated\types\internal\behaviac_headers.h">
      <Filter>tutorials\tutorial_1\cpp\behaviac_generated\types\internal</Filter>
    </ClInclude>
    <ClInclude Include="..\..\tutorials\tutorial_1\cpp\behaviac_generated\types\internal\FirstAgent.h">
      <Filter>tutorials\tutorial_1\cpp\behaviac_generated\types\internal</Filter>
    </ClInclude>
  </ItemGroup>
  <ItemGroup>
    <ClCompile Include="..\..\tutorials\tutorial_1\cpp\tutorial_1.cpp">
      <Filter>tutorials\tutorial_1\cpp</Filter>
    </ClCompile>
    <ClCompile Include="..\..\tutorials\tutorial_1\cpp\behaviac_generated\types\internal\behaviac_agent_meta.cpp">
      <Filter>tutorials\tutorial_1\cpp\behaviac_generated\types\internal</Filter>
    </ClCompile>
    <ClCompile Include="..\..\tutorials\tutorial_1\cpp\behaviac_generated\types\internal\FirstAgent.cpp">
      <Filter>tutorials\tutorial_1\cpp\behaviac_generated\types\internal</Filter>
    </ClCompile>
  </ItemGroup>
</Project>
