<?xml version="1.0" encoding="utf-8"?>
<Project ToolsVersion="4.0" xmlns="http://schemas.microsoft.com/developer/msbuild/2003">
  <ItemGroup>
    <Filter Include="tutorials">
      <UniqueIdentifier>{FEBAFBEB-F198-8A45-AE77-66A6FF0BF2FB}</UniqueIdentifier>
    </Filter>
    <Filter Include="tutorials\tutorial_11">
      <UniqueIdentifier>{C82A66DB-F984-F344-BEC2-BC087C41CB61}</UniqueIdentifier>
    </Filter>
    <Filter Include="tutorials\tutorial_11\cpp">
      <UniqueIdentifier>{194967ED-4F83-9048-810D-ACE5D045A79D}</UniqueIdentifier>
    </Filter>
    <Filter Include="tutorials\tutorial_11\cpp\behaviac_generated">
      <UniqueIdentifier>{7ACDA973-EEE7-824F-B96B-2546AC279EB2}</UniqueIdentifier>
    </Filter>
    <Filter Include="tutorials\tutorial_11\cpp\behaviac_generated\behaviors">
      <UniqueIdentifier>{C08F16CA-13C1-6847-9E20-85AAF6FE9DB8}</UniqueIdentifier>
    </Filter>
    <Filter Include="tutorials\tutorial_11\cpp\behaviac_generated\types">
      <UniqueIdentifier>{38D7FA85-792F-1A4B-94D9-9230477974C9}</UniqueIdentifier>
    </Filter>
    <Filter Include="tutorials\tutorial_11\cpp\behaviac_generated\types\internal">
      <UniqueIdentifier>{D0E3C3DE-54DF-A642-92E3-A61CC25AF144}</UniqueIdentifier>
    </Filter>
  </ItemGroup>
  <ItemGroup>
    <ClInclude Include="..\..\tutorials\tutorial_11\cpp\behaviac_generated\behaviors\behaviac_generated_behaviors.h">
      <Filter>tutorials\tutorial_11\cpp\behaviac_generated\behaviors</Filter>
    </ClInclude>
    <ClInclude Include="..\..\tutorials\tutorial_11\cpp\behaviac_generated\types\behaviac_types.h">
      <Filter>tutorials\tutorial_11\cpp\behaviac_generated\types</Filter>
    </ClInclude>
    <ClInclude Include="..\..\tutorials\tutorial_11\cpp\behaviac_generated\types\internal\behaviac_agent_headers.h">
      <Filter>tutorials\tutorial_11\cpp\behaviac_generated\types\internal</Filter>
    </ClInclude>
    <ClInclude Include="..\..\tutorials\tutorial_11\cpp\behaviac_generated\types\internal\behaviac_agent_member_visitor.h">
      <Filter>tutorials\tutorial_11\cpp\behaviac_generated\types\internal</Filter>
    </ClInclude>
    <ClInclude Include="..\..\tutorials\tutorial_11\cpp\behaviac_generated\types\internal\behaviac_agent_meta.h">
      <Filter>tutorials\tutorial_11\cpp\behaviac_generated\types\internal</Filter>
    </ClInclude>
    <ClInclude Include="..\..\tutorials\tutorial_11\cpp\behaviac_generated\types\internal\behaviac_headers.h">
      <Filter>tutorials\tutorial_11\cpp\behaviac_generated\types\internal</Filter>
    </ClInclude>
    <ClInclude Include="..\..\tutorials\tutorial_11\cpp\behaviac_generated\types\internal\FirstAgent.h">
      <Filter>tutorials\tutorial_11\cpp\behaviac_generated\types\internal</Filter>
    </ClInclude>
  </ItemGroup>
  <ItemGroup>
    <ClCompile Include="..\..\tutorials\tutorial_11\cpp\tutorial_11.cpp">
      <Filter>tutorials\tutorial_11\cpp</Filter>
    </ClCompile>
    <ClCompile Include="..\..\tutorials\tutorial_11\cpp\behaviac_generated\behaviors\behaviac_generated_behaviors.cpp">
      <Filter>tutorials\tutorial_11\cpp\behaviac_generated\behaviors</Filter>
    </ClCompile>
    <ClCompile Include="..\..\tutorials\tutorial_11\cpp\behaviac_generated\types\internal\behaviac_agent_meta.cpp">
      <Filter>tutorials\tutorial_11\cpp\behaviac_generated\types\internal</Filter>
    </ClCompile>
    <ClCompile Include="..\..\tutorials\tutorial_11\cpp\behaviac_generated\types\internal\FirstAgent.cpp">
      <Filter>tutorials\tutorial_11\cpp\behaviac_generated\types\internal</Filter>
    </ClCompile>
  </ItemGroup>
</Project>
